
Microsoft Visual Studio Solution File, Format Version 12.00
# Visual Studio Version 17
VisualStudioVersion = 17.0.31903.59
MinimumVisualStudioVersion = 10.0.40219.1
Project("{2150E333-8FDC-42A3-9474-1A3956D46DE8}") = "src", "src", "{EECA0E4B-1096-49E6-B876-EBE9FFEE97C6}"
EndProject
Project("{FAE04EC0-301F-11D3-BF4B-00C04F79EFBC}") = "Omnius.Lxna.Components", "src\Omnius.Lxna.Components\Omnius.Lxna.Components.csproj", "{9044B500-7D37-443E-80D3-CF5572CC990B}"
EndProject
Project("{FAE04EC0-301F-11D3-BF4B-00C04F79EFBC}") = "Omnius.Lxna.Ui.Desktop", "src\Omnius.Lxna.Ui.Desktop\Omnius.Lxna.Ui.Desktop.csproj", "{B72AE09A-AAE5-4FE9-A372-F0697DD9FBE5}"
EndProject
Project("{2150E333-8FDC-42A3-9474-1A3956D46DE8}") = "test", "test", "{42355DC0-9610-452E-B0EC-DA97328105E2}"
EndProject
Project("{FAE04EC0-301F-11D3-BF4B-00C04F79EFBC}") = "Omnius.Lxna.Components.Tests", "test\Omnius.Lxna.Components.Tests\Omnius.Lxna.Components.Tests.csproj", "{2EBB94FD-B115-466C-877E-E68B563BA75F}"
EndProject
Project("{2150E333-8FDC-42A3-9474-1A3956D46DE8}") = "refs", "refs", "{3FD238A0-6A79-43A3-99B1-10A6F1F8E016}"
EndProject
Project("{2150E333-8FDC-42A3-9474-1A3956D46DE8}") = "core", "core", "{32DA7870-0BBE-4753-B74B-CFABB6425D6C}"
EndProject
Project("{2150E333-8FDC-42A3-9474-1A3956D46DE8}") = "src", "src", "{66E3CFEF-2771-44FC-8309-6BE11DD350B5}"
EndProject
Project("{FAE04EC0-301F-11D3-BF4B-00C04F79EFBC}") = "Omnius.Core.Avalonia", "refs\core\src\Omnius.Core.Avalonia\Omnius.Core.Avalonia.csproj", "{D9D45FEE-8D51-42F9-B377-75C97D95CE60}"
EndProject
Project("{FAE04EC0-301F-11D3-BF4B-00C04F79EFBC}") = "Omnius.Core.Collections", "refs\core\src\Omnius.Core.Collections\Omnius.Core.Collections.csproj", "{3D226E05-EEAB-4E8E-8C79-3CFDF39B4879}"
EndProject
Project("{FAE04EC0-301F-11D3-BF4B-00C04F79EFBC}") = "Omnius.Core.Cryptography", "refs\core\src\Omnius.Core.Cryptography\Omnius.Core.Cryptography.csproj", "{E8B6C2BD-D6AB-4605-B080-13F35CA650EC}"
EndProject
Project("{FAE04EC0-301F-11D3-BF4B-00C04F79EFBC}") = "Omnius.Core.Net.Caps", "refs\core\src\Omnius.Core.Net.Caps\Omnius.Core.Net.Caps.csproj", "{BBB43315-88D1-4BA6-8EEB-56CF3C5F6F95}"
EndProject
Project("{FAE04EC0-301F-11D3-BF4B-00C04F79EFBC}") = "Omnius.Core.Net.Connections", "refs\core\src\Omnius.Core.Net.Connections\Omnius.Core.Net.Connections.csproj", "{BE8FD328-40EA-40A4-B2A5-F5C830F6EEB8}"
EndProject
Project("{FAE04EC0-301F-11D3-BF4B-00C04F79EFBC}") = "Omnius.Core.Net.I2p", "refs\core\src\Omnius.Core.Net.I2p\Omnius.Core.Net.I2p.csproj", "{6BE19324-DB2E-427D-8A51-4129354BF06D}"
EndProject
Project("{FAE04EC0-301F-11D3-BF4B-00C04F79EFBC}") = "Omnius.Core.Net.Proxies", "refs\core\src\Omnius.Core.Net.Proxies\Omnius.Core.Net.Proxies.csproj", "{79A10BAA-0D28-4454-B102-E6CC3A1A318D}"
EndProject
Project("{FAE04EC0-301F-11D3-BF4B-00C04F79EFBC}") = "Omnius.Core.Net.Upnp", "refs\core\src\Omnius.Core.Net.Upnp\Omnius.Core.Net.Upnp.csproj", "{259F4805-21DA-4604-B9BA-B866CAA2D73F}"
EndProject
Project("{FAE04EC0-301F-11D3-BF4B-00C04F79EFBC}") = "Omnius.Core.Net", "refs\core\src\Omnius.Core.Net\Omnius.Core.Net.csproj", "{C709D577-AC69-459B-AC0D-162635991FF6}"
EndProject
Project("{FAE04EC0-301F-11D3-BF4B-00C04F79EFBC}") = "Omnius.Core.Pipelines", "refs\core\src\Omnius.Core.Pipelines\Omnius.Core.Pipelines.csproj", "{ADE1B0B9-34B1-4258-AE9C-26CF34A7BEDE}"
EndProject
Project("{FAE04EC0-301F-11D3-BF4B-00C04F79EFBC}") = "Omnius.Core.RocketPack.DefinitionCompiler", "refs\core\src\Omnius.Core.RocketPack.DefinitionCompiler\Omnius.Core.RocketPack.DefinitionCompiler.csproj", "{9E666FB1-B749-4371-BDE6-44DA7C578F70}"
EndProject
Project("{FAE04EC0-301F-11D3-BF4B-00C04F79EFBC}") = "Omnius.Core.RocketPack.Remoting", "refs\core\src\Omnius.Core.RocketPack.Remoting\Omnius.Core.RocketPack.Remoting.csproj", "{EDD34C9D-D1CF-44AC-9C53-83A7E8FBBEA3}"
EndProject
Project("{FAE04EC0-301F-11D3-BF4B-00C04F79EFBC}") = "Omnius.Core.RocketPack", "refs\core\src\Omnius.Core.RocketPack\Omnius.Core.RocketPack.csproj", "{7D3B4C26-E9AD-4BB0-AED8-64BC032209D8}"
EndProject
Project("{FAE04EC0-301F-11D3-BF4B-00C04F79EFBC}") = "Omnius.Core.Serialization", "refs\core\src\Omnius.Core.Serialization\Omnius.Core.Serialization.csproj", "{C2C579A1-56B9-4E26-8196-06ADD1B7C4D1}"
EndProject
Project("{FAE04EC0-301F-11D3-BF4B-00C04F79EFBC}") = "Omnius.Core.Storages", "refs\core\src\Omnius.Core.Storages\Omnius.Core.Storages.csproj", "{6DFFDA5F-843B-419B-B5F7-8395F3822606}"
EndProject
Project("{FAE04EC0-301F-11D3-BF4B-00C04F79EFBC}") = "Omnius.Core.Streams", "refs\core\src\Omnius.Core.Streams\Omnius.Core.Streams.csproj", "{B1609B98-B76E-47B7-8EC1-1BB21A29A1CC}"
EndProject
Project("{FAE04EC0-301F-11D3-BF4B-00C04F79EFBC}") = "Omnius.Core.Tasks", "refs\core\src\Omnius.Core.Tasks\Omnius.Core.Tasks.csproj", "{0BCDC336-30CF-4E15-B58D-F9A584FA769A}"
EndProject
Project("{FAE04EC0-301F-11D3-BF4B-00C04F79EFBC}") = "Omnius.Core.UnitTestToolkit", "refs\core\src\Omnius.Core.UnitTestToolkit\Omnius.Core.UnitTestToolkit.csproj", "{3E6ABB61-F721-4759-A89E-EE12A5AF632C}"
EndProject
Project("{FAE04EC0-301F-11D3-BF4B-00C04F79EFBC}") = "Omnius.Core.Utils", "refs\core\src\Omnius.Core.Utils\Omnius.Core.Utils.csproj", "{46313707-A9C0-4ECE-99BE-CFCE7DCA2D9F}"
EndProject
Project("{FAE04EC0-301F-11D3-BF4B-00C04F79EFBC}") = "Omnius.Core", "refs\core\src\Omnius.Core\Omnius.Core.csproj", "{AFFE37CD-979C-4EFA-A6EF-19155F1A83B6}"
EndProject
Project("{2150E333-8FDC-42A3-9474-1A3956D46DE8}") = "test", "test", "{BDA918E8-8F2B-4CCB-AAF3-611B1AD04BCE}"
EndProject
Project("{FAE04EC0-301F-11D3-BF4B-00C04F79EFBC}") = "Omnius.Core.Cryptography.Tests", "refs\core\test\Omnius.Core.Cryptography.Tests\Omnius.Core.Cryptography.Tests.csproj", "{104F045E-CD00-430D-8436-BCB8B9C28C4C}"
EndProject
Project("{FAE04EC0-301F-11D3-BF4B-00C04F79EFBC}") = "Omnius.Core.Net.Connections.Tests", "refs\core\test\Omnius.Core.Net.Connections.Tests\Omnius.Core.Net.Connections.Tests.csproj", "{F4B3497B-C834-434C-B1EF-837505F7C053}"
EndProject
Project("{FAE04EC0-301F-11D3-BF4B-00C04F79EFBC}") = "Omnius.Core.Net.I2p.Tests", "refs\core\test\Omnius.Core.Net.I2p.Tests\Omnius.Core.Net.I2p.Tests.csproj", "{F7B183BD-7B2D-445D-A6BB-E13946EBECC9}"
EndProject
Project("{FAE04EC0-301F-11D3-BF4B-00C04F79EFBC}") = "Omnius.Core.Net.Tests", "refs\core\test\Omnius.Core.Net.Tests\Omnius.Core.Net.Tests.csproj", "{E085EB06-47BA-43B5-AAE6-C4AA21C2C232}"
EndProject
Project("{FAE04EC0-301F-11D3-BF4B-00C04F79EFBC}") = "Omnius.Core.Net.Upnp.Tests", "refs\core\test\Omnius.Core.Net.Upnp.Tests\Omnius.Core.Net.Upnp.Tests.csproj", "{86E973EC-61CA-4ED1-8DC5-D13EB7E5098C}"
EndProject
Project("{FAE04EC0-301F-11D3-BF4B-00C04F79EFBC}") = "Omnius.Core.Pipelines.Tests", "refs\core\test\Omnius.Core.Pipelines.Tests\Omnius.Core.Pipelines.Tests.csproj", "{7EB010E1-B39D-4198-9461-4D9483D316CD}"
EndProject
Project("{FAE04EC0-301F-11D3-BF4B-00C04F79EFBC}") = "Omnius.Core.RocketPack.DefinitionCompiler.Tests", "refs\core\test\Omnius.Core.RocketPack.DefinitionCompiler.Tests\Omnius.Core.RocketPack.DefinitionCompiler.Tests.csproj", "{EFB06454-8ED8-424A-8803-C82C573C8B5B}"
EndProject
Project("{FAE04EC0-301F-11D3-BF4B-00C04F79EFBC}") = "Omnius.Core.RocketPack.Remoting.Tests", "refs\core\test\Omnius.Core.RocketPack.Remoting.Tests\Omnius.Core.RocketPack.Remoting.Tests.csproj", "{50AB483F-2932-47FF-B96C-E639104305B3}"
EndProject
Project("{FAE04EC0-301F-11D3-BF4B-00C04F79EFBC}") = "Omnius.Core.RocketPack.Tests", "refs\core\test\Omnius.Core.RocketPack.Tests\Omnius.Core.RocketPack.Tests.csproj", "{E1D706FA-A813-4166-A1DC-CC19CDDE63B3}"
EndProject
Project("{FAE04EC0-301F-11D3-BF4B-00C04F79EFBC}") = "Omnius.Core.Serialization.Tests", "refs\core\test\Omnius.Core.Serialization.Tests\Omnius.Core.Serialization.Tests.csproj", "{797A49E1-AF65-4C54-AC0B-98676629B0CD}"
EndProject
Project("{FAE04EC0-301F-11D3-BF4B-00C04F79EFBC}") = "Omnius.Core.Storages.Tests", "refs\core\test\Omnius.Core.Storages.Tests\Omnius.Core.Storages.Tests.csproj", "{27C700CD-474D-46EE-90A3-A7684FA36088}"
EndProject
Project("{FAE04EC0-301F-11D3-BF4B-00C04F79EFBC}") = "Omnius.Core.Streams.Tests", "refs\core\test\Omnius.Core.Streams.Tests\Omnius.Core.Streams.Tests.csproj", "{2EC08CA8-0187-4C3E-BBD3-44939F314975}"
EndProject
Project("{FAE04EC0-301F-11D3-BF4B-00C04F79EFBC}") = "Omnius.Core.Tests", "refs\core\test\Omnius.Core.Tests\Omnius.Core.Tests.csproj", "{32874736-5544-410E-867E-0B91C8058E67}"
EndProject
Global
	GlobalSection(SolutionConfigurationPlatforms) = preSolution
		Debug|Any CPU = Debug|Any CPU
		Release|Any CPU = Release|Any CPU
	EndGlobalSection
	GlobalSection(SolutionProperties) = preSolution
		HideSolutionNode = FALSE
	EndGlobalSection
	GlobalSection(ProjectConfigurationPlatforms) = postSolution
		{9044B500-7D37-443E-80D3-CF5572CC990B}.Debug|Any CPU.ActiveCfg = Debug|Any CPU
		{9044B500-7D37-443E-80D3-CF5572CC990B}.Debug|Any CPU.Build.0 = Debug|Any CPU
		{9044B500-7D37-443E-80D3-CF5572CC990B}.Release|Any CPU.ActiveCfg = Release|Any CPU
		{9044B500-7D37-443E-80D3-CF5572CC990B}.Release|Any CPU.Build.0 = Release|Any CPU
		{B72AE09A-AAE5-4FE9-A372-F0697DD9FBE5}.Debug|Any CPU.ActiveCfg = Debug|Any CPU
		{B72AE09A-AAE5-4FE9-A372-F0697DD9FBE5}.Debug|Any CPU.Build.0 = Debug|Any CPU
		{B72AE09A-AAE5-4FE9-A372-F0697DD9FBE5}.Release|Any CPU.ActiveCfg = Release|Any CPU
		{B72AE09A-AAE5-4FE9-A372-F0697DD9FBE5}.Release|Any CPU.Build.0 = Release|Any CPU
		{2EBB94FD-B115-466C-877E-E68B563BA75F}.Debug|Any CPU.ActiveCfg = Debug|Any CPU
		{2EBB94FD-B115-466C-877E-E68B563BA75F}.Debug|Any CPU.Build.0 = Debug|Any CPU
		{2EBB94FD-B115-466C-877E-E68B563BA75F}.Release|Any CPU.ActiveCfg = Release|Any CPU
		{2EBB94FD-B115-466C-877E-E68B563BA75F}.Release|Any CPU.Build.0 = Release|Any CPU
		{D9D45FEE-8D51-42F9-B377-75C97D95CE60}.Debug|Any CPU.ActiveCfg = Debug|Any CPU
		{D9D45FEE-8D51-42F9-B377-75C97D95CE60}.Debug|Any CPU.Build.0 = Debug|Any CPU
		{D9D45FEE-8D51-42F9-B377-75C97D95CE60}.Release|Any CPU.ActiveCfg = Release|Any CPU
		{D9D45FEE-8D51-42F9-B377-75C97D95CE60}.Release|Any CPU.Build.0 = Release|Any CPU
		{3D226E05-EEAB-4E8E-8C79-3CFDF39B4879}.Debug|Any CPU.ActiveCfg = Debug|Any CPU
		{3D226E05-EEAB-4E8E-8C79-3CFDF39B4879}.Debug|Any CPU.Build.0 = Debug|Any CPU
		{3D226E05-EEAB-4E8E-8C79-3CFDF39B4879}.Release|Any CPU.ActiveCfg = Release|Any CPU
		{3D226E05-EEAB-4E8E-8C79-3CFDF39B4879}.Release|Any CPU.Build.0 = Release|Any CPU
		{E8B6C2BD-D6AB-4605-B080-13F35CA650EC}.Debug|Any CPU.ActiveCfg = Debug|Any CPU
		{E8B6C2BD-D6AB-4605-B080-13F35CA650EC}.Debug|Any CPU.Build.0 = Debug|Any CPU
		{E8B6C2BD-D6AB-4605-B080-13F35CA650EC}.Release|Any CPU.ActiveCfg = Release|Any CPU
		{E8B6C2BD-D6AB-4605-B080-13F35CA650EC}.Release|Any CPU.Build.0 = Release|Any CPU
		{BBB43315-88D1-4BA6-8EEB-56CF3C5F6F95}.Debug|Any CPU.ActiveCfg = Debug|Any CPU
		{BBB43315-88D1-4BA6-8EEB-56CF3C5F6F95}.Debug|Any CPU.Build.0 = Debug|Any CPU
		{BBB43315-88D1-4BA6-8EEB-56CF3C5F6F95}.Release|Any CPU.ActiveCfg = Release|Any CPU
		{BBB43315-88D1-4BA6-8EEB-56CF3C5F6F95}.Release|Any CPU.Build.0 = Release|Any CPU
		{BE8FD328-40EA-40A4-B2A5-F5C830F6EEB8}.Debug|Any CPU.ActiveCfg = Debug|Any CPU
		{BE8FD328-40EA-40A4-B2A5-F5C830F6EEB8}.Debug|Any CPU.Build.0 = Debug|Any CPU
		{BE8FD328-40EA-40A4-B2A5-F5C830F6EEB8}.Release|Any CPU.ActiveCfg = Release|Any CPU
		{BE8FD328-40EA-40A4-B2A5-F5C830F6EEB8}.Release|Any CPU.Build.0 = Release|Any CPU
		{6BE19324-DB2E-427D-8A51-4129354BF06D}.Debug|Any CPU.ActiveCfg = Debug|Any CPU
		{6BE19324-DB2E-427D-8A51-4129354BF06D}.Debug|Any CPU.Build.0 = Debug|Any CPU
		{6BE19324-DB2E-427D-8A51-4129354BF06D}.Release|Any CPU.ActiveCfg = Release|Any CPU
		{6BE19324-DB2E-427D-8A51-4129354BF06D}.Release|Any CPU.Build.0 = Release|Any CPU
		{79A10BAA-0D28-4454-B102-E6CC3A1A318D}.Debug|Any CPU.ActiveCfg = Debug|Any CPU
		{79A10BAA-0D28-4454-B102-E6CC3A1A318D}.Debug|Any CPU.Build.0 = Debug|Any CPU
		{79A10BAA-0D28-4454-B102-E6CC3A1A318D}.Release|Any CPU.ActiveCfg = Release|Any CPU
		{79A10BAA-0D28-4454-B102-E6CC3A1A318D}.Release|Any CPU.Build.0 = Release|Any CPU
		{259F4805-21DA-4604-B9BA-B866CAA2D73F}.Debug|Any CPU.ActiveCfg = Debug|Any CPU
		{259F4805-21DA-4604-B9BA-B866CAA2D73F}.Debug|Any CPU.Build.0 = Debug|Any CPU
		{259F4805-21DA-4604-B9BA-B866CAA2D73F}.Release|Any CPU.ActiveCfg = Release|Any CPU
		{259F4805-21DA-4604-B9BA-B866CAA2D73F}.Release|Any CPU.Build.0 = Release|Any CPU
		{C709D577-AC69-459B-AC0D-162635991FF6}.Debug|Any CPU.ActiveCfg = Debug|Any CPU
		{C709D577-AC69-459B-AC0D-162635991FF6}.Debug|Any CPU.Build.0 = Debug|Any CPU
		{C709D577-AC69-459B-AC0D-162635991FF6}.Release|Any CPU.ActiveCfg = Release|Any CPU
		{C709D577-AC69-459B-AC0D-162635991FF6}.Release|Any CPU.Build.0 = Release|Any CPU
		{ADE1B0B9-34B1-4258-AE9C-26CF34A7BEDE}.Debug|Any CPU.ActiveCfg = Debug|Any CPU
		{ADE1B0B9-34B1-4258-AE9C-26CF34A7BEDE}.Debug|Any CPU.Build.0 = Debug|Any CPU
		{ADE1B0B9-34B1-4258-AE9C-26CF34A7BEDE}.Release|Any CPU.ActiveCfg = Release|Any CPU
		{ADE1B0B9-34B1-4258-AE9C-26CF34A7BEDE}.Release|Any CPU.Build.0 = Release|Any CPU
		{9E666FB1-B749-4371-BDE6-44DA7C578F70}.Debug|Any CPU.ActiveCfg = Debug|Any CPU
		{9E666FB1-B749-4371-BDE6-44DA7C578F70}.Debug|Any CPU.Build.0 = Debug|Any CPU
		{9E666FB1-B749-4371-BDE6-44DA7C578F70}.Release|Any CPU.ActiveCfg = Release|Any CPU
		{9E666FB1-B749-4371-BDE6-44DA7C578F70}.Release|Any CPU.Build.0 = Release|Any CPU
		{EDD34C9D-D1CF-44AC-9C53-83A7E8FBBEA3}.Debug|Any CPU.ActiveCfg = Debug|Any CPU
		{EDD34C9D-D1CF-44AC-9C53-83A7E8FBBEA3}.Debug|Any CPU.Build.0 = Debug|Any CPU
		{EDD34C9D-D1CF-44AC-9C53-83A7E8FBBEA3}.Release|Any CPU.ActiveCfg = Release|Any CPU
		{EDD34C9D-D1CF-44AC-9C53-83A7E8FBBEA3}.Release|Any CPU.Build.0 = Release|Any CPU
		{7D3B4C26-E9AD-4BB0-AED8-64BC032209D8}.Debug|Any CPU.ActiveCfg = Debug|Any CPU
		{7D3B4C26-E9AD-4BB0-AED8-64BC032209D8}.Debug|Any CPU.Build.0 = Debug|Any CPU
		{7D3B4C26-E9AD-4BB0-AED8-64BC032209D8}.Release|Any CPU.ActiveCfg = Release|Any CPU
		{7D3B4C26-E9AD-4BB0-AED8-64BC032209D8}.Release|Any CPU.Build.0 = Release|Any CPU
		{C2C579A1-56B9-4E26-8196-06ADD1B7C4D1}.Debug|Any CPU.ActiveCfg = Debug|Any CPU
		{C2C579A1-56B9-4E26-8196-06ADD1B7C4D1}.Debug|Any CPU.Build.0 = Debug|Any CPU
		{C2C579A1-56B9-4E26-8196-06ADD1B7C4D1}.Release|Any CPU.ActiveCfg = Release|Any CPU
		{C2C579A1-56B9-4E26-8196-06ADD1B7C4D1}.Release|Any CPU.Build.0 = Release|Any CPU
		{6DFFDA5F-843B-419B-B5F7-8395F3822606}.Debug|Any CPU.ActiveCfg = Debug|Any CPU
		{6DFFDA5F-843B-419B-B5F7-8395F3822606}.Debug|Any CPU.Build.0 = Debug|Any CPU
		{6DFFDA5F-843B-419B-B5F7-8395F3822606}.Release|Any CPU.ActiveCfg = Release|Any CPU
		{6DFFDA5F-843B-419B-B5F7-8395F3822606}.Release|Any CPU.Build.0 = Release|Any CPU
		{B1609B98-B76E-47B7-8EC1-1BB21A29A1CC}.Debug|Any CPU.ActiveCfg = Debug|Any CPU
		{B1609B98-B76E-47B7-8EC1-1BB21A29A1CC}.Debug|Any CPU.Build.0 = Debug|Any CPU
		{B1609B98-B76E-47B7-8EC1-1BB21A29A1CC}.Release|Any CPU.ActiveCfg = Release|Any CPU
		{B1609B98-B76E-47B7-8EC1-1BB21A29A1CC}.Release|Any CPU.Build.0 = Release|Any CPU
		{0BCDC336-30CF-4E15-B58D-F9A584FA769A}.Debug|Any CPU.ActiveCfg = Debug|Any CPU
		{0BCDC336-30CF-4E15-B58D-F9A584FA769A}.Debug|Any CPU.Build.0 = Debug|Any CPU
		{0BCDC336-30CF-4E15-B58D-F9A584FA769A}.Release|Any CPU.ActiveCfg = Release|Any CPU
		{0BCDC336-30CF-4E15-B58D-F9A584FA769A}.Release|Any CPU.Build.0 = Release|Any CPU
		{3E6ABB61-F721-4759-A89E-EE12A5AF632C}.Debug|Any CPU.ActiveCfg = Debug|Any CPU
		{3E6ABB61-F721-4759-A89E-EE12A5AF632C}.Debug|Any CPU.Build.0 = Debug|Any CPU
		{3E6ABB61-F721-4759-A89E-EE12A5AF632C}.Release|Any CPU.ActiveCfg = Release|Any CPU
		{3E6ABB61-F721-4759-A89E-EE12A5AF632C}.Release|Any CPU.Build.0 = Release|Any CPU
		{46313707-A9C0-4ECE-99BE-CFCE7DCA2D9F}.Debug|Any CPU.ActiveCfg = Debug|Any CPU
		{46313707-A9C0-4ECE-99BE-CFCE7DCA2D9F}.Debug|Any CPU.Build.0 = Debug|Any CPU
		{46313707-A9C0-4ECE-99BE-CFCE7DCA2D9F}.Release|Any CPU.ActiveCfg = Release|Any CPU
		{46313707-A9C0-4ECE-99BE-CFCE7DCA2D9F}.Release|Any CPU.Build.0 = Release|Any CPU
		{AFFE37CD-979C-4EFA-A6EF-19155F1A83B6}.Debug|Any CPU.ActiveCfg = Debug|Any CPU
		{AFFE37CD-979C-4EFA-A6EF-19155F1A83B6}.Debug|Any CPU.Build.0 = Debug|Any CPU
		{AFFE37CD-979C-4EFA-A6EF-19155F1A83B6}.Release|Any CPU.ActiveCfg = Release|Any CPU
		{AFFE37CD-979C-4EFA-A6EF-19155F1A83B6}.Release|Any CPU.Build.0 = Release|Any CPU
		{104F045E-CD00-430D-8436-BCB8B9C28C4C}.Debug|Any CPU.ActiveCfg = Debug|Any CPU
		{104F045E-CD00-430D-8436-BCB8B9C28C4C}.Debug|Any CPU.Build.0 = Debug|Any CPU
		{104F045E-CD00-430D-8436-BCB8B9C28C4C}.Release|Any CPU.ActiveCfg = Release|Any CPU
		{104F045E-CD00-430D-8436-BCB8B9C28C4C}.Release|Any CPU.Build.0 = Release|Any CPU
		{F4B3497B-C834-434C-B1EF-837505F7C053}.Debug|Any CPU.ActiveCfg = Debug|Any CPU
		{F4B3497B-C834-434C-B1EF-837505F7C053}.Debug|Any CPU.Build.0 = Debug|Any CPU
		{F4B3497B-C834-434C-B1EF-837505F7C053}.Release|Any CPU.ActiveCfg = Release|Any CPU
		{F4B3497B-C834-434C-B1EF-837505F7C053}.Release|Any CPU.Build.0 = Release|Any CPU
		{F7B183BD-7B2D-445D-A6BB-E13946EBECC9}.Debug|Any CPU.ActiveCfg = Debug|Any CPU
		{F7B183BD-7B2D-445D-A6BB-E13946EBECC9}.Debug|Any CPU.Build.0 = Debug|Any CPU
		{F7B183BD-7B2D-445D-A6BB-E13946EBECC9}.Release|Any CPU.ActiveCfg = Release|Any CPU
		{F7B183BD-7B2D-445D-A6BB-E13946EBECC9}.Release|Any CPU.Build.0 = Release|Any CPU
		{E085EB06-47BA-43B5-AAE6-C4AA21C2C232}.Debug|Any CPU.ActiveCfg = Debug|Any CPU
		{E085EB06-47BA-43B5-AAE6-C4AA21C2C232}.Debug|Any CPU.Build.0 = Debug|Any CPU
		{E085EB06-47BA-43B5-AAE6-C4AA21C2C232}.Release|Any CPU.ActiveCfg = Release|Any CPU
		{E085EB06-47BA-43B5-AAE6-C4AA21C2C232}.Release|Any CPU.Build.0 = Release|Any CPU
		{86E973EC-61CA-4ED1-8DC5-D13EB7E5098C}.Debug|Any CPU.ActiveCfg = Debug|Any CPU
		{86E973EC-61CA-4ED1-8DC5-D13EB7E5098C}.Debug|Any CPU.Build.0 = Debug|Any CPU
		{86E973EC-61CA-4ED1-8DC5-D13EB7E5098C}.Release|Any CPU.ActiveCfg = Release|Any CPU
		{86E973EC-61CA-4ED1-8DC5-D13EB7E5098C}.Release|Any CPU.Build.0 = Release|Any CPU
		{7EB010E1-B39D-4198-9461-4D9483D316CD}.Debug|Any CPU.ActiveCfg = Debug|Any CPU
		{7EB010E1-B39D-4198-9461-4D9483D316CD}.Debug|Any CPU.Build.0 = Debug|Any CPU
		{7EB010E1-B39D-4198-9461-4D9483D316CD}.Release|Any CPU.ActiveCfg = Release|Any CPU
		{7EB010E1-B39D-4198-9461-4D9483D316CD}.Release|Any CPU.Build.0 = Release|Any CPU
		{EFB06454-8ED8-424A-8803-C82C573C8B5B}.Debug|Any CPU.ActiveCfg = Debug|Any CPU
		{EFB06454-8ED8-424A-8803-C82C573C8B5B}.Debug|Any CPU.Build.0 = Debug|Any CPU
		{EFB06454-8ED8-424A-8803-C82C573C8B5B}.Release|Any CPU.ActiveCfg = Release|Any CPU
		{EFB06454-8ED8-424A-8803-C82C573C8B5B}.Release|Any CPU.Build.0 = Release|Any CPU
		{50AB483F-2932-47FF-B96C-E639104305B3}.Debug|Any CPU.ActiveCfg = Debug|Any CPU
		{50AB483F-2932-47FF-B96C-E639104305B3}.Debug|Any CPU.Build.0 = Debug|Any CPU
		{50AB483F-2932-47FF-B96C-E639104305B3}.Release|Any CPU.ActiveCfg = Release|Any CPU
		{50AB483F-2932-47FF-B96C-E639104305B3}.Release|Any CPU.Build.0 = Release|Any CPU
		{E1D706FA-A813-4166-A1DC-CC19CDDE63B3}.Debug|Any CPU.ActiveCfg = Debug|Any CPU
		{E1D706FA-A813-4166-A1DC-CC19CDDE63B3}.Debug|Any CPU.Build.0 = Debug|Any CPU
		{E1D706FA-A813-4166-A1DC-CC19CDDE63B3}.Release|Any CPU.ActiveCfg = Release|Any CPU
		{E1D706FA-A813-4166-A1DC-CC19CDDE63B3}.Release|Any CPU.Build.0 = Release|Any CPU
		{797A49E1-AF65-4C54-AC0B-98676629B0CD}.Debug|Any CPU.ActiveCfg = Debug|Any CPU
		{797A49E1-AF65-4C54-AC0B-98676629B0CD}.Debug|Any CPU.Build.0 = Debug|Any CPU
		{797A49E1-AF65-4C54-AC0B-98676629B0CD}.Release|Any CPU.ActiveCfg = Release|Any CPU
		{797A49E1-AF65-4C54-AC0B-98676629B0CD}.Release|Any CPU.Build.0 = Release|Any CPU
		{27C700CD-474D-46EE-90A3-A7684FA36088}.Debug|Any CPU.ActiveCfg = Debug|Any CPU
		{27C700CD-474D-46EE-90A3-A7684FA36088}.Debug|Any CPU.Build.0 = Debug|Any CPU
		{27C700CD-474D-46EE-90A3-A7684FA36088}.Release|Any CPU.ActiveCfg = Release|Any CPU
		{27C700CD-474D-46EE-90A3-A7684FA36088}.Release|Any CPU.Build.0 = Release|Any CPU
		{2EC08CA8-0187-4C3E-BBD3-44939F314975}.Debug|Any CPU.ActiveCfg = Debug|Any CPU
		{2EC08CA8-0187-4C3E-BBD3-44939F314975}.Debug|Any CPU.Build.0 = Debug|Any CPU
		{2EC08CA8-0187-4C3E-BBD3-44939F314975}.Release|Any CPU.ActiveCfg = Release|Any CPU
		{2EC08CA8-0187-4C3E-BBD3-44939F314975}.Release|Any CPU.Build.0 = Release|Any CPU
		{32874736-5544-410E-867E-0B91C8058E67}.Debug|Any CPU.ActiveCfg = Debug|Any CPU
		{32874736-5544-410E-867E-0B91C8058E67}.Debug|Any CPU.Build.0 = Debug|Any CPU
		{32874736-5544-410E-867E-0B91C8058E67}.Release|Any CPU.ActiveCfg = Release|Any CPU
		{32874736-5544-410E-867E-0B91C8058E67}.Release|Any CPU.Build.0 = Release|Any CPU
	EndGlobalSection
	GlobalSection(NestedProjects) = preSolution
		{9044B500-7D37-443E-80D3-CF5572CC990B} = {EECA0E4B-1096-49E6-B876-EBE9FFEE97C6}
		{B72AE09A-AAE5-4FE9-A372-F0697DD9FBE5} = {EECA0E4B-1096-49E6-B876-EBE9FFEE97C6}
		{2EBB94FD-B115-466C-877E-E68B563BA75F} = {42355DC0-9610-452E-B0EC-DA97328105E2}
		{32DA7870-0BBE-4753-B74B-CFABB6425D6C} = {3FD238A0-6A79-43A3-99B1-10A6F1F8E016}
		{66E3CFEF-2771-44FC-8309-6BE11DD350B5} = {32DA7870-0BBE-4753-B74B-CFABB6425D6C}
		{D9D45FEE-8D51-42F9-B377-75C97D95CE60} = {66E3CFEF-2771-44FC-8309-6BE11DD350B5}
		{3D226E05-EEAB-4E8E-8C79-3CFDF39B4879} = {66E3CFEF-2771-44FC-8309-6BE11DD350B5}
		{E8B6C2BD-D6AB-4605-B080-13F35CA650EC} = {66E3CFEF-2771-44FC-8309-6BE11DD350B5}
		{BBB43315-88D1-4BA6-8EEB-56CF3C5F6F95} = {66E3CFEF-2771-44FC-8309-6BE11DD350B5}
		{BE8FD328-40EA-40A4-B2A5-F5C830F6EEB8} = {66E3CFEF-2771-44FC-8309-6BE11DD350B5}
		{6BE19324-DB2E-427D-8A51-4129354BF06D} = {66E3CFEF-2771-44FC-8309-6BE11DD350B5}
		{79A10BAA-0D28-4454-B102-E6CC3A1A318D} = {66E3CFEF-2771-44FC-8309-6BE11DD350B5}
		{259F4805-21DA-4604-B9BA-B866CAA2D73F} = {66E3CFEF-2771-44FC-8309-6BE11DD350B5}
		{C709D577-AC69-459B-AC0D-162635991FF6} = {66E3CFEF-2771-44FC-8309-6BE11DD350B5}
		{ADE1B0B9-34B1-4258-AE9C-26CF34A7BEDE} = {66E3CFEF-2771-44FC-8309-6BE11DD350B5}
		{9E666FB1-B749-4371-BDE6-44DA7C578F70} = {66E3CFEF-2771-44FC-8309-6BE11DD350B5}
		{EDD34C9D-D1CF-44AC-9C53-83A7E8FBBEA3} = {66E3CFEF-2771-44FC-8309-6BE11DD350B5}
		{7D3B4C26-E9AD-4BB0-AED8-64BC032209D8} = {66E3CFEF-2771-44FC-8309-6BE11DD350B5}
		{C2C579A1-56B9-4E26-8196-06ADD1B7C4D1} = {66E3CFEF-2771-44FC-8309-6BE11DD350B5}
		{6DFFDA5F-843B-419B-B5F7-8395F3822606} = {66E3CFEF-2771-44FC-8309-6BE11DD350B5}
		{B1609B98-B76E-47B7-8EC1-1BB21A29A1CC} = {66E3CFEF-2771-44FC-8309-6BE11DD350B5}
		{0BCDC336-30CF-4E15-B58D-F9A584FA769A} = {66E3CFEF-2771-44FC-8309-6BE11DD350B5}
		{3E6ABB61-F721-4759-A89E-EE12A5AF632C} = {66E3CFEF-2771-44FC-8309-6BE11DD350B5}
		{46313707-A9C0-4ECE-99BE-CFCE7DCA2D9F} = {66E3CFEF-2771-44FC-8309-6BE11DD350B5}
		{AFFE37CD-979C-4EFA-A6EF-19155F1A83B6} = {66E3CFEF-2771-44FC-8309-6BE11DD350B5}
		{BDA918E8-8F2B-4CCB-AAF3-611B1AD04BCE} = {32DA7870-0BBE-4753-B74B-CFABB6425D6C}
		{104F045E-CD00-430D-8436-BCB8B9C28C4C} = {BDA918E8-8F2B-4CCB-AAF3-611B1AD04BCE}
		{F4B3497B-C834-434C-B1EF-837505F7C053} = {BDA918E8-8F2B-4CCB-AAF3-611B1AD04BCE}
		{F7B183BD-7B2D-445D-A6BB-E13946EBECC9} = {BDA918E8-8F2B-4CCB-AAF3-611B1AD04BCE}
		{E085EB06-47BA-43B5-AAE6-C4AA21C2C232} = {BDA918E8-8F2B-4CCB-AAF3-611B1AD04BCE}
		{86E973EC-61CA-4ED1-8DC5-D13EB7E5098C} = {BDA918E8-8F2B-4CCB-AAF3-611B1AD04BCE}
		{7EB010E1-B39D-4198-9461-4D9483D316CD} = {BDA918E8-8F2B-4CCB-AAF3-611B1AD04BCE}
		{EFB06454-8ED8-424A-8803-C82C573C8B5B} = {BDA918E8-8F2B-4CCB-AAF3-611B1AD04BCE}
		{50AB483F-2932-47FF-B96C-E639104305B3} = {BDA918E8-8F2B-4CCB-AAF3-611B1AD04BCE}
		{E1D706FA-A813-4166-A1DC-CC19CDDE63B3} = {BDA918E8-8F2B-4CCB-AAF3-611B1AD04BCE}
		{797A49E1-AF65-4C54-AC0B-98676629B0CD} = {BDA918E8-8F2B-4CCB-AAF3-611B1AD04BCE}
		{27C700CD-474D-46EE-90A3-A7684FA36088} = {BDA918E8-8F2B-4CCB-AAF3-611B1AD04BCE}
		{2EC08CA8-0187-4C3E-BBD3-44939F314975} = {BDA918E8-8F2B-4CCB-AAF3-611B1AD04BCE}
		{32874736-5544-410E-867E-0B91C8058E67} = {BDA918E8-8F2B-4CCB-AAF3-611B1AD04BCE}
	EndGlobalSection
EndGlobal
