
Microsoft Visual Studio Solution File, Format Version 12.00
# Visual Studio Version 17
VisualStudioVersion = 17.0.31903.59
MinimumVisualStudioVersion = 10.0.40219.1
Project("{2150E333-8FDC-42A3-9474-1A3956D46DE8}") = "refs", "refs", "{539742AF-8FC0-4C4A-A506-68BAB9E6E082}"
EndProject
Project("{2150E333-8FDC-42A3-9474-1A3956D46DE8}") = "core-cs", "core-cs", "{FACBC10A-3E2D-4FB8-9209-6CF972C87997}"
EndProject
Project("{2150E333-8FDC-42A3-9474-1A3956D46DE8}") = "src", "src", "{1D653023-F5BF-47F9-9FC6-C8E74E15FEE0}"
EndProject
Project("{FAE04EC0-301F-11D3-BF4B-00C04F79EFBC}") = "Core.Avalonia", "refs\core-cs\src\Core.Avalonia\Core.Avalonia.csproj", "{A14CAF56-33C0-4070-A9C8-4B7604B68DD9}"
EndProject
Project("{FAE04EC0-301F-11D3-BF4B-00C04F79EFBC}") = "Core.Base", "refs\core-cs\src\Core.Base\Core.Base.csproj", "{E4C92274-07D9-43D2-9897-8AF633346E98}"
EndProject
Project("{FAE04EC0-301F-11D3-BF4B-00C04F79EFBC}") = "Core.Collections", "refs\core-cs\src\Core.Collections\Core.Collections.csproj", "{E97D2DB1-6E73-4B66-96ED-3565CC201304}"
EndProject
Project("{FAE04EC0-301F-11D3-BF4B-00C04F79EFBC}") = "Core.Cryptography", "refs\core-cs\src\Core.Cryptography\Core.Cryptography.csproj", "{65D44206-ACD0-45F3-8876-D4D26EFEC3B5}"
EndProject
Project("{FAE04EC0-301F-11D3-BF4B-00C04F79EFBC}") = "Core.Net", "refs\core-cs\src\Core.Net\Core.Net.csproj", "{2904BD1F-39C4-4F7F-86FE-4001C22DBA4F}"
EndProject
Project("{FAE04EC0-301F-11D3-BF4B-00C04F79EFBC}") = "Core.Net.Caps", "refs\core-cs\src\Core.Net.Caps\Core.Net.Caps.csproj", "{DA1E0224-1FC4-4081-9EB0-436464AA6588}"
EndProject
Project("{FAE04EC0-301F-11D3-BF4B-00C04F79EFBC}") = "Core.Net.Connections", "refs\core-cs\src\Core.Net.Connections\Core.Net.Connections.csproj", "{9B37F9C2-4CA8-4435-97B3-624D4EE8C68A}"
EndProject
Project("{FAE04EC0-301F-11D3-BF4B-00C04F79EFBC}") = "Core.Net.I2p", "refs\core-cs\src\Core.Net.I2p\Core.Net.I2p.csproj", "{6D085E8E-6550-4B92-BBA9-EFF818522B0F}"
EndProject
Project("{FAE04EC0-301F-11D3-BF4B-00C04F79EFBC}") = "Core.Net.Proxies", "refs\core-cs\src\Core.Net.Proxies\Core.Net.Proxies.csproj", "{023B676F-C589-4F96-8760-205F53082189}"
EndProject
Project("{FAE04EC0-301F-11D3-BF4B-00C04F79EFBC}") = "Core.Net.Upnp", "refs\core-cs\src\Core.Net.Upnp\Core.Net.Upnp.csproj", "{BF54183A-17A6-45D1-9912-425BDE5E6CE8}"
EndProject
Project("{FAE04EC0-301F-11D3-BF4B-00C04F79EFBC}") = "Core.Pipelines", "refs\core-cs\src\Core.Pipelines\Core.Pipelines.csproj", "{1DA71B17-E3BA-4AAE-A8A8-772CD537885D}"
EndProject
Project("{FAE04EC0-301F-11D3-BF4B-00C04F79EFBC}") = "Core.RocketPack", "refs\core-cs\src\Core.RocketPack\Core.RocketPack.csproj", "{D94BFC80-0A93-48BB-B42E-BA030E78A715}"
EndProject
Project("{FAE04EC0-301F-11D3-BF4B-00C04F79EFBC}") = "Core.RocketPack.DefinitionCompiler", "refs\core-cs\src\Core.RocketPack.DefinitionCompiler\Core.RocketPack.DefinitionCompiler.csproj", "{032FB16E-864D-4F3F-B352-8DBC17CCA6AC}"
EndProject
Project("{FAE04EC0-301F-11D3-BF4B-00C04F79EFBC}") = "Core.RocketPack.Remoting", "refs\core-cs\src\Core.RocketPack.Remoting\Core.RocketPack.Remoting.csproj", "{30B2D832-1FB5-40A7-AD8B-9001DD142728}"
EndProject
Project("{FAE04EC0-301F-11D3-BF4B-00C04F79EFBC}") = "Core.Serialization", "refs\core-cs\src\Core.Serialization\Core.Serialization.csproj", "{39EFD07F-2EFE-44AA-802C-49C1669D63ED}"
EndProject
Project("{FAE04EC0-301F-11D3-BF4B-00C04F79EFBC}") = "Core.Sql", "refs\core-cs\src\Core.Sql\Core.Sql.csproj", "{77DDB6DB-5681-42F6-AE8B-DCBC0A6A9373}"
EndProject
Project("{FAE04EC0-301F-11D3-BF4B-00C04F79EFBC}") = "Core.Storages", "refs\core-cs\src\Core.Storages\Core.Storages.csproj", "{1424A9D5-B248-4FA1-8682-B3ACE5AFFA1D}"
EndProject
Project("{FAE04EC0-301F-11D3-BF4B-00C04F79EFBC}") = "Core.Streams", "refs\core-cs\src\Core.Streams\Core.Streams.csproj", "{C50F439B-C654-4D32-AAFA-13DA75BA496C}"
EndProject
Project("{FAE04EC0-301F-11D3-BF4B-00C04F79EFBC}") = "Core.Tasks", "refs\core-cs\src\Core.Tasks\Core.Tasks.csproj", "{82B78A9F-F43D-4DD5-A482-31A6B59F5BD6}"
EndProject
Project("{FAE04EC0-301F-11D3-BF4B-00C04F79EFBC}") = "Core.Text", "refs\core-cs\src\Core.Text\Core.Text.csproj", "{77FB28CE-DCD4-4065-A060-ADCF8D5FF694}"
EndProject
Project("{FAE04EC0-301F-11D3-BF4B-00C04F79EFBC}") = "Core.UnitTestToolkit", "refs\core-cs\src\Core.UnitTestToolkit\Core.UnitTestToolkit.csproj", "{F43050A4-5F60-4463-8706-28636AB4157B}"
EndProject
Project("{FAE04EC0-301F-11D3-BF4B-00C04F79EFBC}") = "Core.Utils", "refs\core-cs\src\Core.Utils\Core.Utils.csproj", "{56551658-1830-4CA6-B6D0-47D959761894}"
EndProject
Project("{2150E333-8FDC-42A3-9474-1A3956D46DE8}") = "test", "test", "{B9FC2BE7-47DE-4E8D-9841-5D9C331388F8}"
EndProject
Project("{FAE04EC0-301F-11D3-BF4B-00C04F79EFBC}") = "Core.Base.Tests", "refs\core-cs\test\Core.Base.Tests\Core.Base.Tests.csproj", "{219A46B7-E349-45B0-BB60-B50D75EDEF04}"
EndProject
Project("{FAE04EC0-301F-11D3-BF4B-00C04F79EFBC}") = "Core.Cryptography.Tests", "refs\core-cs\test\Core.Cryptography.Tests\Core.Cryptography.Tests.csproj", "{0FD5CE65-AE36-4C32-A7B8-C17925BCE2C9}"
EndProject
Project("{FAE04EC0-301F-11D3-BF4B-00C04F79EFBC}") = "Core.Net.Connections.Tests", "refs\core-cs\test\Core.Net.Connections.Tests\Core.Net.Connections.Tests.csproj", "{362F678E-22B1-48C2-AA73-D4F5425F31BC}"
EndProject
Project("{FAE04EC0-301F-11D3-BF4B-00C04F79EFBC}") = "Core.Net.I2p.Tests", "refs\core-cs\test\Core.Net.I2p.Tests\Core.Net.I2p.Tests.csproj", "{D3114505-0FB8-45EB-AFA0-AEEBBE2885F1}"
EndProject
Project("{FAE04EC0-301F-11D3-BF4B-00C04F79EFBC}") = "Core.Net.Tests", "refs\core-cs\test\Core.Net.Tests\Core.Net.Tests.csproj", "{361D1FE8-219A-4D0F-BBE4-E5D7072E00BE}"
EndProject
Project("{FAE04EC0-301F-11D3-BF4B-00C04F79EFBC}") = "Core.Net.Upnp.Tests", "refs\core-cs\test\Core.Net.Upnp.Tests\Core.Net.Upnp.Tests.csproj", "{1CA4DF7E-F7AC-4B03-BA07-F50473E5CE00}"
EndProject
Project("{FAE04EC0-301F-11D3-BF4B-00C04F79EFBC}") = "Core.Pipelines.Tests", "refs\core-cs\test\Core.Pipelines.Tests\Core.Pipelines.Tests.csproj", "{F9EAEBCE-CCB9-48A8-9485-3FFD70493887}"
EndProject
Project("{FAE04EC0-301F-11D3-BF4B-00C04F79EFBC}") = "Core.RocketPack.DefinitionCompiler.Tests", "refs\core-cs\test\Core.RocketPack.DefinitionCompiler.Tests\Core.RocketPack.DefinitionCompiler.Tests.csproj", "{84D02196-B855-43B0-9A7E-C698C4F72936}"
EndProject
Project("{FAE04EC0-301F-11D3-BF4B-00C04F79EFBC}") = "Core.RocketPack.Remoting.Tests", "refs\core-cs\test\Core.RocketPack.Remoting.Tests\Core.RocketPack.Remoting.Tests.csproj", "{67219C90-BDD8-41F9-88DB-17ADA33C5341}"
EndProject
Project("{FAE04EC0-301F-11D3-BF4B-00C04F79EFBC}") = "Core.RocketPack.Tests", "refs\core-cs\test\Core.RocketPack.Tests\Core.RocketPack.Tests.csproj", "{1692D4AF-9673-4B50-9CE9-BC658A13CF9D}"
EndProject
Project("{FAE04EC0-301F-11D3-BF4B-00C04F79EFBC}") = "Core.Serialization.Tests", "refs\core-cs\test\Core.Serialization.Tests\Core.Serialization.Tests.csproj", "{E07FA061-3D28-46D5-980E-891D216941C8}"
EndProject
Project("{FAE04EC0-301F-11D3-BF4B-00C04F79EFBC}") = "Core.Storages.Tests", "refs\core-cs\test\Core.Storages.Tests\Core.Storages.Tests.csproj", "{01815CC8-F2EF-4067-9EC1-B610A8053BB1}"
EndProject
Project("{FAE04EC0-301F-11D3-BF4B-00C04F79EFBC}") = "Core.Streams.Tests", "refs\core-cs\test\Core.Streams.Tests\Core.Streams.Tests.csproj", "{8D91947D-CE21-4D13-8833-44286E82A3BE}"
EndProject
Project("{FAE04EC0-301F-11D3-BF4B-00C04F79EFBC}") = "Core.Text.Tests", "refs\core-cs\test\Core.Text.Tests\Core.Text.Tests.csproj", "{2DD7EEBC-13AA-4EC4-8001-6B96E8003B95}"
EndProject
Project("{2150E333-8FDC-42A3-9474-1A3956D46DE8}") = "src", "src", "{56037E3F-EDF8-41B5-AA99-FFBD89337C7B}"
EndProject
Project("{FAE04EC0-301F-11D3-BF4B-00C04F79EFBC}") = "Lxna.Components", "src\Lxna.Components\Lxna.Components.csproj", "{E9606E49-3939-4AF5-8183-9C4F33B9A536}"
EndProject
Project("{FAE04EC0-301F-11D3-BF4B-00C04F79EFBC}") = "Lxna.Ui.Desktop", "src\Lxna.Ui.Desktop\Lxna.Ui.Desktop.csproj", "{C326C7F4-63A5-4AB2-8AAC-D9C7456BBB63}"
EndProject
Project("{FAE04EC0-301F-11D3-BF4B-00C04F79EFBC}") = "Lxna.Updater", "src\Lxna.Updater\Lxna.Updater.csproj", "{83E56CD2-9AFD-4978-8501-EBB29D84A09C}"
EndProject
Project("{2150E333-8FDC-42A3-9474-1A3956D46DE8}") = "test", "test", "{9DA8C12E-B336-4536-B8F6-0573CB12D1BD}"
EndProject
Project("{FAE04EC0-301F-11D3-BF4B-00C04F79EFBC}") = "Lxna.Components.Tests", "test\Lxna.Components.Tests\Lxna.Components.Tests.csproj", "{AC542221-D441-4AA9-9187-F7F82966983C}"
EndProject
Global
	GlobalSection(SolutionConfigurationPlatforms) = preSolution
		Debug|Any CPU = Debug|Any CPU
		Release|Any CPU = Release|Any CPU
	EndGlobalSection
	GlobalSection(SolutionProperties) = preSolution
		HideSolutionNode = FALSE
	EndGlobalSection
	GlobalSection(ProjectConfigurationPlatforms) = postSolution
		{A14CAF56-33C0-4070-A9C8-4B7604B68DD9}.Debug|Any CPU.ActiveCfg = Debug|Any CPU
		{A14CAF56-33C0-4070-A9C8-4B7604B68DD9}.Debug|Any CPU.Build.0 = Debug|Any CPU
		{A14CAF56-33C0-4070-A9C8-4B7604B68DD9}.Release|Any CPU.ActiveCfg = Release|Any CPU
		{A14CAF56-33C0-4070-A9C8-4B7604B68DD9}.Release|Any CPU.Build.0 = Release|Any CPU
		{E4C92274-07D9-43D2-9897-8AF633346E98}.Debug|Any CPU.ActiveCfg = Debug|Any CPU
		{E4C92274-07D9-43D2-9897-8AF633346E98}.Debug|Any CPU.Build.0 = Debug|Any CPU
		{E4C92274-07D9-43D2-9897-8AF633346E98}.Release|Any CPU.ActiveCfg = Release|Any CPU
		{E4C92274-07D9-43D2-9897-8AF633346E98}.Release|Any CPU.Build.0 = Release|Any CPU
		{E97D2DB1-6E73-4B66-96ED-3565CC201304}.Debug|Any CPU.ActiveCfg = Debug|Any CPU
		{E97D2DB1-6E73-4B66-96ED-3565CC201304}.Debug|Any CPU.Build.0 = Debug|Any CPU
		{E97D2DB1-6E73-4B66-96ED-3565CC201304}.Release|Any CPU.ActiveCfg = Release|Any CPU
		{E97D2DB1-6E73-4B66-96ED-3565CC201304}.Release|Any CPU.Build.0 = Release|Any CPU
		{65D44206-ACD0-45F3-8876-D4D26EFEC3B5}.Debug|Any CPU.ActiveCfg = Debug|Any CPU
		{65D44206-ACD0-45F3-8876-D4D26EFEC3B5}.Debug|Any CPU.Build.0 = Debug|Any CPU
		{65D44206-ACD0-45F3-8876-D4D26EFEC3B5}.Release|Any CPU.ActiveCfg = Release|Any CPU
		{65D44206-ACD0-45F3-8876-D4D26EFEC3B5}.Release|Any CPU.Build.0 = Release|Any CPU
		{2904BD1F-39C4-4F7F-86FE-4001C22DBA4F}.Debug|Any CPU.ActiveCfg = Debug|Any CPU
		{2904BD1F-39C4-4F7F-86FE-4001C22DBA4F}.Debug|Any CPU.Build.0 = Debug|Any CPU
		{2904BD1F-39C4-4F7F-86FE-4001C22DBA4F}.Release|Any CPU.ActiveCfg = Release|Any CPU
		{2904BD1F-39C4-4F7F-86FE-4001C22DBA4F}.Release|Any CPU.Build.0 = Release|Any CPU
		{DA1E0224-1FC4-4081-9EB0-436464AA6588}.Debug|Any CPU.ActiveCfg = Debug|Any CPU
		{DA1E0224-1FC4-4081-9EB0-436464AA6588}.Debug|Any CPU.Build.0 = Debug|Any CPU
		{DA1E0224-1FC4-4081-9EB0-436464AA6588}.Release|Any CPU.ActiveCfg = Release|Any CPU
		{DA1E0224-1FC4-4081-9EB0-436464AA6588}.Release|Any CPU.Build.0 = Release|Any CPU
		{9B37F9C2-4CA8-4435-97B3-624D4EE8C68A}.Debug|Any CPU.ActiveCfg = Debug|Any CPU
		{9B37F9C2-4CA8-4435-97B3-624D4EE8C68A}.Debug|Any CPU.Build.0 = Debug|Any CPU
		{9B37F9C2-4CA8-4435-97B3-624D4EE8C68A}.Release|Any CPU.ActiveCfg = Release|Any CPU
		{9B37F9C2-4CA8-4435-97B3-624D4EE8C68A}.Release|Any CPU.Build.0 = Release|Any CPU
		{6D085E8E-6550-4B92-BBA9-EFF818522B0F}.Debug|Any CPU.ActiveCfg = Debug|Any CPU
		{6D085E8E-6550-4B92-BBA9-EFF818522B0F}.Debug|Any CPU.Build.0 = Debug|Any CPU
		{6D085E8E-6550-4B92-BBA9-EFF818522B0F}.Release|Any CPU.ActiveCfg = Release|Any CPU
		{6D085E8E-6550-4B92-BBA9-EFF818522B0F}.Release|Any CPU.Build.0 = Release|Any CPU
		{023B676F-C589-4F96-8760-205F53082189}.Debug|Any CPU.ActiveCfg = Debug|Any CPU
		{023B676F-C589-4F96-8760-205F53082189}.Debug|Any CPU.Build.0 = Debug|Any CPU
		{023B676F-C589-4F96-8760-205F53082189}.Release|Any CPU.ActiveCfg = Release|Any CPU
		{023B676F-C589-4F96-8760-205F53082189}.Release|Any CPU.Build.0 = Release|Any CPU
		{BF54183A-17A6-45D1-9912-425BDE5E6CE8}.Debug|Any CPU.ActiveCfg = Debug|Any CPU
		{BF54183A-17A6-45D1-9912-425BDE5E6CE8}.Debug|Any CPU.Build.0 = Debug|Any CPU
		{BF54183A-17A6-45D1-9912-425BDE5E6CE8}.Release|Any CPU.ActiveCfg = Release|Any CPU
		{BF54183A-17A6-45D1-9912-425BDE5E6CE8}.Release|Any CPU.Build.0 = Release|Any CPU
		{1DA71B17-E3BA-4AAE-A8A8-772CD537885D}.Debug|Any CPU.ActiveCfg = Debug|Any CPU
		{1DA71B17-E3BA-4AAE-A8A8-772CD537885D}.Debug|Any CPU.Build.0 = Debug|Any CPU
		{1DA71B17-E3BA-4AAE-A8A8-772CD537885D}.Release|Any CPU.ActiveCfg = Release|Any CPU
		{1DA71B17-E3BA-4AAE-A8A8-772CD537885D}.Release|Any CPU.Build.0 = Release|Any CPU
		{D94BFC80-0A93-48BB-B42E-BA030E78A715}.Debug|Any CPU.ActiveCfg = Debug|Any CPU
		{D94BFC80-0A93-48BB-B42E-BA030E78A715}.Debug|Any CPU.Build.0 = Debug|Any CPU
		{D94BFC80-0A93-48BB-B42E-BA030E78A715}.Release|Any CPU.ActiveCfg = Release|Any CPU
		{D94BFC80-0A93-48BB-B42E-BA030E78A715}.Release|Any CPU.Build.0 = Release|Any CPU
		{032FB16E-864D-4F3F-B352-8DBC17CCA6AC}.Debug|Any CPU.ActiveCfg = Debug|Any CPU
		{032FB16E-864D-4F3F-B352-8DBC17CCA6AC}.Debug|Any CPU.Build.0 = Debug|Any CPU
		{032FB16E-864D-4F3F-B352-8DBC17CCA6AC}.Release|Any CPU.ActiveCfg = Release|Any CPU
		{032FB16E-864D-4F3F-B352-8DBC17CCA6AC}.Release|Any CPU.Build.0 = Release|Any CPU
		{30B2D832-1FB5-40A7-AD8B-9001DD142728}.Debug|Any CPU.ActiveCfg = Debug|Any CPU
		{30B2D832-1FB5-40A7-AD8B-9001DD142728}.Debug|Any CPU.Build.0 = Debug|Any CPU
		{30B2D832-1FB5-40A7-AD8B-9001DD142728}.Release|Any CPU.ActiveCfg = Release|Any CPU
		{30B2D832-1FB5-40A7-AD8B-9001DD142728}.Release|Any CPU.Build.0 = Release|Any CPU
		{39EFD07F-2EFE-44AA-802C-49C1669D63ED}.Debug|Any CPU.ActiveCfg = Debug|Any CPU
		{39EFD07F-2EFE-44AA-802C-49C1669D63ED}.Debug|Any CPU.Build.0 = Debug|Any CPU
		{39EFD07F-2EFE-44AA-802C-49C1669D63ED}.Release|Any CPU.ActiveCfg = Release|Any CPU
		{39EFD07F-2EFE-44AA-802C-49C1669D63ED}.Release|Any CPU.Build.0 = Release|Any CPU
		{77DDB6DB-5681-42F6-AE8B-DCBC0A6A9373}.Debug|Any CPU.ActiveCfg = Debug|Any CPU
		{77DDB6DB-5681-42F6-AE8B-DCBC0A6A9373}.Debug|Any CPU.Build.0 = Debug|Any CPU
		{77DDB6DB-5681-42F6-AE8B-DCBC0A6A9373}.Release|Any CPU.ActiveCfg = Release|Any CPU
		{77DDB6DB-5681-42F6-AE8B-DCBC0A6A9373}.Release|Any CPU.Build.0 = Release|Any CPU
		{1424A9D5-B248-4FA1-8682-B3ACE5AFFA1D}.Debug|Any CPU.ActiveCfg = Debug|Any CPU
		{1424A9D5-B248-4FA1-8682-B3ACE5AFFA1D}.Debug|Any CPU.Build.0 = Debug|Any CPU
		{1424A9D5-B248-4FA1-8682-B3ACE5AFFA1D}.Release|Any CPU.ActiveCfg = Release|Any CPU
		{1424A9D5-B248-4FA1-8682-B3ACE5AFFA1D}.Release|Any CPU.Build.0 = Release|Any CPU
		{C50F439B-C654-4D32-AAFA-13DA75BA496C}.Debug|Any CPU.ActiveCfg = Debug|Any CPU
		{C50F439B-C654-4D32-AAFA-13DA75BA496C}.Debug|Any CPU.Build.0 = Debug|Any CPU
		{C50F439B-C654-4D32-AAFA-13DA75BA496C}.Release|Any CPU.ActiveCfg = Release|Any CPU
		{C50F439B-C654-4D32-AAFA-13DA75BA496C}.Release|Any CPU.Build.0 = Release|Any CPU
		{82B78A9F-F43D-4DD5-A482-31A6B59F5BD6}.Debug|Any CPU.ActiveCfg = Debug|Any CPU
		{82B78A9F-F43D-4DD5-A482-31A6B59F5BD6}.Debug|Any CPU.Build.0 = Debug|Any CPU
		{82B78A9F-F43D-4DD5-A482-31A6B59F5BD6}.Release|Any CPU.ActiveCfg = Release|Any CPU
		{82B78A9F-F43D-4DD5-A482-31A6B59F5BD6}.Release|Any CPU.Build.0 = Release|Any CPU
		{77FB28CE-DCD4-4065-A060-ADCF8D5FF694}.Debug|Any CPU.ActiveCfg = Debug|Any CPU
		{77FB28CE-DCD4-4065-A060-ADCF8D5FF694}.Debug|Any CPU.Build.0 = Debug|Any CPU
		{77FB28CE-DCD4-4065-A060-ADCF8D5FF694}.Release|Any CPU.ActiveCfg = Release|Any CPU
		{77FB28CE-DCD4-4065-A060-ADCF8D5FF694}.Release|Any CPU.Build.0 = Release|Any CPU
		{F43050A4-5F60-4463-8706-28636AB4157B}.Debug|Any CPU.ActiveCfg = Debug|Any CPU
		{F43050A4-5F60-4463-8706-28636AB4157B}.Debug|Any CPU.Build.0 = Debug|Any CPU
		{F43050A4-5F60-4463-8706-28636AB4157B}.Release|Any CPU.ActiveCfg = Release|Any CPU
		{F43050A4-5F60-4463-8706-28636AB4157B}.Release|Any CPU.Build.0 = Release|Any CPU
		{56551658-1830-4CA6-B6D0-47D959761894}.Debug|Any CPU.ActiveCfg = Debug|Any CPU
		{56551658-1830-4CA6-B6D0-47D959761894}.Debug|Any CPU.Build.0 = Debug|Any CPU
		{56551658-1830-4CA6-B6D0-47D959761894}.Release|Any CPU.ActiveCfg = Release|Any CPU
		{56551658-1830-4CA6-B6D0-47D959761894}.Release|Any CPU.Build.0 = Release|Any CPU
		{219A46B7-E349-45B0-BB60-B50D75EDEF04}.Debug|Any CPU.ActiveCfg = Debug|Any CPU
		{219A46B7-E349-45B0-BB60-B50D75EDEF04}.Debug|Any CPU.Build.0 = Debug|Any CPU
		{219A46B7-E349-45B0-BB60-B50D75EDEF04}.Release|Any CPU.ActiveCfg = Release|Any CPU
		{219A46B7-E349-45B0-BB60-B50D75EDEF04}.Release|Any CPU.Build.0 = Release|Any CPU
		{0FD5CE65-AE36-4C32-A7B8-C17925BCE2C9}.Debug|Any CPU.ActiveCfg = Debug|Any CPU
		{0FD5CE65-AE36-4C32-A7B8-C17925BCE2C9}.Debug|Any CPU.Build.0 = Debug|Any CPU
		{0FD5CE65-AE36-4C32-A7B8-C17925BCE2C9}.Release|Any CPU.ActiveCfg = Release|Any CPU
		{0FD5CE65-AE36-4C32-A7B8-C17925BCE2C9}.Release|Any CPU.Build.0 = Release|Any CPU
		{362F678E-22B1-48C2-AA73-D4F5425F31BC}.Debug|Any CPU.ActiveCfg = Debug|Any CPU
		{362F678E-22B1-48C2-AA73-D4F5425F31BC}.Debug|Any CPU.Build.0 = Debug|Any CPU
		{362F678E-22B1-48C2-AA73-D4F5425F31BC}.Release|Any CPU.ActiveCfg = Release|Any CPU
		{362F678E-22B1-48C2-AA73-D4F5425F31BC}.Release|Any CPU.Build.0 = Release|Any CPU
		{D3114505-0FB8-45EB-AFA0-AEEBBE2885F1}.Debug|Any CPU.ActiveCfg = Debug|Any CPU
		{D3114505-0FB8-45EB-AFA0-AEEBBE2885F1}.Debug|Any CPU.Build.0 = Debug|Any CPU
		{D3114505-0FB8-45EB-AFA0-AEEBBE2885F1}.Release|Any CPU.ActiveCfg = Release|Any CPU
		{D3114505-0FB8-45EB-AFA0-AEEBBE2885F1}.Release|Any CPU.Build.0 = Release|Any CPU
		{361D1FE8-219A-4D0F-BBE4-E5D7072E00BE}.Debug|Any CPU.ActiveCfg = Debug|Any CPU
		{361D1FE8-219A-4D0F-BBE4-E5D7072E00BE}.Debug|Any CPU.Build.0 = Debug|Any CPU
		{361D1FE8-219A-4D0F-BBE4-E5D7072E00BE}.Release|Any CPU.ActiveCfg = Release|Any CPU
		{361D1FE8-219A-4D0F-BBE4-E5D7072E00BE}.Release|Any CPU.Build.0 = Release|Any CPU
		{1CA4DF7E-F7AC-4B03-BA07-F50473E5CE00}.Debug|Any CPU.ActiveCfg = Debug|Any CPU
		{1CA4DF7E-F7AC-4B03-BA07-F50473E5CE00}.Debug|Any CPU.Build.0 = Debug|Any CPU
		{1CA4DF7E-F7AC-4B03-BA07-F50473E5CE00}.Release|Any CPU.ActiveCfg = Release|Any CPU
		{1CA4DF7E-F7AC-4B03-BA07-F50473E5CE00}.Release|Any CPU.Build.0 = Release|Any CPU
		{F9EAEBCE-CCB9-48A8-9485-3FFD70493887}.Debug|Any CPU.ActiveCfg = Debug|Any CPU
		{F9EAEBCE-CCB9-48A8-9485-3FFD70493887}.Debug|Any CPU.Build.0 = Debug|Any CPU
		{F9EAEBCE-CCB9-48A8-9485-3FFD70493887}.Release|Any CPU.ActiveCfg = Release|Any CPU
		{F9EAEBCE-CCB9-48A8-9485-3FFD70493887}.Release|Any CPU.Build.0 = Release|Any CPU
		{84D02196-B855-43B0-9A7E-C698C4F72936}.Debug|Any CPU.ActiveCfg = Debug|Any CPU
		{84D02196-B855-43B0-9A7E-C698C4F72936}.Debug|Any CPU.Build.0 = Debug|Any CPU
		{84D02196-B855-43B0-9A7E-C698C4F72936}.Release|Any CPU.ActiveCfg = Release|Any CPU
		{84D02196-B855-43B0-9A7E-C698C4F72936}.Release|Any CPU.Build.0 = Release|Any CPU
		{67219C90-BDD8-41F9-88DB-17ADA33C5341}.Debug|Any CPU.ActiveCfg = Debug|Any CPU
		{67219C90-BDD8-41F9-88DB-17ADA33C5341}.Debug|Any CPU.Build.0 = Debug|Any CPU
		{67219C90-BDD8-41F9-88DB-17ADA33C5341}.Release|Any CPU.ActiveCfg = Release|Any CPU
		{67219C90-BDD8-41F9-88DB-17ADA33C5341}.Release|Any CPU.Build.0 = Release|Any CPU
		{1692D4AF-9673-4B50-9CE9-BC658A13CF9D}.Debug|Any CPU.ActiveCfg = Debug|Any CPU
		{1692D4AF-9673-4B50-9CE9-BC658A13CF9D}.Debug|Any CPU.Build.0 = Debug|Any CPU
		{1692D4AF-9673-4B50-9CE9-BC658A13CF9D}.Release|Any CPU.ActiveCfg = Release|Any CPU
		{1692D4AF-9673-4B50-9CE9-BC658A13CF9D}.Release|Any CPU.Build.0 = Release|Any CPU
		{E07FA061-3D28-46D5-980E-891D216941C8}.Debug|Any CPU.ActiveCfg = Debug|Any CPU
		{E07FA061-3D28-46D5-980E-891D216941C8}.Debug|Any CPU.Build.0 = Debug|Any CPU
		{E07FA061-3D28-46D5-980E-891D216941C8}.Release|Any CPU.ActiveCfg = Release|Any CPU
		{E07FA061-3D28-46D5-980E-891D216941C8}.Release|Any CPU.Build.0 = Release|Any CPU
		{01815CC8-F2EF-4067-9EC1-B610A8053BB1}.Debug|Any CPU.ActiveCfg = Debug|Any CPU
		{01815CC8-F2EF-4067-9EC1-B610A8053BB1}.Debug|Any CPU.Build.0 = Debug|Any CPU
		{01815CC8-F2EF-4067-9EC1-B610A8053BB1}.Release|Any CPU.ActiveCfg = Release|Any CPU
		{01815CC8-F2EF-4067-9EC1-B610A8053BB1}.Release|Any CPU.Build.0 = Release|Any CPU
		{8D91947D-CE21-4D13-8833-44286E82A3BE}.Debug|Any CPU.ActiveCfg = Debug|Any CPU
		{8D91947D-CE21-4D13-8833-44286E82A3BE}.Debug|Any CPU.Build.0 = Debug|Any CPU
		{8D91947D-CE21-4D13-8833-44286E82A3BE}.Release|Any CPU.ActiveCfg = Release|Any CPU
		{8D91947D-CE21-4D13-8833-44286E82A3BE}.Release|Any CPU.Build.0 = Release|Any CPU
		{2DD7EEBC-13AA-4EC4-8001-6B96E8003B95}.Debug|Any CPU.ActiveCfg = Debug|Any CPU
		{2DD7EEBC-13AA-4EC4-8001-6B96E8003B95}.Debug|Any CPU.Build.0 = Debug|Any CPU
		{2DD7EEBC-13AA-4EC4-8001-6B96E8003B95}.Release|Any CPU.ActiveCfg = Release|Any CPU
		{2DD7EEBC-13AA-4EC4-8001-6B96E8003B95}.Release|Any CPU.Build.0 = Release|Any CPU
		{E9606E49-3939-4AF5-8183-9C4F33B9A536}.Debug|Any CPU.ActiveCfg = Debug|Any CPU
		{E9606E49-3939-4AF5-8183-9C4F33B9A536}.Debug|Any CPU.Build.0 = Debug|Any CPU
		{E9606E49-3939-4AF5-8183-9C4F33B9A536}.Release|Any CPU.ActiveCfg = Release|Any CPU
		{E9606E49-3939-4AF5-8183-9C4F33B9A536}.Release|Any CPU.Build.0 = Release|Any CPU
		{C326C7F4-63A5-4AB2-8AAC-D9C7456BBB63}.Debug|Any CPU.ActiveCfg = Debug|Any CPU
		{C326C7F4-63A5-4AB2-8AAC-D9C7456BBB63}.Debug|Any CPU.Build.0 = Debug|Any CPU
		{C326C7F4-63A5-4AB2-8AAC-D9C7456BBB63}.Release|Any CPU.ActiveCfg = Release|Any CPU
		{C326C7F4-63A5-4AB2-8AAC-D9C7456BBB63}.Release|Any CPU.Build.0 = Release|Any CPU
		{83E56CD2-9AFD-4978-8501-EBB29D84A09C}.Debug|Any CPU.ActiveCfg = Debug|Any CPU
		{83E56CD2-9AFD-4978-8501-EBB29D84A09C}.Debug|Any CPU.Build.0 = Debug|Any CPU
		{83E56CD2-9AFD-4978-8501-EBB29D84A09C}.Release|Any CPU.ActiveCfg = Release|Any CPU
		{83E56CD2-9AFD-4978-8501-EBB29D84A09C}.Release|Any CPU.Build.0 = Release|Any CPU
		{AC542221-D441-4AA9-9187-F7F82966983C}.Debug|Any CPU.ActiveCfg = Debug|Any CPU
		{AC542221-D441-4AA9-9187-F7F82966983C}.Debug|Any CPU.Build.0 = Debug|Any CPU
		{AC542221-D441-4AA9-9187-F7F82966983C}.Release|Any CPU.ActiveCfg = Release|Any CPU
		{AC542221-D441-4AA9-9187-F7F82966983C}.Release|Any CPU.Build.0 = Release|Any CPU
	EndGlobalSection
	GlobalSection(NestedProjects) = preSolution
		{FACBC10A-3E2D-4FB8-9209-6CF972C87997} = {539742AF-8FC0-4C4A-A506-68BAB9E6E082}
		{1D653023-F5BF-47F9-9FC6-C8E74E15FEE0} = {FACBC10A-3E2D-4FB8-9209-6CF972C87997}
		{A14CAF56-33C0-4070-A9C8-4B7604B68DD9} = {1D653023-F5BF-47F9-9FC6-C8E74E15FEE0}
		{E4C92274-07D9-43D2-9897-8AF633346E98} = {1D653023-F5BF-47F9-9FC6-C8E74E15FEE0}
		{E97D2DB1-6E73-4B66-96ED-3565CC201304} = {1D653023-F5BF-47F9-9FC6-C8E74E15FEE0}
		{65D44206-ACD0-45F3-8876-D4D26EFEC3B5} = {1D653023-F5BF-47F9-9FC6-C8E74E15FEE0}
		{2904BD1F-39C4-4F7F-86FE-4001C22DBA4F} = {1D653023-F5BF-47F9-9FC6-C8E74E15FEE0}
		{DA1E0224-1FC4-4081-9EB0-436464AA6588} = {1D653023-F5BF-47F9-9FC6-C8E74E15FEE0}
		{9B37F9C2-4CA8-4435-97B3-624D4EE8C68A} = {1D653023-F5BF-47F9-9FC6-C8E74E15FEE0}
		{6D085E8E-6550-4B92-BBA9-EFF818522B0F} = {1D653023-F5BF-47F9-9FC6-C8E74E15FEE0}
		{023B676F-C589-4F96-8760-205F53082189} = {1D653023-F5BF-47F9-9FC6-C8E74E15FEE0}
		{BF54183A-17A6-45D1-9912-425BDE5E6CE8} = {1D653023-F5BF-47F9-9FC6-C8E74E15FEE0}
		{1DA71B17-E3BA-4AAE-A8A8-772CD537885D} = {1D653023-F5BF-47F9-9FC6-C8E74E15FEE0}
		{D94BFC80-0A93-48BB-B42E-BA030E78A715} = {1D653023-F5BF-47F9-9FC6-C8E74E15FEE0}
		{032FB16E-864D-4F3F-B352-8DBC17CCA6AC} = {1D653023-F5BF-47F9-9FC6-C8E74E15FEE0}
		{30B2D832-1FB5-40A7-AD8B-9001DD142728} = {1D653023-F5BF-47F9-9FC6-C8E74E15FEE0}
		{39EFD07F-2EFE-44AA-802C-49C1669D63ED} = {1D653023-F5BF-47F9-9FC6-C8E74E15FEE0}
		{77DDB6DB-5681-42F6-AE8B-DCBC0A6A9373} = {1D653023-F5BF-47F9-9FC6-C8E74E15FEE0}
		{1424A9D5-B248-4FA1-8682-B3ACE5AFFA1D} = {1D653023-F5BF-47F9-9FC6-C8E74E15FEE0}
		{C50F439B-C654-4D32-AAFA-13DA75BA496C} = {1D653023-F5BF-47F9-9FC6-C8E74E15FEE0}
		{82B78A9F-F43D-4DD5-A482-31A6B59F5BD6} = {1D653023-F5BF-47F9-9FC6-C8E74E15FEE0}
		{77FB28CE-DCD4-4065-A060-ADCF8D5FF694} = {1D653023-F5BF-47F9-9FC6-C8E74E15FEE0}
		{F43050A4-5F60-4463-8706-28636AB4157B} = {1D653023-F5BF-47F9-9FC6-C8E74E15FEE0}
		{56551658-1830-4CA6-B6D0-47D959761894} = {1D653023-F5BF-47F9-9FC6-C8E74E15FEE0}
		{B9FC2BE7-47DE-4E8D-9841-5D9C331388F8} = {FACBC10A-3E2D-4FB8-9209-6CF972C87997}
		{219A46B7-E349-45B0-BB60-B50D75EDEF04} = {B9FC2BE7-47DE-4E8D-9841-5D9C331388F8}
		{0FD5CE65-AE36-4C32-A7B8-C17925BCE2C9} = {B9FC2BE7-47DE-4E8D-9841-5D9C331388F8}
		{362F678E-22B1-48C2-AA73-D4F5425F31BC} = {B9FC2BE7-47DE-4E8D-9841-5D9C331388F8}
		{D3114505-0FB8-45EB-AFA0-AEEBBE2885F1} = {B9FC2BE7-47DE-4E8D-9841-5D9C331388F8}
		{361D1FE8-219A-4D0F-BBE4-E5D7072E00BE} = {B9FC2BE7-47DE-4E8D-9841-5D9C331388F8}
		{1CA4DF7E-F7AC-4B03-BA07-F50473E5CE00} = {B9FC2BE7-47DE-4E8D-9841-5D9C331388F8}
		{F9EAEBCE-CCB9-48A8-9485-3FFD70493887} = {B9FC2BE7-47DE-4E8D-9841-5D9C331388F8}
		{84D02196-B855-43B0-9A7E-C698C4F72936} = {B9FC2BE7-47DE-4E8D-9841-5D9C331388F8}
		{67219C90-BDD8-41F9-88DB-17ADA33C5341} = {B9FC2BE7-47DE-4E8D-9841-5D9C331388F8}
		{1692D4AF-9673-4B50-9CE9-BC658A13CF9D} = {B9FC2BE7-47DE-4E8D-9841-5D9C331388F8}
		{E07FA061-3D28-46D5-980E-891D216941C8} = {B9FC2BE7-47DE-4E8D-9841-5D9C331388F8}
		{01815CC8-F2EF-4067-9EC1-B610A8053BB1} = {B9FC2BE7-47DE-4E8D-9841-5D9C331388F8}
		{8D91947D-CE21-4D13-8833-44286E82A3BE} = {B9FC2BE7-47DE-4E8D-9841-5D9C331388F8}
		{2DD7EEBC-13AA-4EC4-8001-6B96E8003B95} = {B9FC2BE7-47DE-4E8D-9841-5D9C331388F8}
		{E9606E49-3939-4AF5-8183-9C4F33B9A536} = {56037E3F-EDF8-41B5-AA99-FFBD89337C7B}
		{C326C7F4-63A5-4AB2-8AAC-D9C7456BBB63} = {56037E3F-EDF8-41B5-AA99-FFBD89337C7B}
		{83E56CD2-9AFD-4978-8501-EBB29D84A09C} = {56037E3F-EDF8-41B5-AA99-FFBD89337C7B}
		{AC542221-D441-4AA9-9187-F7F82966983C} = {9DA8C12E-B336-4536-B8F6-0573CB12D1BD}
	EndGlobalSection
EndGlobal
