
Microsoft Visual Studio Solution File, Format Version 12.00
# Visual Studio Version 16
VisualStudioVersion = 16.6.30114.105
MinimumVisualStudioVersion = 10.0.40219.1
Project("{2150E333-8FDC-42A3-9474-1A3956D46DE8}") = "src", "src", "{78ECD378-168B-46EF-B1CA-388D6720916D}"
EndProject
Project("{FAE04EC0-301F-11D3-BF4B-00C04F79EFBC}") = "Omnius.Lxna.Components.Implementations", "src\Omnius.Lxna.Components.Implementations\Omnius.Lxna.Components.Implementations.csproj", "{5B8AFE8E-C66D-4810-B8B0-071C7E625844}"
EndProject
Project("{FAE04EC0-301F-11D3-BF4B-00C04F79EFBC}") = "Omnius.Lxna.Components", "src\Omnius.Lxna.Components\Omnius.Lxna.Components.csproj", "{A5D1F6E2-35F9-4ED4-8F9E-2FE116EB2FFD}"
EndProject
Project("{FAE04EC0-301F-11D3-BF4B-00C04F79EFBC}") = "Omnius.Lxna.Ui.Desktop", "src\Omnius.Lxna.Ui.Desktop\Omnius.Lxna.Ui.Desktop.csproj", "{1E6D5866-E31C-472C-A0F8-AE9D4C7C49A0}"
EndProject
Project("{2150E333-8FDC-42A3-9474-1A3956D46DE8}") = "test", "test", "{0790056B-420A-46EF-92CD-3623C88E7031}"
EndProject
Project("{FAE04EC0-301F-11D3-BF4B-00C04F79EFBC}") = "Omnius.Lxna.Components.Tests", "test\Omnius.Lxna.Components.Tests\Omnius.Lxna.Components.Tests.csproj", "{7B83F40E-9DDE-4513-9849-DA51FAA5BAA7}"
EndProject
Project("{2150E333-8FDC-42A3-9474-1A3956D46DE8}") = "refs", "refs", "{07BA08FE-BAC1-499B-AB24-754329DDAA78}"
EndProject
Project("{2150E333-8FDC-42A3-9474-1A3956D46DE8}") = "core", "core", "{2B6F775F-DE9B-428D-8A55-5E79A8D7BD48}"
EndProject
Project("{2150E333-8FDC-42A3-9474-1A3956D46DE8}") = "src", "src", "{0DF6C9F8-C484-4FEC-8F69-5AE12BAAC4C9}"
EndProject
Project("{FAE04EC0-301F-11D3-BF4B-00C04F79EFBC}") = "Omnius.Core.Collections", "refs\core\src\Omnius.Core.Collections\Omnius.Core.Collections.csproj", "{322C7A6D-B5E4-4108-96D6-28B5F5D364D3}"
EndProject
Project("{FAE04EC0-301F-11D3-BF4B-00C04F79EFBC}") = "Omnius.Core.Cryptography", "refs\core\src\Omnius.Core.Cryptography\Omnius.Core.Cryptography.csproj", "{8117B200-F3D1-4F50-9730-3098522F4018}"
EndProject
Project("{FAE04EC0-301F-11D3-BF4B-00C04F79EFBC}") = "Omnius.Core.Net.Caps", "refs\core\src\Omnius.Core.Net.Caps\Omnius.Core.Net.Caps.csproj", "{43075C4A-2A36-406A-8024-DCA77D7622B6}"
EndProject
Project("{FAE04EC0-301F-11D3-BF4B-00C04F79EFBC}") = "Omnius.Core.Net.Connections", "refs\core\src\Omnius.Core.Net.Connections\Omnius.Core.Net.Connections.csproj", "{527C4C69-C5A8-48D9-BEC6-2B56F4230A4A}"
EndProject
Project("{FAE04EC0-301F-11D3-BF4B-00C04F79EFBC}") = "Omnius.Core.Net.Proxies", "refs\core\src\Omnius.Core.Net.Proxies\Omnius.Core.Net.Proxies.csproj", "{5F0D89E6-679B-4B9C-A229-5C4179415663}"
EndProject
Project("{FAE04EC0-301F-11D3-BF4B-00C04F79EFBC}") = "Omnius.Core.Net.Upnp", "refs\core\src\Omnius.Core.Net.Upnp\Omnius.Core.Net.Upnp.csproj", "{4992BB65-459E-47C8-93C0-15644E5FFADE}"
EndProject
Project("{FAE04EC0-301F-11D3-BF4B-00C04F79EFBC}") = "Omnius.Core.Net", "refs\core\src\Omnius.Core.Net\Omnius.Core.Net.csproj", "{8E4ECCC3-B38B-44EE-B9A1-A2B412C8A46E}"
EndProject
Project("{FAE04EC0-301F-11D3-BF4B-00C04F79EFBC}") = "Omnius.Core.Remoting", "refs\core\src\Omnius.Core.Remoting\Omnius.Core.Remoting.csproj", "{2D538AF4-015A-4533-9A32-2C0DB56D7F3B}"
EndProject
Project("{FAE04EC0-301F-11D3-BF4B-00C04F79EFBC}") = "Omnius.Core.RocketPack.DefinitionCompiler", "refs\core\src\Omnius.Core.RocketPack.DefinitionCompiler\Omnius.Core.RocketPack.DefinitionCompiler.csproj", "{7412FF6A-F736-491E-8287-065FE97DF018}"
EndProject
Project("{FAE04EC0-301F-11D3-BF4B-00C04F79EFBC}") = "Omnius.Core.RocketPack", "refs\core\src\Omnius.Core.RocketPack\Omnius.Core.RocketPack.csproj", "{DBE8EC2A-0529-42DA-901A-9B918453557E}"
EndProject
Project("{FAE04EC0-301F-11D3-BF4B-00C04F79EFBC}") = "Omnius.Core.Serialization", "refs\core\src\Omnius.Core.Serialization\Omnius.Core.Serialization.csproj", "{1AACE38B-32F9-4B19-A039-62E30B86D08C}"
EndProject
Project("{FAE04EC0-301F-11D3-BF4B-00C04F79EFBC}") = "Omnius.Core.Storages", "refs\core\src\Omnius.Core.Storages\Omnius.Core.Storages.csproj", "{BE50AC07-EF6B-4DAE-9CAD-A1CC2B782529}"
EndProject
Project("{FAE04EC0-301F-11D3-BF4B-00C04F79EFBC}") = "Omnius.Core.Streams", "refs\core\src\Omnius.Core.Streams\Omnius.Core.Streams.csproj", "{8CA81463-6276-4551-9BC2-A62C13C57480}"
EndProject
Project("{FAE04EC0-301F-11D3-BF4B-00C04F79EFBC}") = "Omnius.Core.UnitTestToolkit", "refs\core\src\Omnius.Core.UnitTestToolkit\Omnius.Core.UnitTestToolkit.csproj", "{AE5ACA7B-F6FF-45C6-91FF-BD50B65238B9}"
EndProject
Project("{FAE04EC0-301F-11D3-BF4B-00C04F79EFBC}") = "Omnius.Core", "refs\core\src\Omnius.Core\Omnius.Core.csproj", "{22D6CB2D-3CB1-49EE-AF61-6CD3E8B37DD8}"
EndProject
Project("{2150E333-8FDC-42A3-9474-1A3956D46DE8}") = "test", "test", "{D462FA1D-8D85-4F2D-A81B-B905B613E380}"
EndProject
Project("{FAE04EC0-301F-11D3-BF4B-00C04F79EFBC}") = "Omnius.Core.Cryptography.Tests", "refs\core\test\Omnius.Core.Cryptography.Tests\Omnius.Core.Cryptography.Tests.csproj", "{C6BA77D2-1B6C-4414-9FEE-634FC1DBC0D0}"
EndProject
Project("{FAE04EC0-301F-11D3-BF4B-00C04F79EFBC}") = "Omnius.Core.Net.Connections.Tests", "refs\core\test\Omnius.Core.Net.Connections.Tests\Omnius.Core.Net.Connections.Tests.csproj", "{5775E2C8-2E94-42FE-9D17-B53EEA886EA8}"
EndProject
Project("{FAE04EC0-301F-11D3-BF4B-00C04F79EFBC}") = "Omnius.Core.Net.Tests", "refs\core\test\Omnius.Core.Net.Tests\Omnius.Core.Net.Tests.csproj", "{02562171-BF14-4ED7-B51A-7253F0A40F6C}"
EndProject
Project("{FAE04EC0-301F-11D3-BF4B-00C04F79EFBC}") = "Omnius.Core.Net.Upnp.Tests", "refs\core\test\Omnius.Core.Net.Upnp.Tests\Omnius.Core.Net.Upnp.Tests.csproj", "{130BA1DF-4464-4A0B-A6BB-5EA6B7FCD0DB}"
EndProject
Project("{FAE04EC0-301F-11D3-BF4B-00C04F79EFBC}") = "Omnius.Core.Remoting.Tests", "refs\core\test\Omnius.Core.Remoting.Tests\Omnius.Core.Remoting.Tests.csproj", "{0E6D4DBD-5E91-4314-BE56-E97873B74BF6}"
EndProject
Project("{FAE04EC0-301F-11D3-BF4B-00C04F79EFBC}") = "Omnius.Core.RocketPack.DefinitionCompiler.Tests", "refs\core\test\Omnius.Core.RocketPack.DefinitionCompiler.Tests\Omnius.Core.RocketPack.DefinitionCompiler.Tests.csproj", "{F010B165-14FE-4E75-9F45-9D4ED83BEFEB}"
EndProject
Project("{FAE04EC0-301F-11D3-BF4B-00C04F79EFBC}") = "Omnius.Core.RocketPack.Tests", "refs\core\test\Omnius.Core.RocketPack.Tests\Omnius.Core.RocketPack.Tests.csproj", "{09E3804E-9F1D-4A87-AD7C-BF6759DC3DE4}"
EndProject
Project("{FAE04EC0-301F-11D3-BF4B-00C04F79EFBC}") = "Omnius.Core.Serialization.Tests", "refs\core\test\Omnius.Core.Serialization.Tests\Omnius.Core.Serialization.Tests.csproj", "{1BED0F9D-9FF8-49F6-967B-BA016FEBDE65}"
EndProject
Project("{FAE04EC0-301F-11D3-BF4B-00C04F79EFBC}") = "Omnius.Core.Streams.Tests", "refs\core\test\Omnius.Core.Streams.Tests\Omnius.Core.Streams.Tests.csproj", "{DE1FD179-39FE-40CC-814A-F90E838AF061}"
EndProject
Project("{FAE04EC0-301F-11D3-BF4B-00C04F79EFBC}") = "Omnius.Core.Tests", "refs\core\test\Omnius.Core.Tests\Omnius.Core.Tests.csproj", "{ECCBA0E6-F512-4367-8A6C-BE351922566F}"
EndProject
Global
	GlobalSection(SolutionConfigurationPlatforms) = preSolution
		Debug|Any CPU = Debug|Any CPU
		Debug|x64 = Debug|x64
		Debug|x86 = Debug|x86
		Release|Any CPU = Release|Any CPU
		Release|x64 = Release|x64
		Release|x86 = Release|x86
	EndGlobalSection
	GlobalSection(SolutionProperties) = preSolution
		HideSolutionNode = FALSE
	EndGlobalSection
	GlobalSection(ProjectConfigurationPlatforms) = postSolution
		{5B8AFE8E-C66D-4810-B8B0-071C7E625844}.Debug|Any CPU.ActiveCfg = Debug|Any CPU
		{5B8AFE8E-C66D-4810-B8B0-071C7E625844}.Debug|Any CPU.Build.0 = Debug|Any CPU
		{5B8AFE8E-C66D-4810-B8B0-071C7E625844}.Debug|x64.ActiveCfg = Debug|Any CPU
		{5B8AFE8E-C66D-4810-B8B0-071C7E625844}.Debug|x64.Build.0 = Debug|Any CPU
		{5B8AFE8E-C66D-4810-B8B0-071C7E625844}.Debug|x86.ActiveCfg = Debug|Any CPU
		{5B8AFE8E-C66D-4810-B8B0-071C7E625844}.Debug|x86.Build.0 = Debug|Any CPU
		{5B8AFE8E-C66D-4810-B8B0-071C7E625844}.Release|Any CPU.ActiveCfg = Release|Any CPU
		{5B8AFE8E-C66D-4810-B8B0-071C7E625844}.Release|Any CPU.Build.0 = Release|Any CPU
		{5B8AFE8E-C66D-4810-B8B0-071C7E625844}.Release|x64.ActiveCfg = Release|Any CPU
		{5B8AFE8E-C66D-4810-B8B0-071C7E625844}.Release|x64.Build.0 = Release|Any CPU
		{5B8AFE8E-C66D-4810-B8B0-071C7E625844}.Release|x86.ActiveCfg = Release|Any CPU
		{5B8AFE8E-C66D-4810-B8B0-071C7E625844}.Release|x86.Build.0 = Release|Any CPU
		{A5D1F6E2-35F9-4ED4-8F9E-2FE116EB2FFD}.Debug|Any CPU.ActiveCfg = Debug|Any CPU
		{A5D1F6E2-35F9-4ED4-8F9E-2FE116EB2FFD}.Debug|Any CPU.Build.0 = Debug|Any CPU
		{A5D1F6E2-35F9-4ED4-8F9E-2FE116EB2FFD}.Debug|x64.ActiveCfg = Debug|Any CPU
		{A5D1F6E2-35F9-4ED4-8F9E-2FE116EB2FFD}.Debug|x64.Build.0 = Debug|Any CPU
		{A5D1F6E2-35F9-4ED4-8F9E-2FE116EB2FFD}.Debug|x86.ActiveCfg = Debug|Any CPU
		{A5D1F6E2-35F9-4ED4-8F9E-2FE116EB2FFD}.Debug|x86.Build.0 = Debug|Any CPU
		{A5D1F6E2-35F9-4ED4-8F9E-2FE116EB2FFD}.Release|Any CPU.ActiveCfg = Release|Any CPU
		{A5D1F6E2-35F9-4ED4-8F9E-2FE116EB2FFD}.Release|Any CPU.Build.0 = Release|Any CPU
		{A5D1F6E2-35F9-4ED4-8F9E-2FE116EB2FFD}.Release|x64.ActiveCfg = Release|Any CPU
		{A5D1F6E2-35F9-4ED4-8F9E-2FE116EB2FFD}.Release|x64.Build.0 = Release|Any CPU
		{A5D1F6E2-35F9-4ED4-8F9E-2FE116EB2FFD}.Release|x86.ActiveCfg = Release|Any CPU
		{A5D1F6E2-35F9-4ED4-8F9E-2FE116EB2FFD}.Release|x86.Build.0 = Release|Any CPU
		{1E6D5866-E31C-472C-A0F8-AE9D4C7C49A0}.Debug|Any CPU.ActiveCfg = Debug|Any CPU
		{1E6D5866-E31C-472C-A0F8-AE9D4C7C49A0}.Debug|Any CPU.Build.0 = Debug|Any CPU
		{1E6D5866-E31C-472C-A0F8-AE9D4C7C49A0}.Debug|x64.ActiveCfg = Debug|Any CPU
		{1E6D5866-E31C-472C-A0F8-AE9D4C7C49A0}.Debug|x64.Build.0 = Debug|Any CPU
		{1E6D5866-E31C-472C-A0F8-AE9D4C7C49A0}.Debug|x86.ActiveCfg = Debug|Any CPU
		{1E6D5866-E31C-472C-A0F8-AE9D4C7C49A0}.Debug|x86.Build.0 = Debug|Any CPU
		{1E6D5866-E31C-472C-A0F8-AE9D4C7C49A0}.Release|Any CPU.ActiveCfg = Release|Any CPU
		{1E6D5866-E31C-472C-A0F8-AE9D4C7C49A0}.Release|Any CPU.Build.0 = Release|Any CPU
		{1E6D5866-E31C-472C-A0F8-AE9D4C7C49A0}.Release|x64.ActiveCfg = Release|Any CPU
		{1E6D5866-E31C-472C-A0F8-AE9D4C7C49A0}.Release|x64.Build.0 = Release|Any CPU
		{1E6D5866-E31C-472C-A0F8-AE9D4C7C49A0}.Release|x86.ActiveCfg = Release|Any CPU
		{1E6D5866-E31C-472C-A0F8-AE9D4C7C49A0}.Release|x86.Build.0 = Release|Any CPU
		{7B83F40E-9DDE-4513-9849-DA51FAA5BAA7}.Debug|Any CPU.ActiveCfg = Debug|Any CPU
		{7B83F40E-9DDE-4513-9849-DA51FAA5BAA7}.Debug|Any CPU.Build.0 = Debug|Any CPU
		{7B83F40E-9DDE-4513-9849-DA51FAA5BAA7}.Debug|x64.ActiveCfg = Debug|Any CPU
		{7B83F40E-9DDE-4513-9849-DA51FAA5BAA7}.Debug|x64.Build.0 = Debug|Any CPU
		{7B83F40E-9DDE-4513-9849-DA51FAA5BAA7}.Debug|x86.ActiveCfg = Debug|Any CPU
		{7B83F40E-9DDE-4513-9849-DA51FAA5BAA7}.Debug|x86.Build.0 = Debug|Any CPU
		{7B83F40E-9DDE-4513-9849-DA51FAA5BAA7}.Release|Any CPU.ActiveCfg = Release|Any CPU
		{7B83F40E-9DDE-4513-9849-DA51FAA5BAA7}.Release|Any CPU.Build.0 = Release|Any CPU
		{7B83F40E-9DDE-4513-9849-DA51FAA5BAA7}.Release|x64.ActiveCfg = Release|Any CPU
		{7B83F40E-9DDE-4513-9849-DA51FAA5BAA7}.Release|x64.Build.0 = Release|Any CPU
		{7B83F40E-9DDE-4513-9849-DA51FAA5BAA7}.Release|x86.ActiveCfg = Release|Any CPU
		{7B83F40E-9DDE-4513-9849-DA51FAA5BAA7}.Release|x86.Build.0 = Release|Any CPU
		{322C7A6D-B5E4-4108-96D6-28B5F5D364D3}.Debug|Any CPU.ActiveCfg = Debug|Any CPU
		{322C7A6D-B5E4-4108-96D6-28B5F5D364D3}.Debug|Any CPU.Build.0 = Debug|Any CPU
		{322C7A6D-B5E4-4108-96D6-28B5F5D364D3}.Debug|x64.ActiveCfg = Debug|Any CPU
		{322C7A6D-B5E4-4108-96D6-28B5F5D364D3}.Debug|x64.Build.0 = Debug|Any CPU
		{322C7A6D-B5E4-4108-96D6-28B5F5D364D3}.Debug|x86.ActiveCfg = Debug|Any CPU
		{322C7A6D-B5E4-4108-96D6-28B5F5D364D3}.Debug|x86.Build.0 = Debug|Any CPU
		{322C7A6D-B5E4-4108-96D6-28B5F5D364D3}.Release|Any CPU.ActiveCfg = Release|Any CPU
		{322C7A6D-B5E4-4108-96D6-28B5F5D364D3}.Release|Any CPU.Build.0 = Release|Any CPU
		{322C7A6D-B5E4-4108-96D6-28B5F5D364D3}.Release|x64.ActiveCfg = Release|Any CPU
		{322C7A6D-B5E4-4108-96D6-28B5F5D364D3}.Release|x64.Build.0 = Release|Any CPU
		{322C7A6D-B5E4-4108-96D6-28B5F5D364D3}.Release|x86.ActiveCfg = Release|Any CPU
		{322C7A6D-B5E4-4108-96D6-28B5F5D364D3}.Release|x86.Build.0 = Release|Any CPU
		{8117B200-F3D1-4F50-9730-3098522F4018}.Debug|Any CPU.ActiveCfg = Debug|Any CPU
		{8117B200-F3D1-4F50-9730-3098522F4018}.Debug|Any CPU.Build.0 = Debug|Any CPU
		{8117B200-F3D1-4F50-9730-3098522F4018}.Debug|x64.ActiveCfg = Debug|Any CPU
		{8117B200-F3D1-4F50-9730-3098522F4018}.Debug|x64.Build.0 = Debug|Any CPU
		{8117B200-F3D1-4F50-9730-3098522F4018}.Debug|x86.ActiveCfg = Debug|Any CPU
		{8117B200-F3D1-4F50-9730-3098522F4018}.Debug|x86.Build.0 = Debug|Any CPU
		{8117B200-F3D1-4F50-9730-3098522F4018}.Release|Any CPU.ActiveCfg = Release|Any CPU
		{8117B200-F3D1-4F50-9730-3098522F4018}.Release|Any CPU.Build.0 = Release|Any CPU
		{8117B200-F3D1-4F50-9730-3098522F4018}.Release|x64.ActiveCfg = Release|Any CPU
		{8117B200-F3D1-4F50-9730-3098522F4018}.Release|x64.Build.0 = Release|Any CPU
		{8117B200-F3D1-4F50-9730-3098522F4018}.Release|x86.ActiveCfg = Release|Any CPU
		{8117B200-F3D1-4F50-9730-3098522F4018}.Release|x86.Build.0 = Release|Any CPU
		{43075C4A-2A36-406A-8024-DCA77D7622B6}.Debug|Any CPU.ActiveCfg = Debug|Any CPU
		{43075C4A-2A36-406A-8024-DCA77D7622B6}.Debug|Any CPU.Build.0 = Debug|Any CPU
		{43075C4A-2A36-406A-8024-DCA77D7622B6}.Debug|x64.ActiveCfg = Debug|Any CPU
		{43075C4A-2A36-406A-8024-DCA77D7622B6}.Debug|x64.Build.0 = Debug|Any CPU
		{43075C4A-2A36-406A-8024-DCA77D7622B6}.Debug|x86.ActiveCfg = Debug|Any CPU
		{43075C4A-2A36-406A-8024-DCA77D7622B6}.Debug|x86.Build.0 = Debug|Any CPU
		{43075C4A-2A36-406A-8024-DCA77D7622B6}.Release|Any CPU.ActiveCfg = Release|Any CPU
		{43075C4A-2A36-406A-8024-DCA77D7622B6}.Release|Any CPU.Build.0 = Release|Any CPU
		{43075C4A-2A36-406A-8024-DCA77D7622B6}.Release|x64.ActiveCfg = Release|Any CPU
		{43075C4A-2A36-406A-8024-DCA77D7622B6}.Release|x64.Build.0 = Release|Any CPU
		{43075C4A-2A36-406A-8024-DCA77D7622B6}.Release|x86.ActiveCfg = Release|Any CPU
		{43075C4A-2A36-406A-8024-DCA77D7622B6}.Release|x86.Build.0 = Release|Any CPU
		{527C4C69-C5A8-48D9-BEC6-2B56F4230A4A}.Debug|Any CPU.ActiveCfg = Debug|Any CPU
		{527C4C69-C5A8-48D9-BEC6-2B56F4230A4A}.Debug|Any CPU.Build.0 = Debug|Any CPU
		{527C4C69-C5A8-48D9-BEC6-2B56F4230A4A}.Debug|x64.ActiveCfg = Debug|Any CPU
		{527C4C69-C5A8-48D9-BEC6-2B56F4230A4A}.Debug|x64.Build.0 = Debug|Any CPU
		{527C4C69-C5A8-48D9-BEC6-2B56F4230A4A}.Debug|x86.ActiveCfg = Debug|Any CPU
		{527C4C69-C5A8-48D9-BEC6-2B56F4230A4A}.Debug|x86.Build.0 = Debug|Any CPU
		{527C4C69-C5A8-48D9-BEC6-2B56F4230A4A}.Release|Any CPU.ActiveCfg = Release|Any CPU
		{527C4C69-C5A8-48D9-BEC6-2B56F4230A4A}.Release|Any CPU.Build.0 = Release|Any CPU
		{527C4C69-C5A8-48D9-BEC6-2B56F4230A4A}.Release|x64.ActiveCfg = Release|Any CPU
		{527C4C69-C5A8-48D9-BEC6-2B56F4230A4A}.Release|x64.Build.0 = Release|Any CPU
		{527C4C69-C5A8-48D9-BEC6-2B56F4230A4A}.Release|x86.ActiveCfg = Release|Any CPU
		{527C4C69-C5A8-48D9-BEC6-2B56F4230A4A}.Release|x86.Build.0 = Release|Any CPU
		{5F0D89E6-679B-4B9C-A229-5C4179415663}.Debug|Any CPU.ActiveCfg = Debug|Any CPU
		{5F0D89E6-679B-4B9C-A229-5C4179415663}.Debug|Any CPU.Build.0 = Debug|Any CPU
		{5F0D89E6-679B-4B9C-A229-5C4179415663}.Debug|x64.ActiveCfg = Debug|Any CPU
		{5F0D89E6-679B-4B9C-A229-5C4179415663}.Debug|x64.Build.0 = Debug|Any CPU
		{5F0D89E6-679B-4B9C-A229-5C4179415663}.Debug|x86.ActiveCfg = Debug|Any CPU
		{5F0D89E6-679B-4B9C-A229-5C4179415663}.Debug|x86.Build.0 = Debug|Any CPU
		{5F0D89E6-679B-4B9C-A229-5C4179415663}.Release|Any CPU.ActiveCfg = Release|Any CPU
		{5F0D89E6-679B-4B9C-A229-5C4179415663}.Release|Any CPU.Build.0 = Release|Any CPU
		{5F0D89E6-679B-4B9C-A229-5C4179415663}.Release|x64.ActiveCfg = Release|Any CPU
		{5F0D89E6-679B-4B9C-A229-5C4179415663}.Release|x64.Build.0 = Release|Any CPU
		{5F0D89E6-679B-4B9C-A229-5C4179415663}.Release|x86.ActiveCfg = Release|Any CPU
		{5F0D89E6-679B-4B9C-A229-5C4179415663}.Release|x86.Build.0 = Release|Any CPU
		{4992BB65-459E-47C8-93C0-15644E5FFADE}.Debug|Any CPU.ActiveCfg = Debug|Any CPU
		{4992BB65-459E-47C8-93C0-15644E5FFADE}.Debug|Any CPU.Build.0 = Debug|Any CPU
		{4992BB65-459E-47C8-93C0-15644E5FFADE}.Debug|x64.ActiveCfg = Debug|Any CPU
		{4992BB65-459E-47C8-93C0-15644E5FFADE}.Debug|x64.Build.0 = Debug|Any CPU
		{4992BB65-459E-47C8-93C0-15644E5FFADE}.Debug|x86.ActiveCfg = Debug|Any CPU
		{4992BB65-459E-47C8-93C0-15644E5FFADE}.Debug|x86.Build.0 = Debug|Any CPU
		{4992BB65-459E-47C8-93C0-15644E5FFADE}.Release|Any CPU.ActiveCfg = Release|Any CPU
		{4992BB65-459E-47C8-93C0-15644E5FFADE}.Release|Any CPU.Build.0 = Release|Any CPU
		{4992BB65-459E-47C8-93C0-15644E5FFADE}.Release|x64.ActiveCfg = Release|Any CPU
		{4992BB65-459E-47C8-93C0-15644E5FFADE}.Release|x64.Build.0 = Release|Any CPU
		{4992BB65-459E-47C8-93C0-15644E5FFADE}.Release|x86.ActiveCfg = Release|Any CPU
		{4992BB65-459E-47C8-93C0-15644E5FFADE}.Release|x86.Build.0 = Release|Any CPU
		{8E4ECCC3-B38B-44EE-B9A1-A2B412C8A46E}.Debug|Any CPU.ActiveCfg = Debug|Any CPU
		{8E4ECCC3-B38B-44EE-B9A1-A2B412C8A46E}.Debug|Any CPU.Build.0 = Debug|Any CPU
		{8E4ECCC3-B38B-44EE-B9A1-A2B412C8A46E}.Debug|x64.ActiveCfg = Debug|Any CPU
		{8E4ECCC3-B38B-44EE-B9A1-A2B412C8A46E}.Debug|x64.Build.0 = Debug|Any CPU
		{8E4ECCC3-B38B-44EE-B9A1-A2B412C8A46E}.Debug|x86.ActiveCfg = Debug|Any CPU
		{8E4ECCC3-B38B-44EE-B9A1-A2B412C8A46E}.Debug|x86.Build.0 = Debug|Any CPU
		{8E4ECCC3-B38B-44EE-B9A1-A2B412C8A46E}.Release|Any CPU.ActiveCfg = Release|Any CPU
		{8E4ECCC3-B38B-44EE-B9A1-A2B412C8A46E}.Release|Any CPU.Build.0 = Release|Any CPU
		{8E4ECCC3-B38B-44EE-B9A1-A2B412C8A46E}.Release|x64.ActiveCfg = Release|Any CPU
		{8E4ECCC3-B38B-44EE-B9A1-A2B412C8A46E}.Release|x64.Build.0 = Release|Any CPU
		{8E4ECCC3-B38B-44EE-B9A1-A2B412C8A46E}.Release|x86.ActiveCfg = Release|Any CPU
		{8E4ECCC3-B38B-44EE-B9A1-A2B412C8A46E}.Release|x86.Build.0 = Release|Any CPU
		{2D538AF4-015A-4533-9A32-2C0DB56D7F3B}.Debug|Any CPU.ActiveCfg = Debug|Any CPU
		{2D538AF4-015A-4533-9A32-2C0DB56D7F3B}.Debug|Any CPU.Build.0 = Debug|Any CPU
		{2D538AF4-015A-4533-9A32-2C0DB56D7F3B}.Debug|x64.ActiveCfg = Debug|Any CPU
		{2D538AF4-015A-4533-9A32-2C0DB56D7F3B}.Debug|x64.Build.0 = Debug|Any CPU
		{2D538AF4-015A-4533-9A32-2C0DB56D7F3B}.Debug|x86.ActiveCfg = Debug|Any CPU
		{2D538AF4-015A-4533-9A32-2C0DB56D7F3B}.Debug|x86.Build.0 = Debug|Any CPU
		{2D538AF4-015A-4533-9A32-2C0DB56D7F3B}.Release|Any CPU.ActiveCfg = Release|Any CPU
		{2D538AF4-015A-4533-9A32-2C0DB56D7F3B}.Release|Any CPU.Build.0 = Release|Any CPU
		{2D538AF4-015A-4533-9A32-2C0DB56D7F3B}.Release|x64.ActiveCfg = Release|Any CPU
		{2D538AF4-015A-4533-9A32-2C0DB56D7F3B}.Release|x64.Build.0 = Release|Any CPU
		{2D538AF4-015A-4533-9A32-2C0DB56D7F3B}.Release|x86.ActiveCfg = Release|Any CPU
		{2D538AF4-015A-4533-9A32-2C0DB56D7F3B}.Release|x86.Build.0 = Release|Any CPU
		{7412FF6A-F736-491E-8287-065FE97DF018}.Debug|Any CPU.ActiveCfg = Debug|Any CPU
		{7412FF6A-F736-491E-8287-065FE97DF018}.Debug|Any CPU.Build.0 = Debug|Any CPU
		{7412FF6A-F736-491E-8287-065FE97DF018}.Debug|x64.ActiveCfg = Debug|Any CPU
		{7412FF6A-F736-491E-8287-065FE97DF018}.Debug|x64.Build.0 = Debug|Any CPU
		{7412FF6A-F736-491E-8287-065FE97DF018}.Debug|x86.ActiveCfg = Debug|Any CPU
		{7412FF6A-F736-491E-8287-065FE97DF018}.Debug|x86.Build.0 = Debug|Any CPU
		{7412FF6A-F736-491E-8287-065FE97DF018}.Release|Any CPU.ActiveCfg = Release|Any CPU
		{7412FF6A-F736-491E-8287-065FE97DF018}.Release|Any CPU.Build.0 = Release|Any CPU
		{7412FF6A-F736-491E-8287-065FE97DF018}.Release|x64.ActiveCfg = Release|Any CPU
		{7412FF6A-F736-491E-8287-065FE97DF018}.Release|x64.Build.0 = Release|Any CPU
		{7412FF6A-F736-491E-8287-065FE97DF018}.Release|x86.ActiveCfg = Release|Any CPU
		{7412FF6A-F736-491E-8287-065FE97DF018}.Release|x86.Build.0 = Release|Any CPU
		{DBE8EC2A-0529-42DA-901A-9B918453557E}.Debug|Any CPU.ActiveCfg = Debug|Any CPU
		{DBE8EC2A-0529-42DA-901A-9B918453557E}.Debug|Any CPU.Build.0 = Debug|Any CPU
		{DBE8EC2A-0529-42DA-901A-9B918453557E}.Debug|x64.ActiveCfg = Debug|Any CPU
		{DBE8EC2A-0529-42DA-901A-9B918453557E}.Debug|x64.Build.0 = Debug|Any CPU
		{DBE8EC2A-0529-42DA-901A-9B918453557E}.Debug|x86.ActiveCfg = Debug|Any CPU
		{DBE8EC2A-0529-42DA-901A-9B918453557E}.Debug|x86.Build.0 = Debug|Any CPU
		{DBE8EC2A-0529-42DA-901A-9B918453557E}.Release|Any CPU.ActiveCfg = Release|Any CPU
		{DBE8EC2A-0529-42DA-901A-9B918453557E}.Release|Any CPU.Build.0 = Release|Any CPU
		{DBE8EC2A-0529-42DA-901A-9B918453557E}.Release|x64.ActiveCfg = Release|Any CPU
		{DBE8EC2A-0529-42DA-901A-9B918453557E}.Release|x64.Build.0 = Release|Any CPU
		{DBE8EC2A-0529-42DA-901A-9B918453557E}.Release|x86.ActiveCfg = Release|Any CPU
		{DBE8EC2A-0529-42DA-901A-9B918453557E}.Release|x86.Build.0 = Release|Any CPU
		{1AACE38B-32F9-4B19-A039-62E30B86D08C}.Debug|Any CPU.ActiveCfg = Debug|Any CPU
		{1AACE38B-32F9-4B19-A039-62E30B86D08C}.Debug|Any CPU.Build.0 = Debug|Any CPU
		{1AACE38B-32F9-4B19-A039-62E30B86D08C}.Debug|x64.ActiveCfg = Debug|Any CPU
		{1AACE38B-32F9-4B19-A039-62E30B86D08C}.Debug|x64.Build.0 = Debug|Any CPU
		{1AACE38B-32F9-4B19-A039-62E30B86D08C}.Debug|x86.ActiveCfg = Debug|Any CPU
		{1AACE38B-32F9-4B19-A039-62E30B86D08C}.Debug|x86.Build.0 = Debug|Any CPU
		{1AACE38B-32F9-4B19-A039-62E30B86D08C}.Release|Any CPU.ActiveCfg = Release|Any CPU
		{1AACE38B-32F9-4B19-A039-62E30B86D08C}.Release|Any CPU.Build.0 = Release|Any CPU
		{1AACE38B-32F9-4B19-A039-62E30B86D08C}.Release|x64.ActiveCfg = Release|Any CPU
		{1AACE38B-32F9-4B19-A039-62E30B86D08C}.Release|x64.Build.0 = Release|Any CPU
		{1AACE38B-32F9-4B19-A039-62E30B86D08C}.Release|x86.ActiveCfg = Release|Any CPU
		{1AACE38B-32F9-4B19-A039-62E30B86D08C}.Release|x86.Build.0 = Release|Any CPU
		{BE50AC07-EF6B-4DAE-9CAD-A1CC2B782529}.Debug|Any CPU.ActiveCfg = Debug|Any CPU
		{BE50AC07-EF6B-4DAE-9CAD-A1CC2B782529}.Debug|Any CPU.Build.0 = Debug|Any CPU
		{BE50AC07-EF6B-4DAE-9CAD-A1CC2B782529}.Debug|x64.ActiveCfg = Debug|Any CPU
		{BE50AC07-EF6B-4DAE-9CAD-A1CC2B782529}.Debug|x64.Build.0 = Debug|Any CPU
		{BE50AC07-EF6B-4DAE-9CAD-A1CC2B782529}.Debug|x86.ActiveCfg = Debug|Any CPU
		{BE50AC07-EF6B-4DAE-9CAD-A1CC2B782529}.Debug|x86.Build.0 = Debug|Any CPU
		{BE50AC07-EF6B-4DAE-9CAD-A1CC2B782529}.Release|Any CPU.ActiveCfg = Release|Any CPU
		{BE50AC07-EF6B-4DAE-9CAD-A1CC2B782529}.Release|Any CPU.Build.0 = Release|Any CPU
		{BE50AC07-EF6B-4DAE-9CAD-A1CC2B782529}.Release|x64.ActiveCfg = Release|Any CPU
		{BE50AC07-EF6B-4DAE-9CAD-A1CC2B782529}.Release|x64.Build.0 = Release|Any CPU
		{BE50AC07-EF6B-4DAE-9CAD-A1CC2B782529}.Release|x86.ActiveCfg = Release|Any CPU
		{BE50AC07-EF6B-4DAE-9CAD-A1CC2B782529}.Release|x86.Build.0 = Release|Any CPU
		{8CA81463-6276-4551-9BC2-A62C13C57480}.Debug|Any CPU.ActiveCfg = Debug|Any CPU
		{8CA81463-6276-4551-9BC2-A62C13C57480}.Debug|Any CPU.Build.0 = Debug|Any CPU
		{8CA81463-6276-4551-9BC2-A62C13C57480}.Debug|x64.ActiveCfg = Debug|Any CPU
		{8CA81463-6276-4551-9BC2-A62C13C57480}.Debug|x64.Build.0 = Debug|Any CPU
		{8CA81463-6276-4551-9BC2-A62C13C57480}.Debug|x86.ActiveCfg = Debug|Any CPU
		{8CA81463-6276-4551-9BC2-A62C13C57480}.Debug|x86.Build.0 = Debug|Any CPU
		{8CA81463-6276-4551-9BC2-A62C13C57480}.Release|Any CPU.ActiveCfg = Release|Any CPU
		{8CA81463-6276-4551-9BC2-A62C13C57480}.Release|Any CPU.Build.0 = Release|Any CPU
		{8CA81463-6276-4551-9BC2-A62C13C57480}.Release|x64.ActiveCfg = Release|Any CPU
		{8CA81463-6276-4551-9BC2-A62C13C57480}.Release|x64.Build.0 = Release|Any CPU
		{8CA81463-6276-4551-9BC2-A62C13C57480}.Release|x86.ActiveCfg = Release|Any CPU
		{8CA81463-6276-4551-9BC2-A62C13C57480}.Release|x86.Build.0 = Release|Any CPU
		{AE5ACA7B-F6FF-45C6-91FF-BD50B65238B9}.Debug|Any CPU.ActiveCfg = Debug|Any CPU
		{AE5ACA7B-F6FF-45C6-91FF-BD50B65238B9}.Debug|Any CPU.Build.0 = Debug|Any CPU
		{AE5ACA7B-F6FF-45C6-91FF-BD50B65238B9}.Debug|x64.ActiveCfg = Debug|Any CPU
		{AE5ACA7B-F6FF-45C6-91FF-BD50B65238B9}.Debug|x64.Build.0 = Debug|Any CPU
		{AE5ACA7B-F6FF-45C6-91FF-BD50B65238B9}.Debug|x86.ActiveCfg = Debug|Any CPU
		{AE5ACA7B-F6FF-45C6-91FF-BD50B65238B9}.Debug|x86.Build.0 = Debug|Any CPU
		{AE5ACA7B-F6FF-45C6-91FF-BD50B65238B9}.Release|Any CPU.ActiveCfg = Release|Any CPU
		{AE5ACA7B-F6FF-45C6-91FF-BD50B65238B9}.Release|Any CPU.Build.0 = Release|Any CPU
		{AE5ACA7B-F6FF-45C6-91FF-BD50B65238B9}.Release|x64.ActiveCfg = Release|Any CPU
		{AE5ACA7B-F6FF-45C6-91FF-BD50B65238B9}.Release|x64.Build.0 = Release|Any CPU
		{AE5ACA7B-F6FF-45C6-91FF-BD50B65238B9}.Release|x86.ActiveCfg = Release|Any CPU
		{AE5ACA7B-F6FF-45C6-91FF-BD50B65238B9}.Release|x86.Build.0 = Release|Any CPU
		{22D6CB2D-3CB1-49EE-AF61-6CD3E8B37DD8}.Debug|Any CPU.ActiveCfg = Debug|Any CPU
		{22D6CB2D-3CB1-49EE-AF61-6CD3E8B37DD8}.Debug|Any CPU.Build.0 = Debug|Any CPU
		{22D6CB2D-3CB1-49EE-AF61-6CD3E8B37DD8}.Debug|x64.ActiveCfg = Debug|Any CPU
		{22D6CB2D-3CB1-49EE-AF61-6CD3E8B37DD8}.Debug|x64.Build.0 = Debug|Any CPU
		{22D6CB2D-3CB1-49EE-AF61-6CD3E8B37DD8}.Debug|x86.ActiveCfg = Debug|Any CPU
		{22D6CB2D-3CB1-49EE-AF61-6CD3E8B37DD8}.Debug|x86.Build.0 = Debug|Any CPU
		{22D6CB2D-3CB1-49EE-AF61-6CD3E8B37DD8}.Release|Any CPU.ActiveCfg = Release|Any CPU
		{22D6CB2D-3CB1-49EE-AF61-6CD3E8B37DD8}.Release|Any CPU.Build.0 = Release|Any CPU
		{22D6CB2D-3CB1-49EE-AF61-6CD3E8B37DD8}.Release|x64.ActiveCfg = Release|Any CPU
		{22D6CB2D-3CB1-49EE-AF61-6CD3E8B37DD8}.Release|x64.Build.0 = Release|Any CPU
		{22D6CB2D-3CB1-49EE-AF61-6CD3E8B37DD8}.Release|x86.ActiveCfg = Release|Any CPU
		{22D6CB2D-3CB1-49EE-AF61-6CD3E8B37DD8}.Release|x86.Build.0 = Release|Any CPU
		{C6BA77D2-1B6C-4414-9FEE-634FC1DBC0D0}.Debug|Any CPU.ActiveCfg = Debug|Any CPU
		{C6BA77D2-1B6C-4414-9FEE-634FC1DBC0D0}.Debug|Any CPU.Build.0 = Debug|Any CPU
		{C6BA77D2-1B6C-4414-9FEE-634FC1DBC0D0}.Debug|x64.ActiveCfg = Debug|Any CPU
		{C6BA77D2-1B6C-4414-9FEE-634FC1DBC0D0}.Debug|x64.Build.0 = Debug|Any CPU
		{C6BA77D2-1B6C-4414-9FEE-634FC1DBC0D0}.Debug|x86.ActiveCfg = Debug|Any CPU
		{C6BA77D2-1B6C-4414-9FEE-634FC1DBC0D0}.Debug|x86.Build.0 = Debug|Any CPU
		{C6BA77D2-1B6C-4414-9FEE-634FC1DBC0D0}.Release|Any CPU.ActiveCfg = Release|Any CPU
		{C6BA77D2-1B6C-4414-9FEE-634FC1DBC0D0}.Release|Any CPU.Build.0 = Release|Any CPU
		{C6BA77D2-1B6C-4414-9FEE-634FC1DBC0D0}.Release|x64.ActiveCfg = Release|Any CPU
		{C6BA77D2-1B6C-4414-9FEE-634FC1DBC0D0}.Release|x64.Build.0 = Release|Any CPU
		{C6BA77D2-1B6C-4414-9FEE-634FC1DBC0D0}.Release|x86.ActiveCfg = Release|Any CPU
		{C6BA77D2-1B6C-4414-9FEE-634FC1DBC0D0}.Release|x86.Build.0 = Release|Any CPU
		{5775E2C8-2E94-42FE-9D17-B53EEA886EA8}.Debug|Any CPU.ActiveCfg = Debug|Any CPU
		{5775E2C8-2E94-42FE-9D17-B53EEA886EA8}.Debug|Any CPU.Build.0 = Debug|Any CPU
		{5775E2C8-2E94-42FE-9D17-B53EEA886EA8}.Debug|x64.ActiveCfg = Debug|Any CPU
		{5775E2C8-2E94-42FE-9D17-B53EEA886EA8}.Debug|x64.Build.0 = Debug|Any CPU
		{5775E2C8-2E94-42FE-9D17-B53EEA886EA8}.Debug|x86.ActiveCfg = Debug|Any CPU
		{5775E2C8-2E94-42FE-9D17-B53EEA886EA8}.Debug|x86.Build.0 = Debug|Any CPU
		{5775E2C8-2E94-42FE-9D17-B53EEA886EA8}.Release|Any CPU.ActiveCfg = Release|Any CPU
		{5775E2C8-2E94-42FE-9D17-B53EEA886EA8}.Release|Any CPU.Build.0 = Release|Any CPU
		{5775E2C8-2E94-42FE-9D17-B53EEA886EA8}.Release|x64.ActiveCfg = Release|Any CPU
		{5775E2C8-2E94-42FE-9D17-B53EEA886EA8}.Release|x64.Build.0 = Release|Any CPU
		{5775E2C8-2E94-42FE-9D17-B53EEA886EA8}.Release|x86.ActiveCfg = Release|Any CPU
		{5775E2C8-2E94-42FE-9D17-B53EEA886EA8}.Release|x86.Build.0 = Release|Any CPU
		{02562171-BF14-4ED7-B51A-7253F0A40F6C}.Debug|Any CPU.ActiveCfg = Debug|Any CPU
		{02562171-BF14-4ED7-B51A-7253F0A40F6C}.Debug|Any CPU.Build.0 = Debug|Any CPU
		{02562171-BF14-4ED7-B51A-7253F0A40F6C}.Debug|x64.ActiveCfg = Debug|Any CPU
		{02562171-BF14-4ED7-B51A-7253F0A40F6C}.Debug|x64.Build.0 = Debug|Any CPU
		{02562171-BF14-4ED7-B51A-7253F0A40F6C}.Debug|x86.ActiveCfg = Debug|Any CPU
		{02562171-BF14-4ED7-B51A-7253F0A40F6C}.Debug|x86.Build.0 = Debug|Any CPU
		{02562171-BF14-4ED7-B51A-7253F0A40F6C}.Release|Any CPU.ActiveCfg = Release|Any CPU
		{02562171-BF14-4ED7-B51A-7253F0A40F6C}.Release|Any CPU.Build.0 = Release|Any CPU
		{02562171-BF14-4ED7-B51A-7253F0A40F6C}.Release|x64.ActiveCfg = Release|Any CPU
		{02562171-BF14-4ED7-B51A-7253F0A40F6C}.Release|x64.Build.0 = Release|Any CPU
		{02562171-BF14-4ED7-B51A-7253F0A40F6C}.Release|x86.ActiveCfg = Release|Any CPU
		{02562171-BF14-4ED7-B51A-7253F0A40F6C}.Release|x86.Build.0 = Release|Any CPU
		{130BA1DF-4464-4A0B-A6BB-5EA6B7FCD0DB}.Debug|Any CPU.ActiveCfg = Debug|Any CPU
		{130BA1DF-4464-4A0B-A6BB-5EA6B7FCD0DB}.Debug|Any CPU.Build.0 = Debug|Any CPU
		{130BA1DF-4464-4A0B-A6BB-5EA6B7FCD0DB}.Debug|x64.ActiveCfg = Debug|Any CPU
		{130BA1DF-4464-4A0B-A6BB-5EA6B7FCD0DB}.Debug|x64.Build.0 = Debug|Any CPU
		{130BA1DF-4464-4A0B-A6BB-5EA6B7FCD0DB}.Debug|x86.ActiveCfg = Debug|Any CPU
		{130BA1DF-4464-4A0B-A6BB-5EA6B7FCD0DB}.Debug|x86.Build.0 = Debug|Any CPU
		{130BA1DF-4464-4A0B-A6BB-5EA6B7FCD0DB}.Release|Any CPU.ActiveCfg = Release|Any CPU
		{130BA1DF-4464-4A0B-A6BB-5EA6B7FCD0DB}.Release|Any CPU.Build.0 = Release|Any CPU
		{130BA1DF-4464-4A0B-A6BB-5EA6B7FCD0DB}.Release|x64.ActiveCfg = Release|Any CPU
		{130BA1DF-4464-4A0B-A6BB-5EA6B7FCD0DB}.Release|x64.Build.0 = Release|Any CPU
		{130BA1DF-4464-4A0B-A6BB-5EA6B7FCD0DB}.Release|x86.ActiveCfg = Release|Any CPU
		{130BA1DF-4464-4A0B-A6BB-5EA6B7FCD0DB}.Release|x86.Build.0 = Release|Any CPU
		{0E6D4DBD-5E91-4314-BE56-E97873B74BF6}.Debug|Any CPU.ActiveCfg = Debug|Any CPU
		{0E6D4DBD-5E91-4314-BE56-E97873B74BF6}.Debug|Any CPU.Build.0 = Debug|Any CPU
		{0E6D4DBD-5E91-4314-BE56-E97873B74BF6}.Debug|x64.ActiveCfg = Debug|Any CPU
		{0E6D4DBD-5E91-4314-BE56-E97873B74BF6}.Debug|x64.Build.0 = Debug|Any CPU
		{0E6D4DBD-5E91-4314-BE56-E97873B74BF6}.Debug|x86.ActiveCfg = Debug|Any CPU
		{0E6D4DBD-5E91-4314-BE56-E97873B74BF6}.Debug|x86.Build.0 = Debug|Any CPU
		{0E6D4DBD-5E91-4314-BE56-E97873B74BF6}.Release|Any CPU.ActiveCfg = Release|Any CPU
		{0E6D4DBD-5E91-4314-BE56-E97873B74BF6}.Release|Any CPU.Build.0 = Release|Any CPU
		{0E6D4DBD-5E91-4314-BE56-E97873B74BF6}.Release|x64.ActiveCfg = Release|Any CPU
		{0E6D4DBD-5E91-4314-BE56-E97873B74BF6}.Release|x64.Build.0 = Release|Any CPU
		{0E6D4DBD-5E91-4314-BE56-E97873B74BF6}.Release|x86.ActiveCfg = Release|Any CPU
		{0E6D4DBD-5E91-4314-BE56-E97873B74BF6}.Release|x86.Build.0 = Release|Any CPU
		{F010B165-14FE-4E75-9F45-9D4ED83BEFEB}.Debug|Any CPU.ActiveCfg = Debug|Any CPU
		{F010B165-14FE-4E75-9F45-9D4ED83BEFEB}.Debug|Any CPU.Build.0 = Debug|Any CPU
		{F010B165-14FE-4E75-9F45-9D4ED83BEFEB}.Debug|x64.ActiveCfg = Debug|Any CPU
		{F010B165-14FE-4E75-9F45-9D4ED83BEFEB}.Debug|x64.Build.0 = Debug|Any CPU
		{F010B165-14FE-4E75-9F45-9D4ED83BEFEB}.Debug|x86.ActiveCfg = Debug|Any CPU
		{F010B165-14FE-4E75-9F45-9D4ED83BEFEB}.Debug|x86.Build.0 = Debug|Any CPU
		{F010B165-14FE-4E75-9F45-9D4ED83BEFEB}.Release|Any CPU.ActiveCfg = Release|Any CPU
		{F010B165-14FE-4E75-9F45-9D4ED83BEFEB}.Release|Any CPU.Build.0 = Release|Any CPU
		{F010B165-14FE-4E75-9F45-9D4ED83BEFEB}.Release|x64.ActiveCfg = Release|Any CPU
		{F010B165-14FE-4E75-9F45-9D4ED83BEFEB}.Release|x64.Build.0 = Release|Any CPU
		{F010B165-14FE-4E75-9F45-9D4ED83BEFEB}.Release|x86.ActiveCfg = Release|Any CPU
		{F010B165-14FE-4E75-9F45-9D4ED83BEFEB}.Release|x86.Build.0 = Release|Any CPU
		{09E3804E-9F1D-4A87-AD7C-BF6759DC3DE4}.Debug|Any CPU.ActiveCfg = Debug|Any CPU
		{09E3804E-9F1D-4A87-AD7C-BF6759DC3DE4}.Debug|Any CPU.Build.0 = Debug|Any CPU
		{09E3804E-9F1D-4A87-AD7C-BF6759DC3DE4}.Debug|x64.ActiveCfg = Debug|Any CPU
		{09E3804E-9F1D-4A87-AD7C-BF6759DC3DE4}.Debug|x64.Build.0 = Debug|Any CPU
		{09E3804E-9F1D-4A87-AD7C-BF6759DC3DE4}.Debug|x86.ActiveCfg = Debug|Any CPU
		{09E3804E-9F1D-4A87-AD7C-BF6759DC3DE4}.Debug|x86.Build.0 = Debug|Any CPU
		{09E3804E-9F1D-4A87-AD7C-BF6759DC3DE4}.Release|Any CPU.ActiveCfg = Release|Any CPU
		{09E3804E-9F1D-4A87-AD7C-BF6759DC3DE4}.Release|Any CPU.Build.0 = Release|Any CPU
		{09E3804E-9F1D-4A87-AD7C-BF6759DC3DE4}.Release|x64.ActiveCfg = Release|Any CPU
		{09E3804E-9F1D-4A87-AD7C-BF6759DC3DE4}.Release|x64.Build.0 = Release|Any CPU
		{09E3804E-9F1D-4A87-AD7C-BF6759DC3DE4}.Release|x86.ActiveCfg = Release|Any CPU
		{09E3804E-9F1D-4A87-AD7C-BF6759DC3DE4}.Release|x86.Build.0 = Release|Any CPU
		{1BED0F9D-9FF8-49F6-967B-BA016FEBDE65}.Debug|Any CPU.ActiveCfg = Debug|Any CPU
		{1BED0F9D-9FF8-49F6-967B-BA016FEBDE65}.Debug|Any CPU.Build.0 = Debug|Any CPU
		{1BED0F9D-9FF8-49F6-967B-BA016FEBDE65}.Debug|x64.ActiveCfg = Debug|Any CPU
		{1BED0F9D-9FF8-49F6-967B-BA016FEBDE65}.Debug|x64.Build.0 = Debug|Any CPU
		{1BED0F9D-9FF8-49F6-967B-BA016FEBDE65}.Debug|x86.ActiveCfg = Debug|Any CPU
		{1BED0F9D-9FF8-49F6-967B-BA016FEBDE65}.Debug|x86.Build.0 = Debug|Any CPU
		{1BED0F9D-9FF8-49F6-967B-BA016FEBDE65}.Release|Any CPU.ActiveCfg = Release|Any CPU
		{1BED0F9D-9FF8-49F6-967B-BA016FEBDE65}.Release|Any CPU.Build.0 = Release|Any CPU
		{1BED0F9D-9FF8-49F6-967B-BA016FEBDE65}.Release|x64.ActiveCfg = Release|Any CPU
		{1BED0F9D-9FF8-49F6-967B-BA016FEBDE65}.Release|x64.Build.0 = Release|Any CPU
		{1BED0F9D-9FF8-49F6-967B-BA016FEBDE65}.Release|x86.ActiveCfg = Release|Any CPU
		{1BED0F9D-9FF8-49F6-967B-BA016FEBDE65}.Release|x86.Build.0 = Release|Any CPU
		{DE1FD179-39FE-40CC-814A-F90E838AF061}.Debug|Any CPU.ActiveCfg = Debug|Any CPU
		{DE1FD179-39FE-40CC-814A-F90E838AF061}.Debug|Any CPU.Build.0 = Debug|Any CPU
		{DE1FD179-39FE-40CC-814A-F90E838AF061}.Debug|x64.ActiveCfg = Debug|Any CPU
		{DE1FD179-39FE-40CC-814A-F90E838AF061}.Debug|x64.Build.0 = Debug|Any CPU
		{DE1FD179-39FE-40CC-814A-F90E838AF061}.Debug|x86.ActiveCfg = Debug|Any CPU
		{DE1FD179-39FE-40CC-814A-F90E838AF061}.Debug|x86.Build.0 = Debug|Any CPU
		{DE1FD179-39FE-40CC-814A-F90E838AF061}.Release|Any CPU.ActiveCfg = Release|Any CPU
		{DE1FD179-39FE-40CC-814A-F90E838AF061}.Release|Any CPU.Build.0 = Release|Any CPU
		{DE1FD179-39FE-40CC-814A-F90E838AF061}.Release|x64.ActiveCfg = Release|Any CPU
		{DE1FD179-39FE-40CC-814A-F90E838AF061}.Release|x64.Build.0 = Release|Any CPU
		{DE1FD179-39FE-40CC-814A-F90E838AF061}.Release|x86.ActiveCfg = Release|Any CPU
		{DE1FD179-39FE-40CC-814A-F90E838AF061}.Release|x86.Build.0 = Release|Any CPU
		{ECCBA0E6-F512-4367-8A6C-BE351922566F}.Debug|Any CPU.ActiveCfg = Debug|Any CPU
		{ECCBA0E6-F512-4367-8A6C-BE351922566F}.Debug|Any CPU.Build.0 = Debug|Any CPU
		{ECCBA0E6-F512-4367-8A6C-BE351922566F}.Debug|x64.ActiveCfg = Debug|Any CPU
		{ECCBA0E6-F512-4367-8A6C-BE351922566F}.Debug|x64.Build.0 = Debug|Any CPU
		{ECCBA0E6-F512-4367-8A6C-BE351922566F}.Debug|x86.ActiveCfg = Debug|Any CPU
		{ECCBA0E6-F512-4367-8A6C-BE351922566F}.Debug|x86.Build.0 = Debug|Any CPU
		{ECCBA0E6-F512-4367-8A6C-BE351922566F}.Release|Any CPU.ActiveCfg = Release|Any CPU
		{ECCBA0E6-F512-4367-8A6C-BE351922566F}.Release|Any CPU.Build.0 = Release|Any CPU
		{ECCBA0E6-F512-4367-8A6C-BE351922566F}.Release|x64.ActiveCfg = Release|Any CPU
		{ECCBA0E6-F512-4367-8A6C-BE351922566F}.Release|x64.Build.0 = Release|Any CPU
		{ECCBA0E6-F512-4367-8A6C-BE351922566F}.Release|x86.ActiveCfg = Release|Any CPU
		{ECCBA0E6-F512-4367-8A6C-BE351922566F}.Release|x86.Build.0 = Release|Any CPU
	EndGlobalSection
	GlobalSection(NestedProjects) = preSolution
		{5B8AFE8E-C66D-4810-B8B0-071C7E625844} = {78ECD378-168B-46EF-B1CA-388D6720916D}
		{A5D1F6E2-35F9-4ED4-8F9E-2FE116EB2FFD} = {78ECD378-168B-46EF-B1CA-388D6720916D}
		{1E6D5866-E31C-472C-A0F8-AE9D4C7C49A0} = {78ECD378-168B-46EF-B1CA-388D6720916D}
		{7B83F40E-9DDE-4513-9849-DA51FAA5BAA7} = {0790056B-420A-46EF-92CD-3623C88E7031}
		{2B6F775F-DE9B-428D-8A55-5E79A8D7BD48} = {07BA08FE-BAC1-499B-AB24-754329DDAA78}
		{0DF6C9F8-C484-4FEC-8F69-5AE12BAAC4C9} = {2B6F775F-DE9B-428D-8A55-5E79A8D7BD48}
		{322C7A6D-B5E4-4108-96D6-28B5F5D364D3} = {0DF6C9F8-C484-4FEC-8F69-5AE12BAAC4C9}
		{8117B200-F3D1-4F50-9730-3098522F4018} = {0DF6C9F8-C484-4FEC-8F69-5AE12BAAC4C9}
		{43075C4A-2A36-406A-8024-DCA77D7622B6} = {0DF6C9F8-C484-4FEC-8F69-5AE12BAAC4C9}
		{527C4C69-C5A8-48D9-BEC6-2B56F4230A4A} = {0DF6C9F8-C484-4FEC-8F69-5AE12BAAC4C9}
		{5F0D89E6-679B-4B9C-A229-5C4179415663} = {0DF6C9F8-C484-4FEC-8F69-5AE12BAAC4C9}
		{4992BB65-459E-47C8-93C0-15644E5FFADE} = {0DF6C9F8-C484-4FEC-8F69-5AE12BAAC4C9}
		{8E4ECCC3-B38B-44EE-B9A1-A2B412C8A46E} = {0DF6C9F8-C484-4FEC-8F69-5AE12BAAC4C9}
		{2D538AF4-015A-4533-9A32-2C0DB56D7F3B} = {0DF6C9F8-C484-4FEC-8F69-5AE12BAAC4C9}
		{7412FF6A-F736-491E-8287-065FE97DF018} = {0DF6C9F8-C484-4FEC-8F69-5AE12BAAC4C9}
		{DBE8EC2A-0529-42DA-901A-9B918453557E} = {0DF6C9F8-C484-4FEC-8F69-5AE12BAAC4C9}
		{1AACE38B-32F9-4B19-A039-62E30B86D08C} = {0DF6C9F8-C484-4FEC-8F69-5AE12BAAC4C9}
		{BE50AC07-EF6B-4DAE-9CAD-A1CC2B782529} = {0DF6C9F8-C484-4FEC-8F69-5AE12BAAC4C9}
		{8CA81463-6276-4551-9BC2-A62C13C57480} = {0DF6C9F8-C484-4FEC-8F69-5AE12BAAC4C9}
		{AE5ACA7B-F6FF-45C6-91FF-BD50B65238B9} = {0DF6C9F8-C484-4FEC-8F69-5AE12BAAC4C9}
		{22D6CB2D-3CB1-49EE-AF61-6CD3E8B37DD8} = {0DF6C9F8-C484-4FEC-8F69-5AE12BAAC4C9}
		{D462FA1D-8D85-4F2D-A81B-B905B613E380} = {2B6F775F-DE9B-428D-8A55-5E79A8D7BD48}
		{C6BA77D2-1B6C-4414-9FEE-634FC1DBC0D0} = {D462FA1D-8D85-4F2D-A81B-B905B613E380}
		{5775E2C8-2E94-42FE-9D17-B53EEA886EA8} = {D462FA1D-8D85-4F2D-A81B-B905B613E380}
		{02562171-BF14-4ED7-B51A-7253F0A40F6C} = {D462FA1D-8D85-4F2D-A81B-B905B613E380}
		{130BA1DF-4464-4A0B-A6BB-5EA6B7FCD0DB} = {D462FA1D-8D85-4F2D-A81B-B905B613E380}
		{0E6D4DBD-5E91-4314-BE56-E97873B74BF6} = {D462FA1D-8D85-4F2D-A81B-B905B613E380}
		{F010B165-14FE-4E75-9F45-9D4ED83BEFEB} = {D462FA1D-8D85-4F2D-A81B-B905B613E380}
		{09E3804E-9F1D-4A87-AD7C-BF6759DC3DE4} = {D462FA1D-8D85-4F2D-A81B-B905B613E380}
		{1BED0F9D-9FF8-49F6-967B-BA016FEBDE65} = {D462FA1D-8D85-4F2D-A81B-B905B613E380}
		{DE1FD179-39FE-40CC-814A-F90E838AF061} = {D462FA1D-8D85-4F2D-A81B-B905B613E380}
		{ECCBA0E6-F512-4367-8A6C-BE351922566F} = {D462FA1D-8D85-4F2D-A81B-B905B613E380}
	EndGlobalSection
EndGlobal
