
Microsoft Visual Studio Solution File, Format Version 12.00
# Visual Studio Version 16
VisualStudioVersion = 16.0.28803.352
MinimumVisualStudioVersion = 10.0.40219.1
Project("{2150E333-8FDC-42A3-9474-1A3956D46DE8}") = "Solution Items", "Solution Items", "{AFE25CC2-0BAD-47D6-95CC-26D920F5E4D6}"
	ProjectSection(SolutionItems) = preProject
		.editorconfig = .editorconfig
	EndProjectSection
EndProject
Project("{2150E333-8FDC-42A3-9474-1A3956D46DE8}") = "01.Omnius.Core", "01.Omnius.Core", "{80F78AEA-F870-4B42-996C-859FE6D635EC}"
EndProject
Project("{2150E333-8FDC-42A3-9474-1A3956D46DE8}") = "02.Omnius.Lxna", "02.Omnius.Lxna", "{2A7F00C7-96AB-483B-B6F8-B2E906A210A3}"
EndProject
Project("{2150E333-8FDC-42A3-9474-1A3956D46DE8}") = "Sources", "Sources", "{1FD1A747-4A58-459E-8EAC-D089CCBE4860}"
EndProject
Project("{2150E333-8FDC-42A3-9474-1A3956D46DE8}") = "Tests", "Tests", "{709B5FC7-3E3F-4AFC-B5CC-0360BD851A81}"
EndProject
Project("{9A19103F-16F7-4668-BE54-9A1E7A4F7556}") = "Omnius.Core", "refs\core\src\Omnius.Core\Omnius.Core.csproj", "{11D49925-E55B-482D-940A-514CC2FD5AF7}"
EndProject
Project("{9A19103F-16F7-4668-BE54-9A1E7A4F7556}") = "Omnius.Lxna.Components", "src\Omnius.Lxna.Components\Omnius.Lxna.Components.csproj", "{71BDB64E-AA70-4336-99F6-17040D7E7F26}"
EndProject
Project("{9A19103F-16F7-4668-BE54-9A1E7A4F7556}") = "Omnius.Core.Collections", "refs\core\src\Omnius.Core.Collections\Omnius.Core.Collections.csproj", "{F58745A1-2363-477E-AD36-2D9FBBAE5E26}"
EndProject
Project("{9A19103F-16F7-4668-BE54-9A1E7A4F7556}") = "Omnius.Core.Cryptography", "refs\core\src\Omnius.Core.Cryptography\Omnius.Core.Cryptography.csproj", "{5C773608-DDD3-460C-8056-36800D66543B}"
EndProject
Project("{9A19103F-16F7-4668-BE54-9A1E7A4F7556}") = "Omnius.Core.Io", "refs\core\src\Omnius.Core.Io\Omnius.Core.Io.csproj", "{38E85D02-9A46-4BEE-90D1-345282C3D346}"
EndProject
Project("{9A19103F-16F7-4668-BE54-9A1E7A4F7556}") = "Omnius.Core.Network", "refs\core\src\Omnius.Core.Network\Omnius.Core.Network.csproj", "{DF00DB8D-A29D-4D92-B38C-35DEFD632445}"
EndProject
Project("{9A19103F-16F7-4668-BE54-9A1E7A4F7556}") = "Omnius.Core.Serialization", "refs\core\src\Omnius.Core.Serialization\Omnius.Core.Serialization.csproj", "{4BE3EC72-17A7-49C6-A5F3-AF3CA7945F75}"
EndProject
Project("{2150E333-8FDC-42A3-9474-1A3956D46DE8}") = "Sources", "Sources", "{C9094FAB-FB0D-47B4-A4E2-63C04FE83B9B}"
EndProject
Project("{9A19103F-16F7-4668-BE54-9A1E7A4F7556}") = "Omnius.Lxna.Ui.Desktop", "src\Omnius.Lxna.Ui.Desktop\Omnius.Lxna.Ui.Desktop.csproj", "{EC41149E-BFAD-4E49-B9A3-F0756744100B}"
EndProject
Project("{9A19103F-16F7-4668-BE54-9A1E7A4F7556}") = "Omnius.Core.RocketPack", "refs\core\src\Omnius.Core.RocketPack\Omnius.Core.RocketPack.csproj", "{F449E29C-F6A5-4FD5-93E2-C3773409EAED}"
EndProject
Project("{9A19103F-16F7-4668-BE54-9A1E7A4F7556}") = "Omnius.Core.RocketPack.Remoting", "refs\core\src\Omnius.Core.RocketPack.Remoting\Omnius.Core.RocketPack.Remoting.csproj", "{A1876241-172D-47FF-A744-BECEA76A666C}"
EndProject
Project("{9A19103F-16F7-4668-BE54-9A1E7A4F7556}") = "Omnius.Core.Test", "refs\core\src\Omnius.Core.Test\Omnius.Core.Test.csproj", "{A1E63238-0940-499D-B506-7283F30F491B}"
EndProject
Project("{9A19103F-16F7-4668-BE54-9A1E7A4F7556}") = "Omnius.Lxna.Components.Impls", "src\Omnius.Lxna.Components.Impls\Omnius.Lxna.Components.Impls.csproj", "{33AF726E-0271-4094-833A-63C349B6905D}"
EndProject
Global
	GlobalSection(SolutionConfigurationPlatforms) = preSolution
		Ad-Hoc|Any CPU = Ad-Hoc|Any CPU
		Ad-Hoc|ARM = Ad-Hoc|ARM
		Ad-Hoc|iPhone = Ad-Hoc|iPhone
		Ad-Hoc|iPhoneSimulator = Ad-Hoc|iPhoneSimulator
		Ad-Hoc|x64 = Ad-Hoc|x64
		Ad-Hoc|x86 = Ad-Hoc|x86
		AppStore|Any CPU = AppStore|Any CPU
		AppStore|ARM = AppStore|ARM
		AppStore|iPhone = AppStore|iPhone
		AppStore|iPhoneSimulator = AppStore|iPhoneSimulator
		AppStore|x64 = AppStore|x64
		AppStore|x86 = AppStore|x86
		Debug|Any CPU = Debug|Any CPU
		Debug|ARM = Debug|ARM
		Debug|iPhone = Debug|iPhone
		Debug|iPhoneSimulator = Debug|iPhoneSimulator
		Debug|x64 = Debug|x64
		Debug|x86 = Debug|x86
		Release|Any CPU = Release|Any CPU
		Release|ARM = Release|ARM
		Release|iPhone = Release|iPhone
		Release|iPhoneSimulator = Release|iPhoneSimulator
		Release|x64 = Release|x64
		Release|x86 = Release|x86
	EndGlobalSection
	GlobalSection(ProjectConfigurationPlatforms) = postSolution
		{11D49925-E55B-482D-940A-514CC2FD5AF7}.Ad-Hoc|Any CPU.ActiveCfg = Release|Any CPU
		{11D49925-E55B-482D-940A-514CC2FD5AF7}.Ad-Hoc|Any CPU.Build.0 = Release|Any CPU
		{11D49925-E55B-482D-940A-514CC2FD5AF7}.Ad-Hoc|ARM.ActiveCfg = Debug|Any CPU
		{11D49925-E55B-482D-940A-514CC2FD5AF7}.Ad-Hoc|ARM.Build.0 = Debug|Any CPU
		{11D49925-E55B-482D-940A-514CC2FD5AF7}.Ad-Hoc|iPhone.ActiveCfg = Release|Any CPU
		{11D49925-E55B-482D-940A-514CC2FD5AF7}.Ad-Hoc|iPhone.Build.0 = Release|Any CPU
		{11D49925-E55B-482D-940A-514CC2FD5AF7}.Ad-Hoc|iPhoneSimulator.ActiveCfg = Release|Any CPU
		{11D49925-E55B-482D-940A-514CC2FD5AF7}.Ad-Hoc|iPhoneSimulator.Build.0 = Release|Any CPU
		{11D49925-E55B-482D-940A-514CC2FD5AF7}.Ad-Hoc|x64.ActiveCfg = Debug|Any CPU
		{11D49925-E55B-482D-940A-514CC2FD5AF7}.Ad-Hoc|x64.Build.0 = Debug|Any CPU
		{11D49925-E55B-482D-940A-514CC2FD5AF7}.Ad-Hoc|x86.ActiveCfg = Debug|Any CPU
		{11D49925-E55B-482D-940A-514CC2FD5AF7}.Ad-Hoc|x86.Build.0 = Debug|Any CPU
		{11D49925-E55B-482D-940A-514CC2FD5AF7}.AppStore|Any CPU.ActiveCfg = Release|Any CPU
		{11D49925-E55B-482D-940A-514CC2FD5AF7}.AppStore|Any CPU.Build.0 = Release|Any CPU
		{11D49925-E55B-482D-940A-514CC2FD5AF7}.AppStore|ARM.ActiveCfg = Debug|Any CPU
		{11D49925-E55B-482D-940A-514CC2FD5AF7}.AppStore|ARM.Build.0 = Debug|Any CPU
		{11D49925-E55B-482D-940A-514CC2FD5AF7}.AppStore|iPhone.ActiveCfg = Release|Any CPU
		{11D49925-E55B-482D-940A-514CC2FD5AF7}.AppStore|iPhone.Build.0 = Release|Any CPU
		{11D49925-E55B-482D-940A-514CC2FD5AF7}.AppStore|iPhoneSimulator.ActiveCfg = Release|Any CPU
		{11D49925-E55B-482D-940A-514CC2FD5AF7}.AppStore|iPhoneSimulator.Build.0 = Release|Any CPU
		{11D49925-E55B-482D-940A-514CC2FD5AF7}.AppStore|x64.ActiveCfg = Debug|Any CPU
		{11D49925-E55B-482D-940A-514CC2FD5AF7}.AppStore|x64.Build.0 = Debug|Any CPU
		{11D49925-E55B-482D-940A-514CC2FD5AF7}.AppStore|x86.ActiveCfg = Debug|Any CPU
		{11D49925-E55B-482D-940A-514CC2FD5AF7}.AppStore|x86.Build.0 = Debug|Any CPU
		{11D49925-E55B-482D-940A-514CC2FD5AF7}.Debug|Any CPU.ActiveCfg = Debug|Any CPU
		{11D49925-E55B-482D-940A-514CC2FD5AF7}.Debug|Any CPU.Build.0 = Debug|Any CPU
		{11D49925-E55B-482D-940A-514CC2FD5AF7}.Debug|ARM.ActiveCfg = Debug|Any CPU
		{11D49925-E55B-482D-940A-514CC2FD5AF7}.Debug|ARM.Build.0 = Debug|Any CPU
		{11D49925-E55B-482D-940A-514CC2FD5AF7}.Debug|iPhone.ActiveCfg = Debug|Any CPU
		{11D49925-E55B-482D-940A-514CC2FD5AF7}.Debug|iPhone.Build.0 = Debug|Any CPU
		{11D49925-E55B-482D-940A-514CC2FD5AF7}.Debug|iPhoneSimulator.ActiveCfg = Debug|Any CPU
		{11D49925-E55B-482D-940A-514CC2FD5AF7}.Debug|iPhoneSimulator.Build.0 = Debug|Any CPU
		{11D49925-E55B-482D-940A-514CC2FD5AF7}.Debug|x64.ActiveCfg = Debug|Any CPU
		{11D49925-E55B-482D-940A-514CC2FD5AF7}.Debug|x64.Build.0 = Debug|Any CPU
		{11D49925-E55B-482D-940A-514CC2FD5AF7}.Debug|x86.ActiveCfg = Debug|Any CPU
		{11D49925-E55B-482D-940A-514CC2FD5AF7}.Debug|x86.Build.0 = Debug|Any CPU
		{11D49925-E55B-482D-940A-514CC2FD5AF7}.Release|Any CPU.ActiveCfg = Release|Any CPU
		{11D49925-E55B-482D-940A-514CC2FD5AF7}.Release|Any CPU.Build.0 = Release|Any CPU
		{11D49925-E55B-482D-940A-514CC2FD5AF7}.Release|ARM.ActiveCfg = Release|Any CPU
		{11D49925-E55B-482D-940A-514CC2FD5AF7}.Release|ARM.Build.0 = Release|Any CPU
		{11D49925-E55B-482D-940A-514CC2FD5AF7}.Release|iPhone.ActiveCfg = Release|Any CPU
		{11D49925-E55B-482D-940A-514CC2FD5AF7}.Release|iPhone.Build.0 = Release|Any CPU
		{11D49925-E55B-482D-940A-514CC2FD5AF7}.Release|iPhoneSimulator.ActiveCfg = Release|Any CPU
		{11D49925-E55B-482D-940A-514CC2FD5AF7}.Release|iPhoneSimulator.Build.0 = Release|Any CPU
		{11D49925-E55B-482D-940A-514CC2FD5AF7}.Release|x64.ActiveCfg = Release|Any CPU
		{11D49925-E55B-482D-940A-514CC2FD5AF7}.Release|x64.Build.0 = Release|Any CPU
		{11D49925-E55B-482D-940A-514CC2FD5AF7}.Release|x86.ActiveCfg = Release|Any CPU
		{11D49925-E55B-482D-940A-514CC2FD5AF7}.Release|x86.Build.0 = Release|Any CPU
		{71BDB64E-AA70-4336-99F6-17040D7E7F26}.Ad-Hoc|Any CPU.ActiveCfg = Release|Any CPU
		{71BDB64E-AA70-4336-99F6-17040D7E7F26}.Ad-Hoc|Any CPU.Build.0 = Release|Any CPU
		{71BDB64E-AA70-4336-99F6-17040D7E7F26}.Ad-Hoc|ARM.ActiveCfg = Debug|Any CPU
		{71BDB64E-AA70-4336-99F6-17040D7E7F26}.Ad-Hoc|ARM.Build.0 = Debug|Any CPU
		{71BDB64E-AA70-4336-99F6-17040D7E7F26}.Ad-Hoc|iPhone.ActiveCfg = Release|Any CPU
		{71BDB64E-AA70-4336-99F6-17040D7E7F26}.Ad-Hoc|iPhone.Build.0 = Release|Any CPU
		{71BDB64E-AA70-4336-99F6-17040D7E7F26}.Ad-Hoc|iPhoneSimulator.ActiveCfg = Release|Any CPU
		{71BDB64E-AA70-4336-99F6-17040D7E7F26}.Ad-Hoc|iPhoneSimulator.Build.0 = Release|Any CPU
		{71BDB64E-AA70-4336-99F6-17040D7E7F26}.Ad-Hoc|x64.ActiveCfg = Debug|Any CPU
		{71BDB64E-AA70-4336-99F6-17040D7E7F26}.Ad-Hoc|x64.Build.0 = Debug|Any CPU
		{71BDB64E-AA70-4336-99F6-17040D7E7F26}.Ad-Hoc|x86.ActiveCfg = Debug|Any CPU
		{71BDB64E-AA70-4336-99F6-17040D7E7F26}.Ad-Hoc|x86.Build.0 = Debug|Any CPU
		{71BDB64E-AA70-4336-99F6-17040D7E7F26}.AppStore|Any CPU.ActiveCfg = Release|Any CPU
		{71BDB64E-AA70-4336-99F6-17040D7E7F26}.AppStore|Any CPU.Build.0 = Release|Any CPU
		{71BDB64E-AA70-4336-99F6-17040D7E7F26}.AppStore|ARM.ActiveCfg = Debug|Any CPU
		{71BDB64E-AA70-4336-99F6-17040D7E7F26}.AppStore|ARM.Build.0 = Debug|Any CPU
		{71BDB64E-AA70-4336-99F6-17040D7E7F26}.AppStore|iPhone.ActiveCfg = Release|Any CPU
		{71BDB64E-AA70-4336-99F6-17040D7E7F26}.AppStore|iPhone.Build.0 = Release|Any CPU
		{71BDB64E-AA70-4336-99F6-17040D7E7F26}.AppStore|iPhoneSimulator.ActiveCfg = Release|Any CPU
		{71BDB64E-AA70-4336-99F6-17040D7E7F26}.AppStore|iPhoneSimulator.Build.0 = Release|Any CPU
		{71BDB64E-AA70-4336-99F6-17040D7E7F26}.AppStore|x64.ActiveCfg = Debug|Any CPU
		{71BDB64E-AA70-4336-99F6-17040D7E7F26}.AppStore|x64.Build.0 = Debug|Any CPU
		{71BDB64E-AA70-4336-99F6-17040D7E7F26}.AppStore|x86.ActiveCfg = Debug|Any CPU
		{71BDB64E-AA70-4336-99F6-17040D7E7F26}.AppStore|x86.Build.0 = Debug|Any CPU
		{71BDB64E-AA70-4336-99F6-17040D7E7F26}.Debug|Any CPU.ActiveCfg = Debug|Any CPU
		{71BDB64E-AA70-4336-99F6-17040D7E7F26}.Debug|Any CPU.Build.0 = Debug|Any CPU
		{71BDB64E-AA70-4336-99F6-17040D7E7F26}.Debug|ARM.ActiveCfg = Debug|Any CPU
		{71BDB64E-AA70-4336-99F6-17040D7E7F26}.Debug|ARM.Build.0 = Debug|Any CPU
		{71BDB64E-AA70-4336-99F6-17040D7E7F26}.Debug|iPhone.ActiveCfg = Debug|Any CPU
		{71BDB64E-AA70-4336-99F6-17040D7E7F26}.Debug|iPhone.Build.0 = Debug|Any CPU
		{71BDB64E-AA70-4336-99F6-17040D7E7F26}.Debug|iPhoneSimulator.ActiveCfg = Debug|Any CPU
		{71BDB64E-AA70-4336-99F6-17040D7E7F26}.Debug|iPhoneSimulator.Build.0 = Debug|Any CPU
		{71BDB64E-AA70-4336-99F6-17040D7E7F26}.Debug|x64.ActiveCfg = Debug|Any CPU
		{71BDB64E-AA70-4336-99F6-17040D7E7F26}.Debug|x64.Build.0 = Debug|Any CPU
		{71BDB64E-AA70-4336-99F6-17040D7E7F26}.Debug|x86.ActiveCfg = Debug|Any CPU
		{71BDB64E-AA70-4336-99F6-17040D7E7F26}.Debug|x86.Build.0 = Debug|Any CPU
		{71BDB64E-AA70-4336-99F6-17040D7E7F26}.Release|Any CPU.ActiveCfg = Release|Any CPU
		{71BDB64E-AA70-4336-99F6-17040D7E7F26}.Release|Any CPU.Build.0 = Release|Any CPU
		{71BDB64E-AA70-4336-99F6-17040D7E7F26}.Release|ARM.ActiveCfg = Release|Any CPU
		{71BDB64E-AA70-4336-99F6-17040D7E7F26}.Release|ARM.Build.0 = Release|Any CPU
		{71BDB64E-AA70-4336-99F6-17040D7E7F26}.Release|iPhone.ActiveCfg = Release|Any CPU
		{71BDB64E-AA70-4336-99F6-17040D7E7F26}.Release|iPhone.Build.0 = Release|Any CPU
		{71BDB64E-AA70-4336-99F6-17040D7E7F26}.Release|iPhoneSimulator.ActiveCfg = Release|Any CPU
		{71BDB64E-AA70-4336-99F6-17040D7E7F26}.Release|iPhoneSimulator.Build.0 = Release|Any CPU
		{71BDB64E-AA70-4336-99F6-17040D7E7F26}.Release|x64.ActiveCfg = Release|Any CPU
		{71BDB64E-AA70-4336-99F6-17040D7E7F26}.Release|x64.Build.0 = Release|Any CPU
		{71BDB64E-AA70-4336-99F6-17040D7E7F26}.Release|x86.ActiveCfg = Release|Any CPU
		{71BDB64E-AA70-4336-99F6-17040D7E7F26}.Release|x86.Build.0 = Release|Any CPU
		{F58745A1-2363-477E-AD36-2D9FBBAE5E26}.Ad-Hoc|Any CPU.ActiveCfg = Release|Any CPU
		{F58745A1-2363-477E-AD36-2D9FBBAE5E26}.Ad-Hoc|Any CPU.Build.0 = Release|Any CPU
		{F58745A1-2363-477E-AD36-2D9FBBAE5E26}.Ad-Hoc|ARM.ActiveCfg = Debug|Any CPU
		{F58745A1-2363-477E-AD36-2D9FBBAE5E26}.Ad-Hoc|ARM.Build.0 = Debug|Any CPU
		{F58745A1-2363-477E-AD36-2D9FBBAE5E26}.Ad-Hoc|iPhone.ActiveCfg = Release|Any CPU
		{F58745A1-2363-477E-AD36-2D9FBBAE5E26}.Ad-Hoc|iPhone.Build.0 = Release|Any CPU
		{F58745A1-2363-477E-AD36-2D9FBBAE5E26}.Ad-Hoc|iPhoneSimulator.ActiveCfg = Release|Any CPU
		{F58745A1-2363-477E-AD36-2D9FBBAE5E26}.Ad-Hoc|iPhoneSimulator.Build.0 = Release|Any CPU
		{F58745A1-2363-477E-AD36-2D9FBBAE5E26}.Ad-Hoc|x64.ActiveCfg = Debug|Any CPU
		{F58745A1-2363-477E-AD36-2D9FBBAE5E26}.Ad-Hoc|x64.Build.0 = Debug|Any CPU
		{F58745A1-2363-477E-AD36-2D9FBBAE5E26}.Ad-Hoc|x86.ActiveCfg = Debug|Any CPU
		{F58745A1-2363-477E-AD36-2D9FBBAE5E26}.Ad-Hoc|x86.Build.0 = Debug|Any CPU
		{F58745A1-2363-477E-AD36-2D9FBBAE5E26}.AppStore|Any CPU.ActiveCfg = Release|Any CPU
		{F58745A1-2363-477E-AD36-2D9FBBAE5E26}.AppStore|Any CPU.Build.0 = Release|Any CPU
		{F58745A1-2363-477E-AD36-2D9FBBAE5E26}.AppStore|ARM.ActiveCfg = Debug|Any CPU
		{F58745A1-2363-477E-AD36-2D9FBBAE5E26}.AppStore|ARM.Build.0 = Debug|Any CPU
		{F58745A1-2363-477E-AD36-2D9FBBAE5E26}.AppStore|iPhone.ActiveCfg = Release|Any CPU
		{F58745A1-2363-477E-AD36-2D9FBBAE5E26}.AppStore|iPhone.Build.0 = Release|Any CPU
		{F58745A1-2363-477E-AD36-2D9FBBAE5E26}.AppStore|iPhoneSimulator.ActiveCfg = Release|Any CPU
		{F58745A1-2363-477E-AD36-2D9FBBAE5E26}.AppStore|iPhoneSimulator.Build.0 = Release|Any CPU
		{F58745A1-2363-477E-AD36-2D9FBBAE5E26}.AppStore|x64.ActiveCfg = Debug|Any CPU
		{F58745A1-2363-477E-AD36-2D9FBBAE5E26}.AppStore|x64.Build.0 = Debug|Any CPU
		{F58745A1-2363-477E-AD36-2D9FBBAE5E26}.AppStore|x86.ActiveCfg = Debug|Any CPU
		{F58745A1-2363-477E-AD36-2D9FBBAE5E26}.AppStore|x86.Build.0 = Debug|Any CPU
		{F58745A1-2363-477E-AD36-2D9FBBAE5E26}.Debug|Any CPU.ActiveCfg = Debug|Any CPU
		{F58745A1-2363-477E-AD36-2D9FBBAE5E26}.Debug|Any CPU.Build.0 = Debug|Any CPU
		{F58745A1-2363-477E-AD36-2D9FBBAE5E26}.Debug|ARM.ActiveCfg = Debug|Any CPU
		{F58745A1-2363-477E-AD36-2D9FBBAE5E26}.Debug|ARM.Build.0 = Debug|Any CPU
		{F58745A1-2363-477E-AD36-2D9FBBAE5E26}.Debug|iPhone.ActiveCfg = Debug|Any CPU
		{F58745A1-2363-477E-AD36-2D9FBBAE5E26}.Debug|iPhone.Build.0 = Debug|Any CPU
		{F58745A1-2363-477E-AD36-2D9FBBAE5E26}.Debug|iPhoneSimulator.ActiveCfg = Debug|Any CPU
		{F58745A1-2363-477E-AD36-2D9FBBAE5E26}.Debug|iPhoneSimulator.Build.0 = Debug|Any CPU
		{F58745A1-2363-477E-AD36-2D9FBBAE5E26}.Debug|x64.ActiveCfg = Debug|Any CPU
		{F58745A1-2363-477E-AD36-2D9FBBAE5E26}.Debug|x64.Build.0 = Debug|Any CPU
		{F58745A1-2363-477E-AD36-2D9FBBAE5E26}.Debug|x86.ActiveCfg = Debug|Any CPU
		{F58745A1-2363-477E-AD36-2D9FBBAE5E26}.Debug|x86.Build.0 = Debug|Any CPU
		{F58745A1-2363-477E-AD36-2D9FBBAE5E26}.Release|Any CPU.ActiveCfg = Release|Any CPU
		{F58745A1-2363-477E-AD36-2D9FBBAE5E26}.Release|Any CPU.Build.0 = Release|Any CPU
		{F58745A1-2363-477E-AD36-2D9FBBAE5E26}.Release|ARM.ActiveCfg = Release|Any CPU
		{F58745A1-2363-477E-AD36-2D9FBBAE5E26}.Release|ARM.Build.0 = Release|Any CPU
		{F58745A1-2363-477E-AD36-2D9FBBAE5E26}.Release|iPhone.ActiveCfg = Release|Any CPU
		{F58745A1-2363-477E-AD36-2D9FBBAE5E26}.Release|iPhone.Build.0 = Release|Any CPU
		{F58745A1-2363-477E-AD36-2D9FBBAE5E26}.Release|iPhoneSimulator.ActiveCfg = Release|Any CPU
		{F58745A1-2363-477E-AD36-2D9FBBAE5E26}.Release|iPhoneSimulator.Build.0 = Release|Any CPU
		{F58745A1-2363-477E-AD36-2D9FBBAE5E26}.Release|x64.ActiveCfg = Release|Any CPU
		{F58745A1-2363-477E-AD36-2D9FBBAE5E26}.Release|x64.Build.0 = Release|Any CPU
		{F58745A1-2363-477E-AD36-2D9FBBAE5E26}.Release|x86.ActiveCfg = Release|Any CPU
		{F58745A1-2363-477E-AD36-2D9FBBAE5E26}.Release|x86.Build.0 = Release|Any CPU
		{5C773608-DDD3-460C-8056-36800D66543B}.Ad-Hoc|Any CPU.ActiveCfg = Release|Any CPU
		{5C773608-DDD3-460C-8056-36800D66543B}.Ad-Hoc|Any CPU.Build.0 = Release|Any CPU
		{5C773608-DDD3-460C-8056-36800D66543B}.Ad-Hoc|ARM.ActiveCfg = Debug|Any CPU
		{5C773608-DDD3-460C-8056-36800D66543B}.Ad-Hoc|ARM.Build.0 = Debug|Any CPU
		{5C773608-DDD3-460C-8056-36800D66543B}.Ad-Hoc|iPhone.ActiveCfg = Release|Any CPU
		{5C773608-DDD3-460C-8056-36800D66543B}.Ad-Hoc|iPhone.Build.0 = Release|Any CPU
		{5C773608-DDD3-460C-8056-36800D66543B}.Ad-Hoc|iPhoneSimulator.ActiveCfg = Release|Any CPU
		{5C773608-DDD3-460C-8056-36800D66543B}.Ad-Hoc|iPhoneSimulator.Build.0 = Release|Any CPU
		{5C773608-DDD3-460C-8056-36800D66543B}.Ad-Hoc|x64.ActiveCfg = Debug|Any CPU
		{5C773608-DDD3-460C-8056-36800D66543B}.Ad-Hoc|x64.Build.0 = Debug|Any CPU
		{5C773608-DDD3-460C-8056-36800D66543B}.Ad-Hoc|x86.ActiveCfg = Debug|Any CPU
		{5C773608-DDD3-460C-8056-36800D66543B}.Ad-Hoc|x86.Build.0 = Debug|Any CPU
		{5C773608-DDD3-460C-8056-36800D66543B}.AppStore|Any CPU.ActiveCfg = Release|Any CPU
		{5C773608-DDD3-460C-8056-36800D66543B}.AppStore|Any CPU.Build.0 = Release|Any CPU
		{5C773608-DDD3-460C-8056-36800D66543B}.AppStore|ARM.ActiveCfg = Debug|Any CPU
		{5C773608-DDD3-460C-8056-36800D66543B}.AppStore|ARM.Build.0 = Debug|Any CPU
		{5C773608-DDD3-460C-8056-36800D66543B}.AppStore|iPhone.ActiveCfg = Release|Any CPU
		{5C773608-DDD3-460C-8056-36800D66543B}.AppStore|iPhone.Build.0 = Release|Any CPU
		{5C773608-DDD3-460C-8056-36800D66543B}.AppStore|iPhoneSimulator.ActiveCfg = Release|Any CPU
		{5C773608-DDD3-460C-8056-36800D66543B}.AppStore|iPhoneSimulator.Build.0 = Release|Any CPU
		{5C773608-DDD3-460C-8056-36800D66543B}.AppStore|x64.ActiveCfg = Debug|Any CPU
		{5C773608-DDD3-460C-8056-36800D66543B}.AppStore|x64.Build.0 = Debug|Any CPU
		{5C773608-DDD3-460C-8056-36800D66543B}.AppStore|x86.ActiveCfg = Debug|Any CPU
		{5C773608-DDD3-460C-8056-36800D66543B}.AppStore|x86.Build.0 = Debug|Any CPU
		{5C773608-DDD3-460C-8056-36800D66543B}.Debug|Any CPU.ActiveCfg = Debug|Any CPU
		{5C773608-DDD3-460C-8056-36800D66543B}.Debug|Any CPU.Build.0 = Debug|Any CPU
		{5C773608-DDD3-460C-8056-36800D66543B}.Debug|ARM.ActiveCfg = Debug|Any CPU
		{5C773608-DDD3-460C-8056-36800D66543B}.Debug|ARM.Build.0 = Debug|Any CPU
		{5C773608-DDD3-460C-8056-36800D66543B}.Debug|iPhone.ActiveCfg = Debug|Any CPU
		{5C773608-DDD3-460C-8056-36800D66543B}.Debug|iPhone.Build.0 = Debug|Any CPU
		{5C773608-DDD3-460C-8056-36800D66543B}.Debug|iPhoneSimulator.ActiveCfg = Debug|Any CPU
		{5C773608-DDD3-460C-8056-36800D66543B}.Debug|iPhoneSimulator.Build.0 = Debug|Any CPU
		{5C773608-DDD3-460C-8056-36800D66543B}.Debug|x64.ActiveCfg = Debug|Any CPU
		{5C773608-DDD3-460C-8056-36800D66543B}.Debug|x64.Build.0 = Debug|Any CPU
		{5C773608-DDD3-460C-8056-36800D66543B}.Debug|x86.ActiveCfg = Debug|Any CPU
		{5C773608-DDD3-460C-8056-36800D66543B}.Debug|x86.Build.0 = Debug|Any CPU
		{5C773608-DDD3-460C-8056-36800D66543B}.Release|Any CPU.ActiveCfg = Release|Any CPU
		{5C773608-DDD3-460C-8056-36800D66543B}.Release|Any CPU.Build.0 = Release|Any CPU
		{5C773608-DDD3-460C-8056-36800D66543B}.Release|ARM.ActiveCfg = Release|Any CPU
		{5C773608-DDD3-460C-8056-36800D66543B}.Release|ARM.Build.0 = Release|Any CPU
		{5C773608-DDD3-460C-8056-36800D66543B}.Release|iPhone.ActiveCfg = Release|Any CPU
		{5C773608-DDD3-460C-8056-36800D66543B}.Release|iPhone.Build.0 = Release|Any CPU
		{5C773608-DDD3-460C-8056-36800D66543B}.Release|iPhoneSimulator.ActiveCfg = Release|Any CPU
		{5C773608-DDD3-460C-8056-36800D66543B}.Release|iPhoneSimulator.Build.0 = Release|Any CPU
		{5C773608-DDD3-460C-8056-36800D66543B}.Release|x64.ActiveCfg = Release|Any CPU
		{5C773608-DDD3-460C-8056-36800D66543B}.Release|x64.Build.0 = Release|Any CPU
		{5C773608-DDD3-460C-8056-36800D66543B}.Release|x86.ActiveCfg = Release|Any CPU
		{5C773608-DDD3-460C-8056-36800D66543B}.Release|x86.Build.0 = Release|Any CPU
		{38E85D02-9A46-4BEE-90D1-345282C3D346}.Ad-Hoc|Any CPU.ActiveCfg = Release|Any CPU
		{38E85D02-9A46-4BEE-90D1-345282C3D346}.Ad-Hoc|Any CPU.Build.0 = Release|Any CPU
		{38E85D02-9A46-4BEE-90D1-345282C3D346}.Ad-Hoc|ARM.ActiveCfg = Debug|Any CPU
		{38E85D02-9A46-4BEE-90D1-345282C3D346}.Ad-Hoc|ARM.Build.0 = Debug|Any CPU
		{38E85D02-9A46-4BEE-90D1-345282C3D346}.Ad-Hoc|iPhone.ActiveCfg = Release|Any CPU
		{38E85D02-9A46-4BEE-90D1-345282C3D346}.Ad-Hoc|iPhone.Build.0 = Release|Any CPU
		{38E85D02-9A46-4BEE-90D1-345282C3D346}.Ad-Hoc|iPhoneSimulator.ActiveCfg = Release|Any CPU
		{38E85D02-9A46-4BEE-90D1-345282C3D346}.Ad-Hoc|iPhoneSimulator.Build.0 = Release|Any CPU
		{38E85D02-9A46-4BEE-90D1-345282C3D346}.Ad-Hoc|x64.ActiveCfg = Debug|Any CPU
		{38E85D02-9A46-4BEE-90D1-345282C3D346}.Ad-Hoc|x64.Build.0 = Debug|Any CPU
		{38E85D02-9A46-4BEE-90D1-345282C3D346}.Ad-Hoc|x86.ActiveCfg = Debug|Any CPU
		{38E85D02-9A46-4BEE-90D1-345282C3D346}.Ad-Hoc|x86.Build.0 = Debug|Any CPU
		{38E85D02-9A46-4BEE-90D1-345282C3D346}.AppStore|Any CPU.ActiveCfg = Release|Any CPU
		{38E85D02-9A46-4BEE-90D1-345282C3D346}.AppStore|Any CPU.Build.0 = Release|Any CPU
		{38E85D02-9A46-4BEE-90D1-345282C3D346}.AppStore|ARM.ActiveCfg = Debug|Any CPU
		{38E85D02-9A46-4BEE-90D1-345282C3D346}.AppStore|ARM.Build.0 = Debug|Any CPU
		{38E85D02-9A46-4BEE-90D1-345282C3D346}.AppStore|iPhone.ActiveCfg = Release|Any CPU
		{38E85D02-9A46-4BEE-90D1-345282C3D346}.AppStore|iPhone.Build.0 = Release|Any CPU
		{38E85D02-9A46-4BEE-90D1-345282C3D346}.AppStore|iPhoneSimulator.ActiveCfg = Release|Any CPU
		{38E85D02-9A46-4BEE-90D1-345282C3D346}.AppStore|iPhoneSimulator.Build.0 = Release|Any CPU
		{38E85D02-9A46-4BEE-90D1-345282C3D346}.AppStore|x64.ActiveCfg = Debug|Any CPU
		{38E85D02-9A46-4BEE-90D1-345282C3D346}.AppStore|x64.Build.0 = Debug|Any CPU
		{38E85D02-9A46-4BEE-90D1-345282C3D346}.AppStore|x86.ActiveCfg = Debug|Any CPU
		{38E85D02-9A46-4BEE-90D1-345282C3D346}.AppStore|x86.Build.0 = Debug|Any CPU
		{38E85D02-9A46-4BEE-90D1-345282C3D346}.Debug|Any CPU.ActiveCfg = Debug|Any CPU
		{38E85D02-9A46-4BEE-90D1-345282C3D346}.Debug|Any CPU.Build.0 = Debug|Any CPU
		{38E85D02-9A46-4BEE-90D1-345282C3D346}.Debug|ARM.ActiveCfg = Debug|Any CPU
		{38E85D02-9A46-4BEE-90D1-345282C3D346}.Debug|ARM.Build.0 = Debug|Any CPU
		{38E85D02-9A46-4BEE-90D1-345282C3D346}.Debug|iPhone.ActiveCfg = Debug|Any CPU
		{38E85D02-9A46-4BEE-90D1-345282C3D346}.Debug|iPhone.Build.0 = Debug|Any CPU
		{38E85D02-9A46-4BEE-90D1-345282C3D346}.Debug|iPhoneSimulator.ActiveCfg = Debug|Any CPU
		{38E85D02-9A46-4BEE-90D1-345282C3D346}.Debug|iPhoneSimulator.Build.0 = Debug|Any CPU
		{38E85D02-9A46-4BEE-90D1-345282C3D346}.Debug|x64.ActiveCfg = Debug|Any CPU
		{38E85D02-9A46-4BEE-90D1-345282C3D346}.Debug|x64.Build.0 = Debug|Any CPU
		{38E85D02-9A46-4BEE-90D1-345282C3D346}.Debug|x86.ActiveCfg = Debug|Any CPU
		{38E85D02-9A46-4BEE-90D1-345282C3D346}.Debug|x86.Build.0 = Debug|Any CPU
		{38E85D02-9A46-4BEE-90D1-345282C3D346}.Release|Any CPU.ActiveCfg = Release|Any CPU
		{38E85D02-9A46-4BEE-90D1-345282C3D346}.Release|Any CPU.Build.0 = Release|Any CPU
		{38E85D02-9A46-4BEE-90D1-345282C3D346}.Release|ARM.ActiveCfg = Release|Any CPU
		{38E85D02-9A46-4BEE-90D1-345282C3D346}.Release|ARM.Build.0 = Release|Any CPU
		{38E85D02-9A46-4BEE-90D1-345282C3D346}.Release|iPhone.ActiveCfg = Release|Any CPU
		{38E85D02-9A46-4BEE-90D1-345282C3D346}.Release|iPhone.Build.0 = Release|Any CPU
		{38E85D02-9A46-4BEE-90D1-345282C3D346}.Release|iPhoneSimulator.ActiveCfg = Release|Any CPU
		{38E85D02-9A46-4BEE-90D1-345282C3D346}.Release|iPhoneSimulator.Build.0 = Release|Any CPU
		{38E85D02-9A46-4BEE-90D1-345282C3D346}.Release|x64.ActiveCfg = Release|Any CPU
		{38E85D02-9A46-4BEE-90D1-345282C3D346}.Release|x64.Build.0 = Release|Any CPU
		{38E85D02-9A46-4BEE-90D1-345282C3D346}.Release|x86.ActiveCfg = Release|Any CPU
		{38E85D02-9A46-4BEE-90D1-345282C3D346}.Release|x86.Build.0 = Release|Any CPU
		{DF00DB8D-A29D-4D92-B38C-35DEFD632445}.Ad-Hoc|Any CPU.ActiveCfg = Release|Any CPU
		{DF00DB8D-A29D-4D92-B38C-35DEFD632445}.Ad-Hoc|Any CPU.Build.0 = Release|Any CPU
		{DF00DB8D-A29D-4D92-B38C-35DEFD632445}.Ad-Hoc|ARM.ActiveCfg = Debug|Any CPU
		{DF00DB8D-A29D-4D92-B38C-35DEFD632445}.Ad-Hoc|ARM.Build.0 = Debug|Any CPU
		{DF00DB8D-A29D-4D92-B38C-35DEFD632445}.Ad-Hoc|iPhone.ActiveCfg = Release|Any CPU
		{DF00DB8D-A29D-4D92-B38C-35DEFD632445}.Ad-Hoc|iPhone.Build.0 = Release|Any CPU
		{DF00DB8D-A29D-4D92-B38C-35DEFD632445}.Ad-Hoc|iPhoneSimulator.ActiveCfg = Release|Any CPU
		{DF00DB8D-A29D-4D92-B38C-35DEFD632445}.Ad-Hoc|iPhoneSimulator.Build.0 = Release|Any CPU
		{DF00DB8D-A29D-4D92-B38C-35DEFD632445}.Ad-Hoc|x64.ActiveCfg = Debug|Any CPU
		{DF00DB8D-A29D-4D92-B38C-35DEFD632445}.Ad-Hoc|x64.Build.0 = Debug|Any CPU
		{DF00DB8D-A29D-4D92-B38C-35DEFD632445}.Ad-Hoc|x86.ActiveCfg = Debug|Any CPU
		{DF00DB8D-A29D-4D92-B38C-35DEFD632445}.Ad-Hoc|x86.Build.0 = Debug|Any CPU
		{DF00DB8D-A29D-4D92-B38C-35DEFD632445}.AppStore|Any CPU.ActiveCfg = Release|Any CPU
		{DF00DB8D-A29D-4D92-B38C-35DEFD632445}.AppStore|Any CPU.Build.0 = Release|Any CPU
		{DF00DB8D-A29D-4D92-B38C-35DEFD632445}.AppStore|ARM.ActiveCfg = Debug|Any CPU
		{DF00DB8D-A29D-4D92-B38C-35DEFD632445}.AppStore|ARM.Build.0 = Debug|Any CPU
		{DF00DB8D-A29D-4D92-B38C-35DEFD632445}.AppStore|iPhone.ActiveCfg = Release|Any CPU
		{DF00DB8D-A29D-4D92-B38C-35DEFD632445}.AppStore|iPhone.Build.0 = Release|Any CPU
		{DF00DB8D-A29D-4D92-B38C-35DEFD632445}.AppStore|iPhoneSimulator.ActiveCfg = Release|Any CPU
		{DF00DB8D-A29D-4D92-B38C-35DEFD632445}.AppStore|iPhoneSimulator.Build.0 = Release|Any CPU
		{DF00DB8D-A29D-4D92-B38C-35DEFD632445}.AppStore|x64.ActiveCfg = Debug|Any CPU
		{DF00DB8D-A29D-4D92-B38C-35DEFD632445}.AppStore|x64.Build.0 = Debug|Any CPU
		{DF00DB8D-A29D-4D92-B38C-35DEFD632445}.AppStore|x86.ActiveCfg = Debug|Any CPU
		{DF00DB8D-A29D-4D92-B38C-35DEFD632445}.AppStore|x86.Build.0 = Debug|Any CPU
		{DF00DB8D-A29D-4D92-B38C-35DEFD632445}.Debug|Any CPU.ActiveCfg = Debug|Any CPU
		{DF00DB8D-A29D-4D92-B38C-35DEFD632445}.Debug|Any CPU.Build.0 = Debug|Any CPU
		{DF00DB8D-A29D-4D92-B38C-35DEFD632445}.Debug|ARM.ActiveCfg = Debug|Any CPU
		{DF00DB8D-A29D-4D92-B38C-35DEFD632445}.Debug|ARM.Build.0 = Debug|Any CPU
		{DF00DB8D-A29D-4D92-B38C-35DEFD632445}.Debug|iPhone.ActiveCfg = Debug|Any CPU
		{DF00DB8D-A29D-4D92-B38C-35DEFD632445}.Debug|iPhone.Build.0 = Debug|Any CPU
		{DF00DB8D-A29D-4D92-B38C-35DEFD632445}.Debug|iPhoneSimulator.ActiveCfg = Debug|Any CPU
		{DF00DB8D-A29D-4D92-B38C-35DEFD632445}.Debug|iPhoneSimulator.Build.0 = Debug|Any CPU
		{DF00DB8D-A29D-4D92-B38C-35DEFD632445}.Debug|x64.ActiveCfg = Debug|Any CPU
		{DF00DB8D-A29D-4D92-B38C-35DEFD632445}.Debug|x64.Build.0 = Debug|Any CPU
		{DF00DB8D-A29D-4D92-B38C-35DEFD632445}.Debug|x86.ActiveCfg = Debug|Any CPU
		{DF00DB8D-A29D-4D92-B38C-35DEFD632445}.Debug|x86.Build.0 = Debug|Any CPU
		{DF00DB8D-A29D-4D92-B38C-35DEFD632445}.Release|Any CPU.ActiveCfg = Release|Any CPU
		{DF00DB8D-A29D-4D92-B38C-35DEFD632445}.Release|Any CPU.Build.0 = Release|Any CPU
		{DF00DB8D-A29D-4D92-B38C-35DEFD632445}.Release|ARM.ActiveCfg = Release|Any CPU
		{DF00DB8D-A29D-4D92-B38C-35DEFD632445}.Release|ARM.Build.0 = Release|Any CPU
		{DF00DB8D-A29D-4D92-B38C-35DEFD632445}.Release|iPhone.ActiveCfg = Release|Any CPU
		{DF00DB8D-A29D-4D92-B38C-35DEFD632445}.Release|iPhone.Build.0 = Release|Any CPU
		{DF00DB8D-A29D-4D92-B38C-35DEFD632445}.Release|iPhoneSimulator.ActiveCfg = Release|Any CPU
		{DF00DB8D-A29D-4D92-B38C-35DEFD632445}.Release|iPhoneSimulator.Build.0 = Release|Any CPU
		{DF00DB8D-A29D-4D92-B38C-35DEFD632445}.Release|x64.ActiveCfg = Release|Any CPU
		{DF00DB8D-A29D-4D92-B38C-35DEFD632445}.Release|x64.Build.0 = Release|Any CPU
		{DF00DB8D-A29D-4D92-B38C-35DEFD632445}.Release|x86.ActiveCfg = Release|Any CPU
		{DF00DB8D-A29D-4D92-B38C-35DEFD632445}.Release|x86.Build.0 = Release|Any CPU
		{4BE3EC72-17A7-49C6-A5F3-AF3CA7945F75}.Ad-Hoc|Any CPU.ActiveCfg = Debug|Any CPU
		{4BE3EC72-17A7-49C6-A5F3-AF3CA7945F75}.Ad-Hoc|Any CPU.Build.0 = Debug|Any CPU
		{4BE3EC72-17A7-49C6-A5F3-AF3CA7945F75}.Ad-Hoc|ARM.ActiveCfg = Debug|Any CPU
		{4BE3EC72-17A7-49C6-A5F3-AF3CA7945F75}.Ad-Hoc|ARM.Build.0 = Debug|Any CPU
		{4BE3EC72-17A7-49C6-A5F3-AF3CA7945F75}.Ad-Hoc|iPhone.ActiveCfg = Debug|Any CPU
		{4BE3EC72-17A7-49C6-A5F3-AF3CA7945F75}.Ad-Hoc|iPhone.Build.0 = Debug|Any CPU
		{4BE3EC72-17A7-49C6-A5F3-AF3CA7945F75}.Ad-Hoc|iPhoneSimulator.ActiveCfg = Debug|Any CPU
		{4BE3EC72-17A7-49C6-A5F3-AF3CA7945F75}.Ad-Hoc|iPhoneSimulator.Build.0 = Debug|Any CPU
		{4BE3EC72-17A7-49C6-A5F3-AF3CA7945F75}.Ad-Hoc|x64.ActiveCfg = Debug|Any CPU
		{4BE3EC72-17A7-49C6-A5F3-AF3CA7945F75}.Ad-Hoc|x64.Build.0 = Debug|Any CPU
		{4BE3EC72-17A7-49C6-A5F3-AF3CA7945F75}.Ad-Hoc|x86.ActiveCfg = Debug|Any CPU
		{4BE3EC72-17A7-49C6-A5F3-AF3CA7945F75}.Ad-Hoc|x86.Build.0 = Debug|Any CPU
		{4BE3EC72-17A7-49C6-A5F3-AF3CA7945F75}.AppStore|Any CPU.ActiveCfg = Debug|Any CPU
		{4BE3EC72-17A7-49C6-A5F3-AF3CA7945F75}.AppStore|Any CPU.Build.0 = Debug|Any CPU
		{4BE3EC72-17A7-49C6-A5F3-AF3CA7945F75}.AppStore|ARM.ActiveCfg = Debug|Any CPU
		{4BE3EC72-17A7-49C6-A5F3-AF3CA7945F75}.AppStore|ARM.Build.0 = Debug|Any CPU
		{4BE3EC72-17A7-49C6-A5F3-AF3CA7945F75}.AppStore|iPhone.ActiveCfg = Debug|Any CPU
		{4BE3EC72-17A7-49C6-A5F3-AF3CA7945F75}.AppStore|iPhone.Build.0 = Debug|Any CPU
		{4BE3EC72-17A7-49C6-A5F3-AF3CA7945F75}.AppStore|iPhoneSimulator.ActiveCfg = Debug|Any CPU
		{4BE3EC72-17A7-49C6-A5F3-AF3CA7945F75}.AppStore|iPhoneSimulator.Build.0 = Debug|Any CPU
		{4BE3EC72-17A7-49C6-A5F3-AF3CA7945F75}.AppStore|x64.ActiveCfg = Debug|Any CPU
		{4BE3EC72-17A7-49C6-A5F3-AF3CA7945F75}.AppStore|x64.Build.0 = Debug|Any CPU
		{4BE3EC72-17A7-49C6-A5F3-AF3CA7945F75}.AppStore|x86.ActiveCfg = Debug|Any CPU
		{4BE3EC72-17A7-49C6-A5F3-AF3CA7945F75}.AppStore|x86.Build.0 = Debug|Any CPU
		{4BE3EC72-17A7-49C6-A5F3-AF3CA7945F75}.Debug|Any CPU.ActiveCfg = Debug|Any CPU
		{4BE3EC72-17A7-49C6-A5F3-AF3CA7945F75}.Debug|Any CPU.Build.0 = Debug|Any CPU
		{4BE3EC72-17A7-49C6-A5F3-AF3CA7945F75}.Debug|ARM.ActiveCfg = Debug|Any CPU
		{4BE3EC72-17A7-49C6-A5F3-AF3CA7945F75}.Debug|ARM.Build.0 = Debug|Any CPU
		{4BE3EC72-17A7-49C6-A5F3-AF3CA7945F75}.Debug|iPhone.ActiveCfg = Debug|Any CPU
		{4BE3EC72-17A7-49C6-A5F3-AF3CA7945F75}.Debug|iPhone.Build.0 = Debug|Any CPU
		{4BE3EC72-17A7-49C6-A5F3-AF3CA7945F75}.Debug|iPhoneSimulator.ActiveCfg = Debug|Any CPU
		{4BE3EC72-17A7-49C6-A5F3-AF3CA7945F75}.Debug|iPhoneSimulator.Build.0 = Debug|Any CPU
		{4BE3EC72-17A7-49C6-A5F3-AF3CA7945F75}.Debug|x64.ActiveCfg = Debug|Any CPU
		{4BE3EC72-17A7-49C6-A5F3-AF3CA7945F75}.Debug|x64.Build.0 = Debug|Any CPU
		{4BE3EC72-17A7-49C6-A5F3-AF3CA7945F75}.Debug|x86.ActiveCfg = Debug|Any CPU
		{4BE3EC72-17A7-49C6-A5F3-AF3CA7945F75}.Debug|x86.Build.0 = Debug|Any CPU
		{4BE3EC72-17A7-49C6-A5F3-AF3CA7945F75}.Release|Any CPU.ActiveCfg = Release|Any CPU
		{4BE3EC72-17A7-49C6-A5F3-AF3CA7945F75}.Release|Any CPU.Build.0 = Release|Any CPU
		{4BE3EC72-17A7-49C6-A5F3-AF3CA7945F75}.Release|ARM.ActiveCfg = Release|Any CPU
		{4BE3EC72-17A7-49C6-A5F3-AF3CA7945F75}.Release|ARM.Build.0 = Release|Any CPU
		{4BE3EC72-17A7-49C6-A5F3-AF3CA7945F75}.Release|iPhone.ActiveCfg = Release|Any CPU
		{4BE3EC72-17A7-49C6-A5F3-AF3CA7945F75}.Release|iPhone.Build.0 = Release|Any CPU
		{4BE3EC72-17A7-49C6-A5F3-AF3CA7945F75}.Release|iPhoneSimulator.ActiveCfg = Release|Any CPU
		{4BE3EC72-17A7-49C6-A5F3-AF3CA7945F75}.Release|iPhoneSimulator.Build.0 = Release|Any CPU
		{4BE3EC72-17A7-49C6-A5F3-AF3CA7945F75}.Release|x64.ActiveCfg = Release|Any CPU
		{4BE3EC72-17A7-49C6-A5F3-AF3CA7945F75}.Release|x64.Build.0 = Release|Any CPU
		{4BE3EC72-17A7-49C6-A5F3-AF3CA7945F75}.Release|x86.ActiveCfg = Release|Any CPU
		{4BE3EC72-17A7-49C6-A5F3-AF3CA7945F75}.Release|x86.Build.0 = Release|Any CPU
		{EC41149E-BFAD-4E49-B9A3-F0756744100B}.Ad-Hoc|Any CPU.ActiveCfg = Debug|Any CPU
		{EC41149E-BFAD-4E49-B9A3-F0756744100B}.Ad-Hoc|Any CPU.Build.0 = Debug|Any CPU
		{EC41149E-BFAD-4E49-B9A3-F0756744100B}.Ad-Hoc|ARM.ActiveCfg = Debug|Any CPU
		{EC41149E-BFAD-4E49-B9A3-F0756744100B}.Ad-Hoc|ARM.Build.0 = Debug|Any CPU
		{EC41149E-BFAD-4E49-B9A3-F0756744100B}.Ad-Hoc|iPhone.ActiveCfg = Debug|Any CPU
		{EC41149E-BFAD-4E49-B9A3-F0756744100B}.Ad-Hoc|iPhone.Build.0 = Debug|Any CPU
		{EC41149E-BFAD-4E49-B9A3-F0756744100B}.Ad-Hoc|iPhoneSimulator.ActiveCfg = Debug|Any CPU
		{EC41149E-BFAD-4E49-B9A3-F0756744100B}.Ad-Hoc|iPhoneSimulator.Build.0 = Debug|Any CPU
		{EC41149E-BFAD-4E49-B9A3-F0756744100B}.Ad-Hoc|x64.ActiveCfg = Debug|Any CPU
		{EC41149E-BFAD-4E49-B9A3-F0756744100B}.Ad-Hoc|x64.Build.0 = Debug|Any CPU
		{EC41149E-BFAD-4E49-B9A3-F0756744100B}.Ad-Hoc|x86.ActiveCfg = Debug|Any CPU
		{EC41149E-BFAD-4E49-B9A3-F0756744100B}.Ad-Hoc|x86.Build.0 = Debug|Any CPU
		{EC41149E-BFAD-4E49-B9A3-F0756744100B}.AppStore|Any CPU.ActiveCfg = Debug|Any CPU
		{EC41149E-BFAD-4E49-B9A3-F0756744100B}.AppStore|Any CPU.Build.0 = Debug|Any CPU
		{EC41149E-BFAD-4E49-B9A3-F0756744100B}.AppStore|ARM.ActiveCfg = Debug|Any CPU
		{EC41149E-BFAD-4E49-B9A3-F0756744100B}.AppStore|ARM.Build.0 = Debug|Any CPU
		{EC41149E-BFAD-4E49-B9A3-F0756744100B}.AppStore|iPhone.ActiveCfg = Debug|Any CPU
		{EC41149E-BFAD-4E49-B9A3-F0756744100B}.AppStore|iPhone.Build.0 = Debug|Any CPU
		{EC41149E-BFAD-4E49-B9A3-F0756744100B}.AppStore|iPhoneSimulator.ActiveCfg = Debug|Any CPU
		{EC41149E-BFAD-4E49-B9A3-F0756744100B}.AppStore|iPhoneSimulator.Build.0 = Debug|Any CPU
		{EC41149E-BFAD-4E49-B9A3-F0756744100B}.AppStore|x64.ActiveCfg = Debug|Any CPU
		{EC41149E-BFAD-4E49-B9A3-F0756744100B}.AppStore|x64.Build.0 = Debug|Any CPU
		{EC41149E-BFAD-4E49-B9A3-F0756744100B}.AppStore|x86.ActiveCfg = Debug|Any CPU
		{EC41149E-BFAD-4E49-B9A3-F0756744100B}.AppStore|x86.Build.0 = Debug|Any CPU
		{EC41149E-BFAD-4E49-B9A3-F0756744100B}.Debug|Any CPU.ActiveCfg = Debug|Any CPU
		{EC41149E-BFAD-4E49-B9A3-F0756744100B}.Debug|Any CPU.Build.0 = Debug|Any CPU
		{EC41149E-BFAD-4E49-B9A3-F0756744100B}.Debug|ARM.ActiveCfg = Debug|Any CPU
		{EC41149E-BFAD-4E49-B9A3-F0756744100B}.Debug|ARM.Build.0 = Debug|Any CPU
		{EC41149E-BFAD-4E49-B9A3-F0756744100B}.Debug|iPhone.ActiveCfg = Debug|Any CPU
		{EC41149E-BFAD-4E49-B9A3-F0756744100B}.Debug|iPhone.Build.0 = Debug|Any CPU
		{EC41149E-BFAD-4E49-B9A3-F0756744100B}.Debug|iPhoneSimulator.ActiveCfg = Debug|Any CPU
		{EC41149E-BFAD-4E49-B9A3-F0756744100B}.Debug|iPhoneSimulator.Build.0 = Debug|Any CPU
		{EC41149E-BFAD-4E49-B9A3-F0756744100B}.Debug|x64.ActiveCfg = Debug|Any CPU
		{EC41149E-BFAD-4E49-B9A3-F0756744100B}.Debug|x64.Build.0 = Debug|Any CPU
		{EC41149E-BFAD-4E49-B9A3-F0756744100B}.Debug|x86.ActiveCfg = Debug|Any CPU
		{EC41149E-BFAD-4E49-B9A3-F0756744100B}.Debug|x86.Build.0 = Debug|Any CPU
		{EC41149E-BFAD-4E49-B9A3-F0756744100B}.Release|Any CPU.ActiveCfg = Release|Any CPU
		{EC41149E-BFAD-4E49-B9A3-F0756744100B}.Release|Any CPU.Build.0 = Release|Any CPU
		{EC41149E-BFAD-4E49-B9A3-F0756744100B}.Release|ARM.ActiveCfg = Release|Any CPU
		{EC41149E-BFAD-4E49-B9A3-F0756744100B}.Release|ARM.Build.0 = Release|Any CPU
		{EC41149E-BFAD-4E49-B9A3-F0756744100B}.Release|iPhone.ActiveCfg = Release|Any CPU
		{EC41149E-BFAD-4E49-B9A3-F0756744100B}.Release|iPhone.Build.0 = Release|Any CPU
		{EC41149E-BFAD-4E49-B9A3-F0756744100B}.Release|iPhoneSimulator.ActiveCfg = Release|Any CPU
		{EC41149E-BFAD-4E49-B9A3-F0756744100B}.Release|iPhoneSimulator.Build.0 = Release|Any CPU
		{EC41149E-BFAD-4E49-B9A3-F0756744100B}.Release|x64.ActiveCfg = Release|Any CPU
		{EC41149E-BFAD-4E49-B9A3-F0756744100B}.Release|x64.Build.0 = Release|Any CPU
		{EC41149E-BFAD-4E49-B9A3-F0756744100B}.Release|x86.ActiveCfg = Release|Any CPU
		{EC41149E-BFAD-4E49-B9A3-F0756744100B}.Release|x86.Build.0 = Release|Any CPU
		{F449E29C-F6A5-4FD5-93E2-C3773409EAED}.Ad-Hoc|Any CPU.ActiveCfg = Debug|Any CPU
		{F449E29C-F6A5-4FD5-93E2-C3773409EAED}.Ad-Hoc|Any CPU.Build.0 = Debug|Any CPU
		{F449E29C-F6A5-4FD5-93E2-C3773409EAED}.Ad-Hoc|ARM.ActiveCfg = Debug|Any CPU
		{F449E29C-F6A5-4FD5-93E2-C3773409EAED}.Ad-Hoc|ARM.Build.0 = Debug|Any CPU
		{F449E29C-F6A5-4FD5-93E2-C3773409EAED}.Ad-Hoc|iPhone.ActiveCfg = Debug|Any CPU
		{F449E29C-F6A5-4FD5-93E2-C3773409EAED}.Ad-Hoc|iPhone.Build.0 = Debug|Any CPU
		{F449E29C-F6A5-4FD5-93E2-C3773409EAED}.Ad-Hoc|iPhoneSimulator.ActiveCfg = Debug|Any CPU
		{F449E29C-F6A5-4FD5-93E2-C3773409EAED}.Ad-Hoc|iPhoneSimulator.Build.0 = Debug|Any CPU
		{F449E29C-F6A5-4FD5-93E2-C3773409EAED}.Ad-Hoc|x64.ActiveCfg = Debug|Any CPU
		{F449E29C-F6A5-4FD5-93E2-C3773409EAED}.Ad-Hoc|x64.Build.0 = Debug|Any CPU
		{F449E29C-F6A5-4FD5-93E2-C3773409EAED}.Ad-Hoc|x86.ActiveCfg = Debug|Any CPU
		{F449E29C-F6A5-4FD5-93E2-C3773409EAED}.Ad-Hoc|x86.Build.0 = Debug|Any CPU
		{F449E29C-F6A5-4FD5-93E2-C3773409EAED}.AppStore|Any CPU.ActiveCfg = Debug|Any CPU
		{F449E29C-F6A5-4FD5-93E2-C3773409EAED}.AppStore|Any CPU.Build.0 = Debug|Any CPU
		{F449E29C-F6A5-4FD5-93E2-C3773409EAED}.AppStore|ARM.ActiveCfg = Debug|Any CPU
		{F449E29C-F6A5-4FD5-93E2-C3773409EAED}.AppStore|ARM.Build.0 = Debug|Any CPU
		{F449E29C-F6A5-4FD5-93E2-C3773409EAED}.AppStore|iPhone.ActiveCfg = Debug|Any CPU
		{F449E29C-F6A5-4FD5-93E2-C3773409EAED}.AppStore|iPhone.Build.0 = Debug|Any CPU
		{F449E29C-F6A5-4FD5-93E2-C3773409EAED}.AppStore|iPhoneSimulator.ActiveCfg = Debug|Any CPU
		{F449E29C-F6A5-4FD5-93E2-C3773409EAED}.AppStore|iPhoneSimulator.Build.0 = Debug|Any CPU
		{F449E29C-F6A5-4FD5-93E2-C3773409EAED}.AppStore|x64.ActiveCfg = Debug|Any CPU
		{F449E29C-F6A5-4FD5-93E2-C3773409EAED}.AppStore|x64.Build.0 = Debug|Any CPU
		{F449E29C-F6A5-4FD5-93E2-C3773409EAED}.AppStore|x86.ActiveCfg = Debug|Any CPU
		{F449E29C-F6A5-4FD5-93E2-C3773409EAED}.AppStore|x86.Build.0 = Debug|Any CPU
		{F449E29C-F6A5-4FD5-93E2-C3773409EAED}.Debug|Any CPU.ActiveCfg = Debug|Any CPU
		{F449E29C-F6A5-4FD5-93E2-C3773409EAED}.Debug|Any CPU.Build.0 = Debug|Any CPU
		{F449E29C-F6A5-4FD5-93E2-C3773409EAED}.Debug|ARM.ActiveCfg = Debug|Any CPU
		{F449E29C-F6A5-4FD5-93E2-C3773409EAED}.Debug|ARM.Build.0 = Debug|Any CPU
		{F449E29C-F6A5-4FD5-93E2-C3773409EAED}.Debug|iPhone.ActiveCfg = Debug|Any CPU
		{F449E29C-F6A5-4FD5-93E2-C3773409EAED}.Debug|iPhone.Build.0 = Debug|Any CPU
		{F449E29C-F6A5-4FD5-93E2-C3773409EAED}.Debug|iPhoneSimulator.ActiveCfg = Debug|Any CPU
		{F449E29C-F6A5-4FD5-93E2-C3773409EAED}.Debug|iPhoneSimulator.Build.0 = Debug|Any CPU
		{F449E29C-F6A5-4FD5-93E2-C3773409EAED}.Debug|x64.ActiveCfg = Debug|Any CPU
		{F449E29C-F6A5-4FD5-93E2-C3773409EAED}.Debug|x64.Build.0 = Debug|Any CPU
		{F449E29C-F6A5-4FD5-93E2-C3773409EAED}.Debug|x86.ActiveCfg = Debug|Any CPU
		{F449E29C-F6A5-4FD5-93E2-C3773409EAED}.Debug|x86.Build.0 = Debug|Any CPU
		{F449E29C-F6A5-4FD5-93E2-C3773409EAED}.Release|Any CPU.ActiveCfg = Release|Any CPU
		{F449E29C-F6A5-4FD5-93E2-C3773409EAED}.Release|Any CPU.Build.0 = Release|Any CPU
		{F449E29C-F6A5-4FD5-93E2-C3773409EAED}.Release|ARM.ActiveCfg = Release|Any CPU
		{F449E29C-F6A5-4FD5-93E2-C3773409EAED}.Release|ARM.Build.0 = Release|Any CPU
		{F449E29C-F6A5-4FD5-93E2-C3773409EAED}.Release|iPhone.ActiveCfg = Release|Any CPU
		{F449E29C-F6A5-4FD5-93E2-C3773409EAED}.Release|iPhone.Build.0 = Release|Any CPU
		{F449E29C-F6A5-4FD5-93E2-C3773409EAED}.Release|iPhoneSimulator.ActiveCfg = Release|Any CPU
		{F449E29C-F6A5-4FD5-93E2-C3773409EAED}.Release|iPhoneSimulator.Build.0 = Release|Any CPU
		{F449E29C-F6A5-4FD5-93E2-C3773409EAED}.Release|x64.ActiveCfg = Release|Any CPU
		{F449E29C-F6A5-4FD5-93E2-C3773409EAED}.Release|x64.Build.0 = Release|Any CPU
		{F449E29C-F6A5-4FD5-93E2-C3773409EAED}.Release|x86.ActiveCfg = Release|Any CPU
		{F449E29C-F6A5-4FD5-93E2-C3773409EAED}.Release|x86.Build.0 = Release|Any CPU
		{A1876241-172D-47FF-A744-BECEA76A666C}.Ad-Hoc|Any CPU.ActiveCfg = Debug|Any CPU
		{A1876241-172D-47FF-A744-BECEA76A666C}.Ad-Hoc|Any CPU.Build.0 = Debug|Any CPU
		{A1876241-172D-47FF-A744-BECEA76A666C}.Ad-Hoc|ARM.ActiveCfg = Debug|Any CPU
		{A1876241-172D-47FF-A744-BECEA76A666C}.Ad-Hoc|ARM.Build.0 = Debug|Any CPU
		{A1876241-172D-47FF-A744-BECEA76A666C}.Ad-Hoc|iPhone.ActiveCfg = Debug|Any CPU
		{A1876241-172D-47FF-A744-BECEA76A666C}.Ad-Hoc|iPhone.Build.0 = Debug|Any CPU
		{A1876241-172D-47FF-A744-BECEA76A666C}.Ad-Hoc|iPhoneSimulator.ActiveCfg = Debug|Any CPU
		{A1876241-172D-47FF-A744-BECEA76A666C}.Ad-Hoc|iPhoneSimulator.Build.0 = Debug|Any CPU
		{A1876241-172D-47FF-A744-BECEA76A666C}.Ad-Hoc|x64.ActiveCfg = Debug|Any CPU
		{A1876241-172D-47FF-A744-BECEA76A666C}.Ad-Hoc|x64.Build.0 = Debug|Any CPU
		{A1876241-172D-47FF-A744-BECEA76A666C}.Ad-Hoc|x86.ActiveCfg = Debug|Any CPU
		{A1876241-172D-47FF-A744-BECEA76A666C}.Ad-Hoc|x86.Build.0 = Debug|Any CPU
		{A1876241-172D-47FF-A744-BECEA76A666C}.AppStore|Any CPU.ActiveCfg = Debug|Any CPU
		{A1876241-172D-47FF-A744-BECEA76A666C}.AppStore|Any CPU.Build.0 = Debug|Any CPU
		{A1876241-172D-47FF-A744-BECEA76A666C}.AppStore|ARM.ActiveCfg = Debug|Any CPU
		{A1876241-172D-47FF-A744-BECEA76A666C}.AppStore|ARM.Build.0 = Debug|Any CPU
		{A1876241-172D-47FF-A744-BECEA76A666C}.AppStore|iPhone.ActiveCfg = Debug|Any CPU
		{A1876241-172D-47FF-A744-BECEA76A666C}.AppStore|iPhone.Build.0 = Debug|Any CPU
		{A1876241-172D-47FF-A744-BECEA76A666C}.AppStore|iPhoneSimulator.ActiveCfg = Debug|Any CPU
		{A1876241-172D-47FF-A744-BECEA76A666C}.AppStore|iPhoneSimulator.Build.0 = Debug|Any CPU
		{A1876241-172D-47FF-A744-BECEA76A666C}.AppStore|x64.ActiveCfg = Debug|Any CPU
		{A1876241-172D-47FF-A744-BECEA76A666C}.AppStore|x64.Build.0 = Debug|Any CPU
		{A1876241-172D-47FF-A744-BECEA76A666C}.AppStore|x86.ActiveCfg = Debug|Any CPU
		{A1876241-172D-47FF-A744-BECEA76A666C}.AppStore|x86.Build.0 = Debug|Any CPU
		{A1876241-172D-47FF-A744-BECEA76A666C}.Debug|Any CPU.ActiveCfg = Debug|Any CPU
		{A1876241-172D-47FF-A744-BECEA76A666C}.Debug|Any CPU.Build.0 = Debug|Any CPU
		{A1876241-172D-47FF-A744-BECEA76A666C}.Debug|ARM.ActiveCfg = Debug|Any CPU
		{A1876241-172D-47FF-A744-BECEA76A666C}.Debug|ARM.Build.0 = Debug|Any CPU
		{A1876241-172D-47FF-A744-BECEA76A666C}.Debug|iPhone.ActiveCfg = Debug|Any CPU
		{A1876241-172D-47FF-A744-BECEA76A666C}.Debug|iPhone.Build.0 = Debug|Any CPU
		{A1876241-172D-47FF-A744-BECEA76A666C}.Debug|iPhoneSimulator.ActiveCfg = Debug|Any CPU
		{A1876241-172D-47FF-A744-BECEA76A666C}.Debug|iPhoneSimulator.Build.0 = Debug|Any CPU
		{A1876241-172D-47FF-A744-BECEA76A666C}.Debug|x64.ActiveCfg = Debug|Any CPU
		{A1876241-172D-47FF-A744-BECEA76A666C}.Debug|x64.Build.0 = Debug|Any CPU
		{A1876241-172D-47FF-A744-BECEA76A666C}.Debug|x86.ActiveCfg = Debug|Any CPU
		{A1876241-172D-47FF-A744-BECEA76A666C}.Debug|x86.Build.0 = Debug|Any CPU
		{A1876241-172D-47FF-A744-BECEA76A666C}.Release|Any CPU.ActiveCfg = Release|Any CPU
		{A1876241-172D-47FF-A744-BECEA76A666C}.Release|Any CPU.Build.0 = Release|Any CPU
		{A1876241-172D-47FF-A744-BECEA76A666C}.Release|ARM.ActiveCfg = Release|Any CPU
		{A1876241-172D-47FF-A744-BECEA76A666C}.Release|ARM.Build.0 = Release|Any CPU
		{A1876241-172D-47FF-A744-BECEA76A666C}.Release|iPhone.ActiveCfg = Release|Any CPU
		{A1876241-172D-47FF-A744-BECEA76A666C}.Release|iPhone.Build.0 = Release|Any CPU
		{A1876241-172D-47FF-A744-BECEA76A666C}.Release|iPhoneSimulator.ActiveCfg = Release|Any CPU
		{A1876241-172D-47FF-A744-BECEA76A666C}.Release|iPhoneSimulator.Build.0 = Release|Any CPU
		{A1876241-172D-47FF-A744-BECEA76A666C}.Release|x64.ActiveCfg = Release|Any CPU
		{A1876241-172D-47FF-A744-BECEA76A666C}.Release|x64.Build.0 = Release|Any CPU
		{A1876241-172D-47FF-A744-BECEA76A666C}.Release|x86.ActiveCfg = Release|Any CPU
		{A1876241-172D-47FF-A744-BECEA76A666C}.Release|x86.Build.0 = Release|Any CPU
		{A1E63238-0940-499D-B506-7283F30F491B}.Ad-Hoc|Any CPU.ActiveCfg = Debug|Any CPU
		{A1E63238-0940-499D-B506-7283F30F491B}.Ad-Hoc|Any CPU.Build.0 = Debug|Any CPU
		{A1E63238-0940-499D-B506-7283F30F491B}.Ad-Hoc|ARM.ActiveCfg = Debug|Any CPU
		{A1E63238-0940-499D-B506-7283F30F491B}.Ad-Hoc|ARM.Build.0 = Debug|Any CPU
		{A1E63238-0940-499D-B506-7283F30F491B}.Ad-Hoc|iPhone.ActiveCfg = Debug|Any CPU
		{A1E63238-0940-499D-B506-7283F30F491B}.Ad-Hoc|iPhone.Build.0 = Debug|Any CPU
		{A1E63238-0940-499D-B506-7283F30F491B}.Ad-Hoc|iPhoneSimulator.ActiveCfg = Debug|Any CPU
		{A1E63238-0940-499D-B506-7283F30F491B}.Ad-Hoc|iPhoneSimulator.Build.0 = Debug|Any CPU
		{A1E63238-0940-499D-B506-7283F30F491B}.Ad-Hoc|x64.ActiveCfg = Debug|Any CPU
		{A1E63238-0940-499D-B506-7283F30F491B}.Ad-Hoc|x64.Build.0 = Debug|Any CPU
		{A1E63238-0940-499D-B506-7283F30F491B}.Ad-Hoc|x86.ActiveCfg = Debug|Any CPU
		{A1E63238-0940-499D-B506-7283F30F491B}.Ad-Hoc|x86.Build.0 = Debug|Any CPU
		{A1E63238-0940-499D-B506-7283F30F491B}.AppStore|Any CPU.ActiveCfg = Debug|Any CPU
		{A1E63238-0940-499D-B506-7283F30F491B}.AppStore|Any CPU.Build.0 = Debug|Any CPU
		{A1E63238-0940-499D-B506-7283F30F491B}.AppStore|ARM.ActiveCfg = Debug|Any CPU
		{A1E63238-0940-499D-B506-7283F30F491B}.AppStore|ARM.Build.0 = Debug|Any CPU
		{A1E63238-0940-499D-B506-7283F30F491B}.AppStore|iPhone.ActiveCfg = Debug|Any CPU
		{A1E63238-0940-499D-B506-7283F30F491B}.AppStore|iPhone.Build.0 = Debug|Any CPU
		{A1E63238-0940-499D-B506-7283F30F491B}.AppStore|iPhoneSimulator.ActiveCfg = Debug|Any CPU
		{A1E63238-0940-499D-B506-7283F30F491B}.AppStore|iPhoneSimulator.Build.0 = Debug|Any CPU
		{A1E63238-0940-499D-B506-7283F30F491B}.AppStore|x64.ActiveCfg = Debug|Any CPU
		{A1E63238-0940-499D-B506-7283F30F491B}.AppStore|x64.Build.0 = Debug|Any CPU
		{A1E63238-0940-499D-B506-7283F30F491B}.AppStore|x86.ActiveCfg = Debug|Any CPU
		{A1E63238-0940-499D-B506-7283F30F491B}.AppStore|x86.Build.0 = Debug|Any CPU
		{A1E63238-0940-499D-B506-7283F30F491B}.Debug|Any CPU.ActiveCfg = Debug|Any CPU
		{A1E63238-0940-499D-B506-7283F30F491B}.Debug|Any CPU.Build.0 = Debug|Any CPU
		{A1E63238-0940-499D-B506-7283F30F491B}.Debug|ARM.ActiveCfg = Debug|Any CPU
		{A1E63238-0940-499D-B506-7283F30F491B}.Debug|ARM.Build.0 = Debug|Any CPU
		{A1E63238-0940-499D-B506-7283F30F491B}.Debug|iPhone.ActiveCfg = Debug|Any CPU
		{A1E63238-0940-499D-B506-7283F30F491B}.Debug|iPhone.Build.0 = Debug|Any CPU
		{A1E63238-0940-499D-B506-7283F30F491B}.Debug|iPhoneSimulator.ActiveCfg = Debug|Any CPU
		{A1E63238-0940-499D-B506-7283F30F491B}.Debug|iPhoneSimulator.Build.0 = Debug|Any CPU
		{A1E63238-0940-499D-B506-7283F30F491B}.Debug|x64.ActiveCfg = Debug|Any CPU
		{A1E63238-0940-499D-B506-7283F30F491B}.Debug|x64.Build.0 = Debug|Any CPU
		{A1E63238-0940-499D-B506-7283F30F491B}.Debug|x86.ActiveCfg = Debug|Any CPU
		{A1E63238-0940-499D-B506-7283F30F491B}.Debug|x86.Build.0 = Debug|Any CPU
		{A1E63238-0940-499D-B506-7283F30F491B}.Release|Any CPU.ActiveCfg = Release|Any CPU
		{A1E63238-0940-499D-B506-7283F30F491B}.Release|Any CPU.Build.0 = Release|Any CPU
		{A1E63238-0940-499D-B506-7283F30F491B}.Release|ARM.ActiveCfg = Release|Any CPU
		{A1E63238-0940-499D-B506-7283F30F491B}.Release|ARM.Build.0 = Release|Any CPU
		{A1E63238-0940-499D-B506-7283F30F491B}.Release|iPhone.ActiveCfg = Release|Any CPU
		{A1E63238-0940-499D-B506-7283F30F491B}.Release|iPhone.Build.0 = Release|Any CPU
		{A1E63238-0940-499D-B506-7283F30F491B}.Release|iPhoneSimulator.ActiveCfg = Release|Any CPU
		{A1E63238-0940-499D-B506-7283F30F491B}.Release|iPhoneSimulator.Build.0 = Release|Any CPU
		{A1E63238-0940-499D-B506-7283F30F491B}.Release|x64.ActiveCfg = Release|Any CPU
		{A1E63238-0940-499D-B506-7283F30F491B}.Release|x64.Build.0 = Release|Any CPU
		{A1E63238-0940-499D-B506-7283F30F491B}.Release|x86.ActiveCfg = Release|Any CPU
		{A1E63238-0940-499D-B506-7283F30F491B}.Release|x86.Build.0 = Release|Any CPU
		{33AF726E-0271-4094-833A-63C349B6905D}.Ad-Hoc|Any CPU.ActiveCfg = Debug|Any CPU
		{33AF726E-0271-4094-833A-63C349B6905D}.Ad-Hoc|Any CPU.Build.0 = Debug|Any CPU
		{33AF726E-0271-4094-833A-63C349B6905D}.Ad-Hoc|ARM.ActiveCfg = Debug|Any CPU
		{33AF726E-0271-4094-833A-63C349B6905D}.Ad-Hoc|ARM.Build.0 = Debug|Any CPU
		{33AF726E-0271-4094-833A-63C349B6905D}.Ad-Hoc|iPhone.ActiveCfg = Debug|Any CPU
		{33AF726E-0271-4094-833A-63C349B6905D}.Ad-Hoc|iPhone.Build.0 = Debug|Any CPU
		{33AF726E-0271-4094-833A-63C349B6905D}.Ad-Hoc|iPhoneSimulator.ActiveCfg = Debug|Any CPU
		{33AF726E-0271-4094-833A-63C349B6905D}.Ad-Hoc|iPhoneSimulator.Build.0 = Debug|Any CPU
		{33AF726E-0271-4094-833A-63C349B6905D}.Ad-Hoc|x64.ActiveCfg = Debug|Any CPU
		{33AF726E-0271-4094-833A-63C349B6905D}.Ad-Hoc|x64.Build.0 = Debug|Any CPU
		{33AF726E-0271-4094-833A-63C349B6905D}.Ad-Hoc|x86.ActiveCfg = Debug|Any CPU
		{33AF726E-0271-4094-833A-63C349B6905D}.Ad-Hoc|x86.Build.0 = Debug|Any CPU
		{33AF726E-0271-4094-833A-63C349B6905D}.AppStore|Any CPU.ActiveCfg = Debug|Any CPU
		{33AF726E-0271-4094-833A-63C349B6905D}.AppStore|Any CPU.Build.0 = Debug|Any CPU
		{33AF726E-0271-4094-833A-63C349B6905D}.AppStore|ARM.ActiveCfg = Debug|Any CPU
		{33AF726E-0271-4094-833A-63C349B6905D}.AppStore|ARM.Build.0 = Debug|Any CPU
		{33AF726E-0271-4094-833A-63C349B6905D}.AppStore|iPhone.ActiveCfg = Debug|Any CPU
		{33AF726E-0271-4094-833A-63C349B6905D}.AppStore|iPhone.Build.0 = Debug|Any CPU
		{33AF726E-0271-4094-833A-63C349B6905D}.AppStore|iPhoneSimulator.ActiveCfg = Debug|Any CPU
		{33AF726E-0271-4094-833A-63C349B6905D}.AppStore|iPhoneSimulator.Build.0 = Debug|Any CPU
		{33AF726E-0271-4094-833A-63C349B6905D}.AppStore|x64.ActiveCfg = Debug|Any CPU
		{33AF726E-0271-4094-833A-63C349B6905D}.AppStore|x64.Build.0 = Debug|Any CPU
		{33AF726E-0271-4094-833A-63C349B6905D}.AppStore|x86.ActiveCfg = Debug|Any CPU
		{33AF726E-0271-4094-833A-63C349B6905D}.AppStore|x86.Build.0 = Debug|Any CPU
		{33AF726E-0271-4094-833A-63C349B6905D}.Debug|Any CPU.ActiveCfg = Debug|Any CPU
		{33AF726E-0271-4094-833A-63C349B6905D}.Debug|Any CPU.Build.0 = Debug|Any CPU
		{33AF726E-0271-4094-833A-63C349B6905D}.Debug|ARM.ActiveCfg = Debug|Any CPU
		{33AF726E-0271-4094-833A-63C349B6905D}.Debug|ARM.Build.0 = Debug|Any CPU
		{33AF726E-0271-4094-833A-63C349B6905D}.Debug|iPhone.ActiveCfg = Debug|Any CPU
		{33AF726E-0271-4094-833A-63C349B6905D}.Debug|iPhone.Build.0 = Debug|Any CPU
		{33AF726E-0271-4094-833A-63C349B6905D}.Debug|iPhoneSimulator.ActiveCfg = Debug|Any CPU
		{33AF726E-0271-4094-833A-63C349B6905D}.Debug|iPhoneSimulator.Build.0 = Debug|Any CPU
		{33AF726E-0271-4094-833A-63C349B6905D}.Debug|x64.ActiveCfg = Debug|Any CPU
		{33AF726E-0271-4094-833A-63C349B6905D}.Debug|x64.Build.0 = Debug|Any CPU
		{33AF726E-0271-4094-833A-63C349B6905D}.Debug|x86.ActiveCfg = Debug|Any CPU
		{33AF726E-0271-4094-833A-63C349B6905D}.Debug|x86.Build.0 = Debug|Any CPU
		{33AF726E-0271-4094-833A-63C349B6905D}.Release|Any CPU.ActiveCfg = Release|Any CPU
		{33AF726E-0271-4094-833A-63C349B6905D}.Release|Any CPU.Build.0 = Release|Any CPU
		{33AF726E-0271-4094-833A-63C349B6905D}.Release|ARM.ActiveCfg = Release|Any CPU
		{33AF726E-0271-4094-833A-63C349B6905D}.Release|ARM.Build.0 = Release|Any CPU
		{33AF726E-0271-4094-833A-63C349B6905D}.Release|iPhone.ActiveCfg = Release|Any CPU
		{33AF726E-0271-4094-833A-63C349B6905D}.Release|iPhone.Build.0 = Release|Any CPU
		{33AF726E-0271-4094-833A-63C349B6905D}.Release|iPhoneSimulator.ActiveCfg = Release|Any CPU
		{33AF726E-0271-4094-833A-63C349B6905D}.Release|iPhoneSimulator.Build.0 = Release|Any CPU
		{33AF726E-0271-4094-833A-63C349B6905D}.Release|x64.ActiveCfg = Release|Any CPU
		{33AF726E-0271-4094-833A-63C349B6905D}.Release|x64.Build.0 = Release|Any CPU
		{33AF726E-0271-4094-833A-63C349B6905D}.Release|x86.ActiveCfg = Release|Any CPU
		{33AF726E-0271-4094-833A-63C349B6905D}.Release|x86.Build.0 = Release|Any CPU
	EndGlobalSection
	GlobalSection(SolutionProperties) = preSolution
		HideSolutionNode = FALSE
	EndGlobalSection
	GlobalSection(NestedProjects) = preSolution
		{1FD1A747-4A58-459E-8EAC-D089CCBE4860} = {2A7F00C7-96AB-483B-B6F8-B2E906A210A3}
		{709B5FC7-3E3F-4AFC-B5CC-0360BD851A81} = {2A7F00C7-96AB-483B-B6F8-B2E906A210A3}
		{11D49925-E55B-482D-940A-514CC2FD5AF7} = {C9094FAB-FB0D-47B4-A4E2-63C04FE83B9B}
		{71BDB64E-AA70-4336-99F6-17040D7E7F26} = {1FD1A747-4A58-459E-8EAC-D089CCBE4860}
		{F58745A1-2363-477E-AD36-2D9FBBAE5E26} = {C9094FAB-FB0D-47B4-A4E2-63C04FE83B9B}
		{5C773608-DDD3-460C-8056-36800D66543B} = {C9094FAB-FB0D-47B4-A4E2-63C04FE83B9B}
		{38E85D02-9A46-4BEE-90D1-345282C3D346} = {C9094FAB-FB0D-47B4-A4E2-63C04FE83B9B}
		{DF00DB8D-A29D-4D92-B38C-35DEFD632445} = {C9094FAB-FB0D-47B4-A4E2-63C04FE83B9B}
		{4BE3EC72-17A7-49C6-A5F3-AF3CA7945F75} = {C9094FAB-FB0D-47B4-A4E2-63C04FE83B9B}
		{C9094FAB-FB0D-47B4-A4E2-63C04FE83B9B} = {80F78AEA-F870-4B42-996C-859FE6D635EC}
		{EC41149E-BFAD-4E49-B9A3-F0756744100B} = {1FD1A747-4A58-459E-8EAC-D089CCBE4860}
		{F449E29C-F6A5-4FD5-93E2-C3773409EAED} = {C9094FAB-FB0D-47B4-A4E2-63C04FE83B9B}
		{A1876241-172D-47FF-A744-BECEA76A666C} = {C9094FAB-FB0D-47B4-A4E2-63C04FE83B9B}
		{A1E63238-0940-499D-B506-7283F30F491B} = {C9094FAB-FB0D-47B4-A4E2-63C04FE83B9B}
		{33AF726E-0271-4094-833A-63C349B6905D} = {1FD1A747-4A58-459E-8EAC-D089CCBE4860}
	EndGlobalSection
	GlobalSection(ExtensibilityGlobals) = postSolution
		SolutionGuid = {137D0DC4-121C-4ACE-9FEF-64AF29E88458}
	EndGlobalSection
EndGlobal
